{
  "version": 4,
  "terraform_version": "1.15.6",
  "serial": 1432,
  "lineage": "da69ab9f-cbbe-590a-6418-8c037c513d85",
  "outputs": {
    "alb_dns": {
      "value": "learner-dev-alb-245898466.ap-south-1.elb.amazonaws.com",
      "type": "string"
    },
    "aws_region": {
      "value": "ap-south-1",
      "type": "string"
    },
    "cluster_name": {
      "value": "learner-dev-cluster",
      "type": "string"
    },
    "db_endpoint": {
      "value": "learner-dev-postgres.ch8qo6ky0818.ap-south-1.rds.amazonaws.com",
      "type": "string"
    },
    "db_secret_arn": {
      "value": "arn:aws:secretsmanager:ap-south-1:264595824735:secret:rds!db-bd8dcaa6-4bed-4f07-a0a1-701ed09a6dc0-b5dDLM",
      "type": "string"
    },
    "ecr_repository_url": {
      "value": "264595824735.dkr.ecr.ap-south-1.amazonaws.com/learner/backend",
      "type": "string"
    },
    "eip": {
      "value": "eipalloc-0b41d34b36a76e291",
      "type": "string"
    },
    "github_deploy_role_arn": {
      "value": "arn:aws:iam::264595824735:role/learner-dev-github-deploy",
      "type": "string"
    },
    "igw_id": {
      "value": "igw-03baa095a6cb0d67d",
      "type": "string"
    },
    "migration_task_family": {
      "value": "learner-dev-migration",
      "type": "string"
    },
    "private_subnet_ids": {
      "value": {
        "private_a": "subnet-00ab14c27823d0127",
        "private_b": "subnet-02d8c086dbba8ac86"
      },
      "type": [
        "object",
        {
          "private_a": "string",
          "private_b": "string"
        }
      ]
    },
    "public_subnet_ids": {
      "value": {
        "public_a": "subnet-039b3975fc4665d0a",
        "public_b": "subnet-0f06629ee138bb0ee"
      },
      "type": [
        "object",
        {
          "public_a": "string",
          "public_b": "string"
        }
      ]
    },
    "redis_endpoint": {
      "value": "learner-dev-redis.u3ljq1.0001.aps1.cache.amazonaws.com",
      "type": "string"
    },
    "s3_env_url": {
      "value": "arn:aws:s3:::learner-dev-env-files",
      "type": "string"
    },
    "service_name": {
      "value": "learner-dev-service",
      "type": "string"
    },
    "task_sg_id": {
      "value": "sg-013918bdf1fc183c6",
      "type": "string"
    },
    "vpc_id": {
      "value": "vpc-09649eba0d62041ce",
      "type": "string"
    },
    "web_task_family": {
      "value": "learner-dev-web",
      "type": "string"
    }
  },
  "resources": [
    {
      "mode": "data",
      "type": "aws_ami",
      "name": "amazon_linux",
      "provider": "provider[\"registry.terraform.io/hashicorp/aws\"]",
      "instances": [
        {
          "schema_version": 0,
          "attributes": {
            "allow_unsafe_filter": null,
            "architecture": "x86_64",
            "arn": "arn:aws:ec2:ap-south-1::image/ami-010fd7643585f99f9",
            "block_device_mappings": [
              {
                "device_name": "/dev/xvda",
                "ebs": {
                  "delete_on_termination": "true",
                  "encrypted": "false",
                  "iops": "3000",
                  "snapshot_id": "snap-01c5cc0a4e6d8112b",
                  "throughput": "125",
                  "volume_initialization_rate": "0",
                  "volume_size": "2",
                  "volume_type": "gp3"
                },
                "no_device": "",
                "virtual_name": ""
              }
            ],
            "boot_mode": "uefi-preferred",
            "creation_date": "2026-06-26T20:58:39.000Z",
            "deprecation_time": "2026-09-24T23:34:00.000Z",
            "description": "Amazon Linux 2023 AMI 2023.12.20260629.0 x86_64 Minimal HVM kernel-6.18",
            "ena_support": true,
            "executable_users": null,
            "filter": [
              {
                "name": "name",
                "values": [
                  "al2023-ami-*-x86_64"
                ]
              }
            ],
            "hypervisor": "xen",
            "id": "ami-010fd7643585f99f9",
            "image_id": "ami-010fd7643585f99f9",
            "image_location": "amazon/al2023-ami-minimal-2023.12.20260629.0-kernel-6.18-x86_64",
            "image_owner_alias": "amazon",
            "image_type": "machine",
            "imds_support": "v2.0",
            "include_deprecated": false,
            "kernel_id": "",
            "last_launched_time": "",
            "most_recent": true,
            "name": "al2023-ami-minimal-2023.12.20260629.0-kernel-6.18-x86_64",
            "name_regex": null,
            "owner_id": "137112412989",
            "owners": [
              "amazon"
            ],
            "platform": "",
            "platform_details": "Linux/UNIX",
            "product_codes": [],
            "public": true,
            "ramdisk_id": "",
            "region": "ap-south-1",
            "root_device_name": "/dev/xvda",
            "root_device_type": "ebs",
            "root_snapshot_id": "snap-01c5cc0a4e6d8112b",
            "sriov_net_support": "simple",
            "state": "available",
            "state_reason": {
              "code": "UNSET",
              "message": "UNSET"
            },
            "tags": {},
            "timeouts": null,
            "tpm_support": "",
            "uefi_data": null,
            "usage_operation": "RunInstances",
            "virtualization_type": "hvm"
          },
          "sensitive_attributes": [],
          "identity_schema_version": 0
        }
      ]
    },
    {
      "mode": "managed",
      "type": "aws_alb_target_group",
      "name": "server",
      "provider": "provider[\"registry.terraform.io/hashicorp/aws\"]",
      "instances": [
        {
          "schema_version": 0,
          "attributes": {
            "arn": "arn:aws:elasticloadbalancing:ap-south-1:264595824735:targetgroup/learner-dev-tg/0f9669c1cc07c89c",
            "arn_suffix": "targetgroup/learner-dev-tg/0f9669c1cc07c89c",
            "connection_termination": null,
            "deregistration_delay": "300",
            "health_check": [
              {
                "enabled": true,
                "healthy_threshold": 2,
                "interval": 30,
                "matcher": "200",
                "path": "/health",
                "port": "traffic-port",
                "protocol": "HTTP",
                "timeout": 5,
                "unhealthy_threshold": 2
              }
            ],
            "id": "arn:aws:elasticloadbalancing:ap-south-1:264595824735:targetgroup/learner-dev-tg/0f9669c1cc07c89c",
            "ip_address_type": "ipv4",
            "lambda_multi_value_headers_enabled": false,
            "load_balancer_arns": [
              "arn:aws:elasticloadbalancing:ap-south-1:264595824735:loadbalancer/app/learner-dev-alb/ef2bf25f21c70bda"
            ],
            "load_balancing_algorithm_type": "round_robin",
            "load_balancing_anomaly_mitigation": "off",
            "load_balancing_cross_zone_enabled": "use_load_balancer_configuration",
            "name": "learner-dev-tg",
            "name_prefix": "",
            "port": 8000,
            "preserve_client_ip": null,
            "protocol": "HTTP",
            "protocol_version": "HTTP1",
            "proxy_protocol_v2": false,
            "region": "ap-south-1",
            "slow_start": 0,
            "stickiness": [
              {
                "cookie_duration": 86400,
                "cookie_name": "",
                "enabled": false,
                "type": "lb_cookie"
              }
            ],
            "tags": {
              "Environment": "dev",
              "Managed_by": "Terraform",
              "Name": "learner-dev-tg",
              "Project": "learner"
            },
            "tags_all": {
              "Environment": "dev",
              "Managed_by": "Terraform",
              "Name": "learner-dev-tg",
              "Project": "learner"
            },
            "target_control_port": 0,
            "target_failover": [
              {
                "on_deregistration": null,
                "on_unhealthy": null
              }
            ],
            "target_group_health": [
              {
                "dns_failover": [
                  {
                    "minimum_healthy_targets_count": "1",
                    "minimum_healthy_targets_percentage": "off"
                  }
                ],
                "unhealthy_state_routing": [
                  {
                    "minimum_healthy_targets_count": 1,
                    "minimum_healthy_targets_percentage": "off"
                  }
                ]
              }
            ],
            "target_health_state": [
              {
                "enable_unhealthy_connection_termination": null,
                "unhealthy_draining_interval": null
              }
            ],
            "target_type": "ip",
            "vpc_id": "vpc-09649eba0d62041ce"
          },
          "sensitive_attributes": [],
          "identity_schema_version": 0,
          "identity": {
            "arn": "arn:aws:elasticloadbalancing:ap-south-1:264595824735:targetgroup/learner-dev-tg/0f9669c1cc07c89c"
          },
          "private": "bnVsbA==",
          "dependencies": [
            "aws_vpc.main"
          ]
        }
      ]
    },
    {
      "mode": "managed",
      "type": "aws_appautoscaling_policy",
      "name": "celery_cpu",
      "provider": "provider[\"registry.terraform.io/hashicorp/aws\"]",
      "instances": [
        {
          "schema_version": 0,
          "attributes": {
            "alarm_arns": [
              "arn:aws:cloudwatch:ap-south-1:264595824735:alarm:TargetTracking-service/learner-dev-cluster/learner-dev-celery-service-AlarmHigh-51ea3528-355e-476b-8eb3-d2a43c476d6d",
              "arn:aws:cloudwatch:ap-south-1:264595824735:alarm:TargetTracking-service/learner-dev-cluster/learner-dev-celery-service-AlarmLow-314b5097-b29a-4dc8-bb80-794eb51e444a"
            ],
            "arn": "arn:aws:autoscaling:ap-south-1:264595824735:scalingPolicy:aa3d57cd-1ff9-4c9a-9968-4d20692dcadf:resource/ecs/service/learner-dev-cluster/learner-dev-celery-service:policyName/learner-dev-celery-cpu-scaling",
            "id": "learner-dev-celery-cpu-scaling",
            "name": "learner-dev-celery-cpu-scaling",
            "policy_type": "TargetTrackingScaling",
            "predictive_scaling_policy_configuration": [],
            "region": "ap-south-1",
            "resource_id": "service/learner-dev-cluster/learner-dev-celery-service",
            "scalable_dimension": "ecs:service:DesiredCount",
            "service_namespace": "ecs",
            "step_scaling_policy_configuration": [],
            "target_tracking_scaling_policy_configuration": [
              {
                "customized_metric_specification": [],
                "disable_scale_in": false,
                "predefined_metric_specification": [
                  {
                    "predefined_metric_type": "ECSServiceAverageCPUUtilization",
                    "resource_label": ""
                  }
                ],
                "scale_in_cooldown": 0,
                "scale_out_cooldown": 0,
                "target_value": 70
              }
            ]
          },
          "sensitive_attributes": [],
          "identity_schema_version": 0,
          "identity": {
            "account_id": "264595824735",
            "name": "learner-dev-celery-cpu-scaling",
            "region": "ap-south-1",
            "resource_id": "service/learner-dev-cluster/learner-dev-celery-service",
            "scalable_dimension": "ecs:service:DesiredCount",
            "service_namespace": "ecs"
          },
          "private": "bnVsbA==",
          "dependencies": [
            "aws_appautoscaling_target.ecs_celery",
            "aws_autoscaling_group.ecs_celery",
            "aws_cloudwatch_log_group.celery",
            "aws_db_instance.postgres",
            "aws_db_subnet_group.main",
            "aws_ecr_repository.web",
            "aws_ecs_capacity_provider.celery",
            "aws_ecs_cluster.main",
            "aws_ecs_service.celery",
            "aws_ecs_task_definition.celery",
            "aws_eip.nat",
            "aws_iam_instance_profile.ecs_instance",
            "aws_iam_role.ecs_instance",
            "aws_iam_role.ecs_task_execution_role",
            "aws_iam_role.ecs_task_role",
            "aws_internet_gateway.main",
            "aws_launch_template.ecs",
            "aws_nat_gateway.main",
            "aws_route_table.private",
            "aws_route_table_association.private",
            "aws_s3_bucket.env_files",
            "aws_security_group.db",
            "aws_security_group.ecs_instance",
            "aws_security_group.web_task",
            "aws_subnet.private",
            "aws_subnet.public",
            "aws_vpc.main",
            "data.aws_ami.amazon_linux"
          ]
        }
      ]
    },
    {
      "mode": "managed",
      "type": "aws_appautoscaling_policy",
      "name": "cpu",
      "provider": "provider[\"registry.terraform.io/hashicorp/aws\"]",
      "instances": [
        {
          "schema_version": 0,
          "attributes": {
            "alarm_arns": [
              "arn:aws:cloudwatch:ap-south-1:264595824735:alarm:TargetTracking-service/learner-dev-cluster/learner-dev-service-AlarmHigh-e5c40754-aa04-4b22-bbba-1875b927274b",
              "arn:aws:cloudwatch:ap-south-1:264595824735:alarm:TargetTracking-service/learner-dev-cluster/learner-dev-service-AlarmLow-2c21c73b-860e-4028-9c7b-f0ee7333fdfa"
            ],
            "arn": "arn:aws:autoscaling:ap-south-1:264595824735:scalingPolicy:004d33c1-4514-4a8f-bbc0-16c5c5c4cade:resource/ecs/service/learner-dev-cluster/learner-dev-service:policyName/learner-dev-cpu-scaling",
            "id": "learner-dev-cpu-scaling",
            "name": "learner-dev-cpu-scaling",
            "policy_type": "TargetTrackingScaling",
            "predictive_scaling_policy_configuration": [],
            "region": "ap-south-1",
            "resource_id": "service/learner-dev-cluster/learner-dev-service",
            "scalable_dimension": "ecs:service:DesiredCount",
            "service_namespace": "ecs",
            "step_scaling_policy_configuration": [],
            "target_tracking_scaling_policy_configuration": [
              {
                "customized_metric_specification": [],
                "disable_scale_in": false,
                "predefined_metric_specification": [
                  {
                    "predefined_metric_type": "ECSServiceAverageCPUUtilization",
                    "resource_label": ""
                  }
                ],
                "scale_in_cooldown": 0,
                "scale_out_cooldown": 0,
                "target_value": 70
              }
            ]
          },
          "sensitive_attributes": [],
          "identity_schema_version": 0,
          "identity": {
            "account_id": "264595824735",
            "name": "learner-dev-cpu-scaling",
            "region": "ap-south-1",
            "resource_id": "service/learner-dev-cluster/learner-dev-service",
            "scalable_dimension": "ecs:service:DesiredCount",
            "service_namespace": "ecs"
          },
          "private": "bnVsbA==",
          "dependencies": [
            "aws_alb_target_group.server",
            "aws_appautoscaling_target.ecs",
            "aws_autoscaling_group.ecs",
            "aws_cloudwatch_log_group.server",
            "aws_db_instance.postgres",
            "aws_db_subnet_group.main",
            "aws_ecr_repository.web",
            "aws_ecs_capacity_provider.main",
            "aws_ecs_cluster.main",
            "aws_ecs_service.server",
            "aws_ecs_task_definition.web",
            "aws_eip.nat",
            "aws_iam_instance_profile.ecs_instance",
            "aws_iam_role.ecs_instance",
            "aws_iam_role.ecs_task_execution_role",
            "aws_iam_role.ecs_task_role",
            "aws_internet_gateway.main",
            "aws_launch_template.ecs",
            "aws_lb.server",
            "aws_lb_listener.http",
            "aws_nat_gateway.main",
            "aws_route_table.private",
            "aws_route_table_association.private",
            "aws_s3_bucket.env_files",
            "aws_security_group.alb",
            "aws_security_group.db",
            "aws_security_group.ecs_instance",
            "aws_security_group.web_task",
            "aws_subnet.private",
            "aws_subnet.public",
            "aws_vpc.main",
            "data.aws_ami.amazon_linux"
          ]
        }
      ]
    },
    {
      "mode": "managed",
      "type": "aws_appautoscaling_target",
      "name": "ecs",
      "provider": "provider[\"registry.terraform.io/hashicorp/aws\"]",
      "instances": [
        {
          "schema_version": 0,
          "attributes": {
            "arn": "arn:aws:application-autoscaling:ap-south-1:264595824735:scalable-target/0ec5004d33c145144a8fbbc016c5c5c4cade",
            "id": "service/learner-dev-cluster/learner-dev-service",
            "max_capacity": 10,
            "min_capacity": 2,
            "region": "ap-south-1",
            "resource_id": "service/learner-dev-cluster/learner-dev-service",
            "role_arn": "arn:aws:iam::264595824735:role/aws-service-role/ecs.application-autoscaling.amazonaws.com/AWSServiceRoleForApplicationAutoScaling_ECSService",
            "scalable_dimension": "ecs:service:DesiredCount",
            "service_namespace": "ecs",
            "suspended_state": [
              {
                "dynamic_scaling_in_suspended": false,
                "dynamic_scaling_out_suspended": false,
                "scheduled_scaling_suspended": false
              }
            ],
            "tags": {},
            "tags_all": {}
          },
          "sensitive_attributes": [],
          "identity_schema_version": 0,
          "private": "bnVsbA==",
          "dependencies": [
            "aws_alb_target_group.server",
            "aws_autoscaling_group.ecs",
            "aws_cloudwatch_log_group.server",
            "aws_db_instance.postgres",
            "aws_db_subnet_group.main",
            "aws_ecr_repository.web",
            "aws_ecs_capacity_provider.main",
            "aws_ecs_cluster.main",
            "aws_ecs_service.server",
            "aws_ecs_task_definition.web",
            "aws_eip.nat",
            "aws_iam_instance_profile.ecs_instance",
            "aws_iam_role.ecs_instance",
            "aws_iam_role.ecs_task_execution_role",
            "aws_iam_role.ecs_task_role",
            "aws_internet_gateway.main",
            "aws_launch_template.ecs",
            "aws_lb.server",
            "aws_lb_listener.http",
            "aws_nat_gateway.main",
            "aws_route_table.private",
            "aws_route_table_association.private",
            "aws_s3_bucket.env_files",
            "aws_security_group.alb",
            "aws_security_group.db",
            "aws_security_group.ecs_instance",
            "aws_security_group.web_task",
            "aws_subnet.private",
            "aws_subnet.public",
            "aws_vpc.main",
            "data.aws_ami.amazon_linux"
          ]
        }
      ]
    },
    {
      "mode": "managed",
      "type": "aws_appautoscaling_target",
      "name": "ecs_celery",
      "provider": "provider[\"registry.terraform.io/hashicorp/aws\"]",
      "instances": [
        {
          "schema_version": 0,
          "attributes": {
            "arn": "arn:aws:application-autoscaling:ap-south-1:264595824735:scalable-target/0ec5aa3d57cd1ff94c9a99684d20692dcadf",
            "id": "service/learner-dev-cluster/learner-dev-celery-service",
            "max_capacity": 10,
            "min_capacity": 1,
            "region": "ap-south-1",
            "resource_id": "service/learner-dev-cluster/learner-dev-celery-service",
            "role_arn": "arn:aws:iam::264595824735:role/aws-service-role/ecs.application-autoscaling.amazonaws.com/AWSServiceRoleForApplicationAutoScaling_ECSService",
            "scalable_dimension": "ecs:service:DesiredCount",
            "service_namespace": "ecs",
            "suspended_state": [
              {
                "dynamic_scaling_in_suspended": false,
                "dynamic_scaling_out_suspended": false,
                "scheduled_scaling_suspended": false
              }
            ],
            "tags": {},
            "tags_all": {}
          },
          "sensitive_attributes": [],
          "identity_schema_version": 0,
          "private": "bnVsbA==",
          "dependencies": [
            "aws_autoscaling_group.ecs_celery",
            "aws_cloudwatch_log_group.celery",
            "aws_db_instance.postgres",
            "aws_db_subnet_group.main",
            "aws_ecr_repository.web",
            "aws_ecs_capacity_provider.celery",
            "aws_ecs_cluster.main",
            "aws_ecs_service.celery",
            "aws_ecs_task_definition.celery",
            "aws_eip.nat",
            "aws_iam_instance_profile.ecs_instance",
            "aws_iam_role.ecs_instance",
            "aws_iam_role.ecs_task_execution_role",
            "aws_iam_role.ecs_task_role",
            "aws_internet_gateway.main",
            "aws_launch_template.ecs",
            "aws_nat_gateway.main",
            "aws_route_table.private",
            "aws_route_table_association.private",
            "aws_s3_bucket.env_files",
            "aws_security_group.db",
            "aws_security_group.ecs_instance",
            "aws_security_group.web_task",
            "aws_subnet.private",
            "aws_subnet.public",
            "aws_vpc.main",
            "data.aws_ami.amazon_linux"
          ]
        }
      ]
    },
    {
      "mode": "managed",
      "type": "aws_autoscaling_group",
      "name": "ecs",
      "provider": "provider[\"registry.terraform.io/hashicorp/aws\"]",
      "instances": [
        {
          "schema_version": 1,
          "attributes": {
            "arn": "arn:aws:autoscaling:ap-south-1:264595824735:autoScalingGroup:827b461b-519a-42cd-8caa-9e63a888acf9:autoScalingGroupName/learner-dev-ecs-asg",
            "availability_zone_distribution": [
              {
                "capacity_distribution_strategy": "balanced-best-effort"
              }
            ],
            "availability_zones": [
              "ap-south-1a",
              "ap-south-1b"
            ],
            "capacity_rebalance": false,
            "capacity_reservation_specification": [
              {
                "capacity_reservation_preference": "default",
                "capacity_reservation_target": []
              }
            ],
            "context": "",
            "default_cooldown": 300,
            "default_instance_warmup": 0,
            "desired_capacity": 2,
            "desired_capacity_type": "",
            "enabled_metrics": [],
            "force_delete": false,
            "force_delete_warm_pool": false,
            "health_check_grace_period": 300,
            "health_check_type": "EC2",
            "id": "learner-dev-ecs-asg",
            "ignore_failed_scaling_activities": false,
            "initial_lifecycle_hook": [],
            "instance_maintenance_policy": [],
            "instance_refresh": [],
            "launch_configuration": "",
            "launch_template": [
              {
                "id": "lt-0f4c8a81be615a407",
                "name": "learner-dev-ecs-20260630045243313100000003",
                "version": "$Latest"
              }
            ],
            "load_balancers": [],
            "max_instance_lifetime": 0,
            "max_size": 10,
            "metrics_granularity": "1Minute",
            "min_elb_capacity": null,
            "min_size": 2,
            "mixed_instances_policy": [],
            "name": "learner-dev-ecs-asg",
            "name_prefix": "",
            "placement_group": "",
            "predicted_capacity": 0,
            "protect_from_scale_in": false,
            "region": "ap-south-1",
            "service_linked_role_arn": "arn:aws:iam::264595824735:role/aws-service-role/autoscaling.amazonaws.com/AWSServiceRoleForAutoScaling",
            "suspended_processes": [],
            "tag": [
              {
                "key": "Name",
                "propagate_at_launch": true,
                "value": "learner-dev-ecs-instance"
              }
            ],
            "target_group_arns": [],
            "termination_policies": [],
            "timeouts": null,
            "traffic_source": [],
            "vpc_zone_identifier": [
              "subnet-00ab14c27823d0127",
              "subnet-02d8c086dbba8ac86"
            ],
            "wait_for_capacity_timeout": "10m",
            "wait_for_elb_capacity": null,
            "warm_pool": [],
            "warm_pool_size": 0
          },
          "sensitive_attributes": [],
          "identity_schema_version": 0,
          "identity": {
            "account_id": "264595824735",
            "name": "learner-dev-ecs-asg",
            "region": "ap-south-1"
          },
          "private": "eyJlMmJmYjczMC1lY2FhLTExZTYtOGY4OC0zNDM2M2JjN2M0YzAiOnsiZGVsZXRlIjo2MDAwMDAwMDAwMDAsInVwZGF0ZSI6NjAwMDAwMDAwMDAwfSwic2NoZW1hX3ZlcnNpb24iOiIxIn0=",
          "dependencies": [
            "aws_ecs_cluster.main",
            "aws_eip.nat",
            "aws_iam_instance_profile.ecs_instance",
            "aws_iam_role.ecs_instance",
            "aws_internet_gateway.main",
            "aws_launch_template.ecs",
            "aws_nat_gateway.main",
            "aws_route_table.private",
            "aws_route_table_association.private",
            "aws_security_group.ecs_instance",
            "aws_subnet.private",
            "aws_subnet.public",
            "aws_vpc.main",
            "data.aws_ami.amazon_linux"
          ]
        }
      ]
    },
    {
      "mode": "managed",
      "type": "aws_autoscaling_group",
      "name": "ecs_celery",
      "provider": "provider[\"registry.terraform.io/hashicorp/aws\"]",
      "instances": [
        {
          "schema_version": 1,
          "attributes": {
            "arn": "arn:aws:autoscaling:ap-south-1:264595824735:autoScalingGroup:f1146df2-d0d7-4c73-bae3-539e70eff976:autoScalingGroupName/learner-dev-ecs-asg-celery",
            "availability_zone_distribution": [
              {
                "capacity_distribution_strategy": "balanced-best-effort"
              }
            ],
            "availability_zones": [
              "ap-south-1a",
              "ap-south-1b"
            ],
            "capacity_rebalance": false,
            "capacity_reservation_specification": [
              {
                "capacity_reservation_preference": "default",
                "capacity_reservation_target": []
              }
            ],
            "context": "",
            "default_cooldown": 300,
            "default_instance_warmup": 0,
            "desired_capacity": 1,
            "desired_capacity_type": "",
            "enabled_metrics": [],
            "force_delete": false,
            "force_delete_warm_pool": false,
            "health_check_grace_period": 300,
            "health_check_type": "EC2",
            "id": "learner-dev-ecs-asg-celery",
            "ignore_failed_scaling_activities": false,
            "initial_lifecycle_hook": [],
            "instance_maintenance_policy": [],
            "instance_refresh": [],
            "launch_configuration": "",
            "launch_template": [
              {
                "id": "lt-0f4c8a81be615a407",
                "name": "learner-dev-ecs-20260630045243313100000003",
                "version": "$Latest"
              }
            ],
            "load_balancers": [],
            "max_instance_lifetime": 0,
            "max_size": 10,
            "metrics_granularity": "1Minute",
            "min_elb_capacity": null,
            "min_size": 1,
            "mixed_instances_policy": [],
            "name": "learner-dev-ecs-asg-celery",
            "name_prefix": "",
            "placement_group": "",
            "predicted_capacity": 0,
            "protect_from_scale_in": false,
            "region": "ap-south-1",
            "service_linked_role_arn": "arn:aws:iam::264595824735:role/aws-service-role/autoscaling.amazonaws.com/AWSServiceRoleForAutoScaling",
            "suspended_processes": [],
            "tag": [
              {
                "key": "Name",
                "propagate_at_launch": true,
                "value": "learner-dev-ecs-celery-instance"
              }
            ],
            "target_group_arns": [],
            "termination_policies": [],
            "timeouts": null,
            "traffic_source": [],
            "vpc_zone_identifier": [
              "subnet-00ab14c27823d0127",
              "subnet-02d8c086dbba8ac86"
            ],
            "wait_for_capacity_timeout": "10m",
            "wait_for_elb_capacity": null,
            "warm_pool": [],
            "warm_pool_size": 0
          },
          "sensitive_attributes": [],
          "identity_schema_version": 0,
          "identity": {
            "account_id": "264595824735",
            "name": "learner-dev-ecs-asg-celery",
            "region": "ap-south-1"
          },
          "private": "eyJlMmJmYjczMC1lY2FhLTExZTYtOGY4OC0zNDM2M2JjN2M0YzAiOnsiZGVsZXRlIjo2MDAwMDAwMDAwMDAsInVwZGF0ZSI6NjAwMDAwMDAwMDAwfSwic2NoZW1hX3ZlcnNpb24iOiIxIn0=",
          "dependencies": [
            "aws_ecs_cluster.main",
            "aws_eip.nat",
            "aws_iam_instance_profile.ecs_instance",
            "aws_iam_role.ecs_instance",
            "aws_internet_gateway.main",
            "aws_launch_template.ecs",
            "aws_nat_gateway.main",
            "aws_route_table.private",
            "aws_route_table_association.private",
            "aws_security_group.ecs_instance",
            "aws_subnet.private",
            "aws_subnet.public",
            "aws_vpc.main",
            "data.aws_ami.amazon_linux"
          ]
        }
      ]
    },
    {
      "mode": "managed",
      "type": "aws_cloudwatch_log_group",
      "name": "celery",
      "provider": "provider[\"registry.terraform.io/hashicorp/aws\"]",
      "instances": [
        {
          "schema_version": 0,
          "attributes": {
            "arn": "arn:aws:logs:ap-south-1:264595824735:log-group:ecs/learner-dev-celery",
            "deletion_protection_enabled": false,
            "id": "ecs/learner-dev-celery",
            "kms_key_id": "",
            "log_group_class": "STANDARD",
            "name": "ecs/learner-dev-celery",
            "name_prefix": "",
            "region": "ap-south-1",
            "retention_in_days": 7,
            "skip_destroy": false,
            "tags": {
              "Environment": "dev",
              "Managed_by": "Terraform",
              "Name": "learner-dev-celery-logs",
              "Project": "learner"
            },
            "tags_all": {
              "Environment": "dev",
              "Managed_by": "Terraform",
              "Name": "learner-dev-celery-logs",
              "Project": "learner"
            }
          },
          "sensitive_attributes": [],
          "identity_schema_version": 0,
          "identity": {
            "account_id": "264595824735",
            "name": "ecs/learner-dev-celery",
            "region": "ap-south-1"
          },
          "private": "bnVsbA=="
        }
      ]
    },
    {
      "mode": "managed",
      "type": "aws_cloudwatch_log_group",
      "name": "server",
      "provider": "provider[\"registry.terraform.io/hashicorp/aws\"]",
      "instances": [
        {
          "schema_version": 0,
          "attributes": {
            "arn": "arn:aws:logs:ap-south-1:264595824735:log-group:ecs/learner-dev-server",
            "deletion_protection_enabled": false,
            "id": "ecs/learner-dev-server",
            "kms_key_id": "",
            "log_group_class": "STANDARD",
            "name": "ecs/learner-dev-server",
            "name_prefix": "",
            "region": "ap-south-1",
            "retention_in_days": 7,
            "skip_destroy": false,
            "tags": {
              "Environment": "dev",
              "Managed_by": "Terraform",
              "Name": "learner-dev-server-logs",
              "Project": "learner"
            },
            "tags_all": {
              "Environment": "dev",
              "Managed_by": "Terraform",
              "Name": "learner-dev-server-logs",
              "Project": "learner"
            }
          },
          "sensitive_attributes": [],
          "identity_schema_version": 0,
          "identity": {
            "account_id": "264595824735",
            "name": "ecs/learner-dev-server",
            "region": "ap-south-1"
          },
          "private": "bnVsbA=="
        }
      ]
    },
    {
      "mode": "managed",
      "type": "aws_db_instance",
      "name": "postgres",
      "provider": "provider[\"registry.terraform.io/hashicorp/aws\"]",
      "instances": [
        {
          "schema_version": 2,
          "attributes": {
            "address": "learner-dev-postgres.ch8qo6ky0818.ap-south-1.rds.amazonaws.com",
            "allocated_storage": 20,
            "allow_major_version_upgrade": null,
            "apply_immediately": true,
            "arn": "arn:aws:rds:ap-south-1:264595824735:db:learner-dev-postgres",
            "auto_minor_version_upgrade": true,
            "availability_zone": "ap-south-1b",
            "backup_retention_period": 0,
            "backup_target": "region",
            "backup_window": "23:21-23:51",
            "blue_green_update": [],
            "ca_cert_identifier": "rds-ca-rsa2048-g1",
            "character_set_name": "",
            "copy_tags_to_snapshot": false,
            "custom_iam_instance_profile": "",
            "customer_owned_ip_enabled": false,
            "database_insights_mode": "standard",
            "db_name": "learner_dev",
            "db_subnet_group_name": "learner-dev-db",
            "dedicated_log_volume": false,
            "delete_automated_backups": true,
            "deletion_protection": false,
            "domain": "",
            "domain_auth_secret_arn": "",
            "domain_dns_ips": [],
            "domain_fqdn": "",
            "domain_iam_role_name": "",
            "domain_ou": "",
            "enabled_cloudwatch_logs_exports": [],
            "endpoint": "learner-dev-postgres.ch8qo6ky0818.ap-south-1.rds.amazonaws.com:5432",
            "engine": "postgres",
            "engine_lifecycle_support": "open-source-rds-extended-support",
            "engine_version": "18",
            "engine_version_actual": "18.3",
            "final_snapshot_identifier": null,
            "hosted_zone_id": "Z2VFMSZA74J7XZ",
            "iam_database_authentication_enabled": false,
            "id": "db-XZDFF7W54AFZVYQWNTJCJ4CSXE",
            "identifier": "learner-dev-postgres",
            "identifier_prefix": "",
            "instance_class": "db.t4g.micro",
            "iops": 3000,
            "kms_key_id": "",
            "latest_restorable_time": "",
            "license_model": "postgresql-license",
            "listener_endpoint": [],
            "maintenance_window": "fri:06:08-fri:06:38",
            "manage_master_user_password": true,
            "master_user_secret": [
              {
                "kms_key_id": "arn:aws:kms:ap-south-1:264595824735:key/43e2598e-7629-4196-ad1e-f31ed918abe7",
                "secret_arn": "arn:aws:secretsmanager:ap-south-1:264595824735:secret:rds!db-bd8dcaa6-4bed-4f07-a0a1-701ed09a6dc0-b5dDLM",
                "secret_status": "active"
              }
            ],
            "master_user_secret_kms_key_id": null,
            "max_allocated_storage": 100,
            "monitoring_interval": 0,
            "monitoring_role_arn": "",
            "multi_az": false,
            "nchar_character_set_name": "",
            "network_type": "IPV4",
            "option_group_name": "default:postgres-18",
            "parameter_group_name": "default.postgres18",
            "password": null,
            "password_wo": null,
            "password_wo_version": null,
            "performance_insights_enabled": false,
            "performance_insights_kms_key_id": "",
            "performance_insights_retention_period": 0,
            "port": 5432,
            "publicly_accessible": false,
            "region": "ap-south-1",
            "replica_mode": "",
            "replicas": [],
            "replicate_source_db": "",
            "resource_id": "db-XZDFF7W54AFZVYQWNTJCJ4CSXE",
            "restore_to_point_in_time": [],
            "s3_import": [],
            "skip_final_snapshot": true,
            "snapshot_identifier": null,
            "status": "available",
            "storage_encrypted": false,
            "storage_throughput": 125,
            "storage_type": "gp3",
            "tags": {
              "Environment": "dev",
              "Managed_by": "Terraform",
              "Name": "learner-dev-postgres",
              "Project": "learner"
            },
            "tags_all": {
              "Environment": "dev",
              "Managed_by": "Terraform",
              "Name": "learner-dev-postgres",
              "Project": "learner"
            },
            "timeouts": null,
            "timezone": "",
            "upgrade_rollout_order": "second",
            "upgrade_storage_config": null,
            "username": "postgres",
            "vpc_security_group_ids": [
              "sg-0089aa9d4cf8a7437"
            ]
          },
          "sensitive_attributes": [
            [
              {
                "type": "get_attr",
                "value": "password"
              }
            ],
            [
              {
                "type": "get_attr",
                "value": "password_wo"
              }
            ]
          ],
          "identity_schema_version": 0,
          "private": "eyJlMmJmYjczMC1lY2FhLTExZTYtOGY4OC0zNDM2M2JjN2M0YzAiOnsiY3JlYXRlIjozMDAwMDAwMDAwMDAwLCJkZWxldGUiOjM2MDAwMDAwMDAwMDAsInVwZGF0ZSI6NDgwMDAwMDAwMDAwMH0sInNjaGVtYV92ZXJzaW9uIjoiMiJ9",
          "dependencies": [
            "aws_db_subnet_group.main",
            "aws_security_group.db",
            "aws_subnet.private",
            "aws_vpc.main"
          ]
        }
      ]
    },
    {
      "mode": "managed",
      "type": "aws_db_subnet_group",
      "name": "main",
      "provider": "provider[\"registry.terraform.io/hashicorp/aws\"]",
      "instances": [
        {
          "schema_version": 0,
          "attributes": {
            "arn": "arn:aws:rds:ap-south-1:264595824735:subgrp:learner-dev-db",
            "description": "Managed by Terraform",
            "id": "learner-dev-db",
            "name": "learner-dev-db",
            "name_prefix": "",
            "region": "ap-south-1",
            "subnet_ids": [
              "subnet-00ab14c27823d0127",
              "subnet-02d8c086dbba8ac86"
            ],
            "supported_network_types": [
              "IPV4"
            ],
            "tags": {},
            "tags_all": {},
            "vpc_id": "vpc-09649eba0d62041ce"
          },
          "sensitive_attributes": [],
          "identity_schema_version": 0,
          "identity": {
            "account_id": "264595824735",
            "name": "learner-dev-db",
            "region": "ap-south-1"
          },
          "private": "bnVsbA==",
          "dependencies": [
            "aws_subnet.private",
            "aws_vpc.main"
          ]
        }
      ]
    },
    {
      "mode": "managed",
      "type": "aws_ecr_repository",
      "name": "web",
      "provider": "provider[\"registry.terraform.io/hashicorp/aws\"]",
      "instances": [
        {
          "schema_version": 0,
          "attributes": {
            "arn": "arn:aws:ecr:ap-south-1:264595824735:repository/learner/backend",
            "encryption_configuration": [
              {
                "encryption_type": "AES256",
                "kms_key": ""
              }
            ],
            "force_delete": null,
            "id": "learner/backend",
            "image_scanning_configuration": [
              {
                "scan_on_push": true
              }
            ],
            "image_tag_mutability": "IMMUTABLE_WITH_EXCLUSION",
            "image_tag_mutability_exclusion_filter": [
              {
                "filter": "latest",
                "filter_type": "WILDCARD"
              }
            ],
            "name": "learner/backend",
            "region": "ap-south-1",
            "registry_id": "264595824735",
            "repository_url": "264595824735.dkr.ecr.ap-south-1.amazonaws.com/learner/backend",
            "tags": {},
            "tags_all": {},
            "timeouts": null
          },
          "sensitive_attributes": [],
          "identity_schema_version": 0,
          "identity": {
            "account_id": "264595824735",
            "name": "learner/backend",
            "region": "ap-south-1"
          },
          "private": "eyJlMmJmYjczMC1lY2FhLTExZTYtOGY4OC0zNDM2M2JjN2M0YzAiOnsiZGVsZXRlIjoxMjAwMDAwMDAwMDAwfX0="
        }
      ]
    },
    {
      "mode": "managed",
      "type": "aws_ecs_capacity_provider",
      "name": "celery",
      "provider": "provider[\"registry.terraform.io/hashicorp/aws\"]",
      "instances": [
        {
          "schema_version": 0,
          "attributes": {
            "arn": "arn:aws:ecs:ap-south-1:264595824735:capacity-provider/learner-dev-capacity-provider-celery",
            "auto_scaling_group_provider": [
              {
                "auto_scaling_group_arn": "arn:aws:autoscaling:ap-south-1:264595824735:autoScalingGroup:f1146df2-d0d7-4c73-bae3-539e70eff976:autoScalingGroupName/learner-dev-ecs-asg-celery",
                "managed_draining": "ENABLED",
                "managed_scaling": [
                  {
                    "instance_warmup_period": 0,
                    "maximum_scaling_step_size": 10000,
                    "minimum_scaling_step_size": 1,
                    "status": "ENABLED",
                    "target_capacity": 85
                  }
                ],
                "managed_termination_protection": "DISABLED"
              }
            ],
            "cluster": "",
            "id": "arn:aws:ecs:ap-south-1:264595824735:capacity-provider/learner-dev-capacity-provider-celery",
            "managed_instances_provider": [],
            "name": "learner-dev-capacity-provider-celery",
            "region": "ap-south-1",
            "tags": {},
            "tags_all": {}
          },
          "sensitive_attributes": [],
          "identity_schema_version": 0,
          "identity": {
            "arn": "arn:aws:ecs:ap-south-1:264595824735:capacity-provider/learner-dev-capacity-provider-celery"
          },
          "private": "bnVsbA==",
          "dependencies": [
            "aws_autoscaling_group.ecs_celery",
            "aws_ecs_cluster.main",
            "aws_eip.nat",
            "aws_iam_instance_profile.ecs_instance",
            "aws_iam_role.ecs_instance",
            "aws_internet_gateway.main",
            "aws_launch_template.ecs",
            "aws_nat_gateway.main",
            "aws_route_table.private",
            "aws_route_table_association.private",
            "aws_security_group.ecs_instance",
            "aws_subnet.private",
            "aws_subnet.public",
            "aws_vpc.main",
            "data.aws_ami.amazon_linux"
          ]
        }
      ]
    },
    {
      "mode": "managed",
      "type": "aws_ecs_capacity_provider",
      "name": "main",
      "provider": "provider[\"registry.terraform.io/hashicorp/aws\"]",
      "instances": [
        {
          "schema_version": 0,
          "attributes": {
            "arn": "arn:aws:ecs:ap-south-1:264595824735:capacity-provider/learner-dev-capacity-provider",
            "auto_scaling_group_provider": [
              {
                "auto_scaling_group_arn": "arn:aws:autoscaling:ap-south-1:264595824735:autoScalingGroup:827b461b-519a-42cd-8caa-9e63a888acf9:autoScalingGroupName/learner-dev-ecs-asg",
                "managed_draining": "ENABLED",
                "managed_scaling": [
                  {
                    "instance_warmup_period": 0,
                    "maximum_scaling_step_size": 10000,
                    "minimum_scaling_step_size": 1,
                    "status": "ENABLED",
                    "target_capacity": 85
                  }
                ],
                "managed_termination_protection": "DISABLED"
              }
            ],
            "cluster": "",
            "id": "arn:aws:ecs:ap-south-1:264595824735:capacity-provider/learner-dev-capacity-provider",
            "managed_instances_provider": [],
            "name": "learner-dev-capacity-provider",
            "region": "ap-south-1",
            "tags": {},
            "tags_all": {}
          },
          "sensitive_attributes": [],
          "identity_schema_version": 0,
          "identity": {
            "arn": "arn:aws:ecs:ap-south-1:264595824735:capacity-provider/learner-dev-capacity-provider"
          },
          "private": "bnVsbA==",
          "dependencies": [
            "aws_autoscaling_group.ecs",
            "aws_ecs_cluster.main",
            "aws_eip.nat",
            "aws_iam_instance_profile.ecs_instance",
            "aws_iam_role.ecs_instance",
            "aws_internet_gateway.main",
            "aws_launch_template.ecs",
            "aws_nat_gateway.main",
            "aws_route_table.private",
            "aws_route_table_association.private",
            "aws_security_group.ecs_instance",
            "aws_subnet.private",
            "aws_subnet.public",
            "aws_vpc.main",
            "data.aws_ami.amazon_linux"
          ]
        }
      ]
    },
    {
      "mode": "managed",
      "type": "aws_ecs_cluster",
      "name": "main",
      "provider": "provider[\"registry.terraform.io/hashicorp/aws\"]",
      "instances": [
        {
          "schema_version": 0,
          "attributes": {
            "arn": "arn:aws:ecs:ap-south-1:264595824735:cluster/learner-dev-cluster",
            "configuration": [],
            "id": "arn:aws:ecs:ap-south-1:264595824735:cluster/learner-dev-cluster",
            "name": "learner-dev-cluster",
            "region": "ap-south-1",
            "service_connect_defaults": [],
            "setting": [
              {
                "name": "containerInsights",
                "value": "disabled"
              }
            ],
            "tags": {
              "Environment": "dev",
              "Managed_by": "Terraform",
              "Name": "learner-dev-cluster",
              "Project": "learner"
            },
            "tags_all": {
              "Environment": "dev",
              "Managed_by": "Terraform",
              "Name": "learner-dev-cluster",
              "Project": "learner"
            }
          },
          "sensitive_attributes": [],
          "identity_schema_version": 0,
          "private": "bnVsbA=="
        }
      ]
    },
    {
      "mode": "managed",
      "type": "aws_ecs_cluster_capacity_providers",
      "name": "main",
      "provider": "provider[\"registry.terraform.io/hashicorp/aws\"]",
      "instances": [
        {
          "schema_version": 0,
          "attributes": {
            "capacity_providers": [
              "learner-dev-capacity-provider",
              "learner-dev-capacity-provider-celery"
            ],
            "cluster_name": "learner-dev-cluster",
            "default_capacity_provider_strategy": [
              {
                "base": 0,
                "capacity_provider": "learner-dev-capacity-provider",
                "weight": 1
              }
            ],
            "id": "learner-dev-cluster",
            "region": "ap-south-1"
          },
          "sensitive_attributes": [],
          "identity_schema_version": 0,
          "private": "bnVsbA==",
          "dependencies": [
            "aws_autoscaling_group.ecs",
            "aws_autoscaling_group.ecs_celery",
            "aws_ecs_capacity_provider.celery",
            "aws_ecs_capacity_provider.main",
            "aws_ecs_cluster.main",
            "aws_eip.nat",
            "aws_iam_instance_profile.ecs_instance",
            "aws_iam_role.ecs_instance",
            "aws_internet_gateway.main",
            "aws_launch_template.ecs",
            "aws_nat_gateway.main",
            "aws_route_table.private",
            "aws_route_table_association.private",
            "aws_security_group.ecs_instance",
            "aws_subnet.private",
            "aws_subnet.public",
            "aws_vpc.main",
            "data.aws_ami.amazon_linux"
          ]
        }
      ]
    },
    {
      "mode": "managed",
      "type": "aws_ecs_service",
      "name": "beat",
      "provider": "provider[\"registry.terraform.io/hashicorp/aws\"]",
      "instances": [
        {
          "schema_version": 1,
          "attributes": {
            "alarms": [],
            "arn": "arn:aws:ecs:ap-south-1:264595824735:service/learner-dev-cluster/learner-dev-beat-service",
            "availability_zone_rebalancing": "DISABLED",
            "capacity_provider_strategy": [],
            "cluster": "arn:aws:ecs:ap-south-1:264595824735:cluster/learner-dev-cluster",
            "deployment_circuit_breaker": [
              {
                "enable": false,
                "rollback": false
              }
            ],
            "deployment_configuration": [
              {
                "bake_time_in_minutes": "0",
                "canary_configuration": [],
                "lifecycle_hook": [],
                "linear_configuration": [],
                "strategy": "ROLLING"
              }
            ],
            "deployment_controller": [
              {
                "type": "ECS"
              }
            ],
            "deployment_maximum_percent": 100,
            "deployment_minimum_healthy_percent": 0,
            "desired_count": 1,
            "enable_ecs_managed_tags": false,
            "enable_execute_command": false,
            "force_delete": null,
            "force_new_deployment": true,
            "health_check_grace_period_seconds": 0,
            "iam_role": "/aws-service-role/ecs.amazonaws.com/AWSServiceRoleForECS",
            "id": "arn:aws:ecs:ap-south-1:264595824735:service/learner-dev-cluster/learner-dev-beat-service",
            "launch_type": "EC2",
            "load_balancer": [],
            "name": "learner-dev-beat-service",
            "network_configuration": [
              {
                "assign_public_ip": false,
                "security_groups": [
                  "sg-013918bdf1fc183c6"
                ],
                "subnets": [
                  "subnet-00ab14c27823d0127",
                  "subnet-02d8c086dbba8ac86"
                ]
              }
            ],
            "ordered_placement_strategy": [],
            "placement_constraints": [],
            "platform_version": "",
            "propagate_tags": "NONE",
            "region": "ap-south-1",
            "scheduling_strategy": "REPLICA",
            "service_connect_configuration": [],
            "service_registries": [],
            "sigint_rollback": null,
            "tags": {},
            "tags_all": {},
            "task_definition": "arn:aws:ecs:ap-south-1:264595824735:task-definition/learner-dev-beat:2",
            "timeouts": null,
            "triggers": {},
            "volume_configuration": [],
            "vpc_lattice_configurations": [],
            "wait_for_steady_state": false
          },
          "sensitive_attributes": [],
          "identity_schema_version": 0,
          "identity": {
            "account_id": "264595824735",
            "cluster": "arn:aws:ecs:ap-south-1:264595824735:cluster/learner-dev-cluster",
            "name": "learner-dev-beat-service",
            "region": "ap-south-1"
          },
          "private": "eyJlMmJmYjczMC1lY2FhLTExZTYtOGY4OC0zNDM2M2JjN2M0YzAiOnsiY3JlYXRlIjoxMjAwMDAwMDAwMDAwLCJkZWxldGUiOjEyMDAwMDAwMDAwMDAsInVwZGF0ZSI6MTIwMDAwMDAwMDAwMH0sInNjaGVtYV92ZXJzaW9uIjoiMSJ9",
          "dependencies": [
            "aws_cloudwatch_log_group.celery",
            "aws_db_instance.postgres",
            "aws_db_subnet_group.main",
            "aws_ecr_repository.web",
            "aws_ecs_cluster.main",
            "aws_ecs_task_definition.beat",
            "aws_iam_role.ecs_task_execution_role",
            "aws_iam_role.ecs_task_role",
            "aws_s3_bucket.env_files",
            "aws_security_group.db",
            "aws_security_group.web_task",
            "aws_subnet.private",
            "aws_vpc.main"
          ]
        }
      ]
    },
    {
      "mode": "managed",
      "type": "aws_ecs_service",
      "name": "celery",
      "provider": "provider[\"registry.terraform.io/hashicorp/aws\"]",
      "instances": [
        {
          "schema_version": 1,
          "attributes": {
            "alarms": [],
            "arn": "arn:aws:ecs:ap-south-1:264595824735:service/learner-dev-cluster/learner-dev-celery-service",
            "availability_zone_rebalancing": "ENABLED",
            "capacity_provider_strategy": [
              {
                "base": 0,
                "capacity_provider": "learner-dev-capacity-provider-celery",
                "weight": 1
              }
            ],
            "cluster": "arn:aws:ecs:ap-south-1:264595824735:cluster/learner-dev-cluster",
            "deployment_circuit_breaker": [
              {
                "enable": false,
                "rollback": false
              }
            ],
            "deployment_configuration": [
              {
                "bake_time_in_minutes": "0",
                "canary_configuration": [],
                "lifecycle_hook": [],
                "linear_configuration": [],
                "strategy": "ROLLING"
              }
            ],
            "deployment_controller": [
              {
                "type": "ECS"
              }
            ],
            "deployment_maximum_percent": 200,
            "deployment_minimum_healthy_percent": 100,
            "desired_count": 1,
            "enable_ecs_managed_tags": false,
            "enable_execute_command": false,
            "force_delete": null,
            "force_new_deployment": null,
            "health_check_grace_period_seconds": 0,
            "iam_role": "/aws-service-role/ecs.amazonaws.com/AWSServiceRoleForECS",
            "id": "arn:aws:ecs:ap-south-1:264595824735:service/learner-dev-cluster/learner-dev-celery-service",
            "launch_type": "",
            "load_balancer": [],
            "name": "learner-dev-celery-service",
            "network_configuration": [
              {
                "assign_public_ip": false,
                "security_groups": [
                  "sg-013918bdf1fc183c6"
                ],
                "subnets": [
                  "subnet-00ab14c27823d0127",
                  "subnet-02d8c086dbba8ac86"
                ]
              }
            ],
            "ordered_placement_strategy": [],
            "placement_constraints": [],
            "platform_version": "",
            "propagate_tags": "NONE",
            "region": "ap-south-1",
            "scheduling_strategy": "REPLICA",
            "service_connect_configuration": [],
            "service_registries": [],
            "sigint_rollback": null,
            "tags": {},
            "tags_all": {},
            "task_definition": "arn:aws:ecs:ap-south-1:264595824735:task-definition/learner-dev-celery:1",
            "timeouts": null,
            "triggers": {},
            "volume_configuration": [],
            "vpc_lattice_configurations": [],
            "wait_for_steady_state": false
          },
          "sensitive_attributes": [],
          "identity_schema_version": 0,
          "identity": {
            "account_id": "264595824735",
            "cluster": "arn:aws:ecs:ap-south-1:264595824735:cluster/learner-dev-cluster",
            "name": "learner-dev-celery-service",
            "region": "ap-south-1"
          },
          "private": "eyJlMmJmYjczMC1lY2FhLTExZTYtOGY4OC0zNDM2M2JjN2M0YzAiOnsiY3JlYXRlIjoxMjAwMDAwMDAwMDAwLCJkZWxldGUiOjEyMDAwMDAwMDAwMDAsInVwZGF0ZSI6MTIwMDAwMDAwMDAwMH0sInNjaGVtYV92ZXJzaW9uIjoiMSJ9",
          "dependencies": [
            "aws_autoscaling_group.ecs_celery",
            "aws_cloudwatch_log_group.celery",
            "aws_db_instance.postgres",
            "aws_db_subnet_group.main",
            "aws_ecr_repository.web",
            "aws_ecs_capacity_provider.celery",
            "aws_ecs_cluster.main",
            "aws_ecs_task_definition.celery",
            "aws_eip.nat",
            "aws_iam_instance_profile.ecs_instance",
            "aws_iam_role.ecs_instance",
            "aws_iam_role.ecs_task_execution_role",
            "aws_iam_role.ecs_task_role",
            "aws_internet_gateway.main",
            "aws_launch_template.ecs",
            "aws_nat_gateway.main",
            "aws_route_table.private",
            "aws_route_table_association.private",
            "aws_s3_bucket.env_files",
            "aws_security_group.db",
            "aws_security_group.ecs_instance",
            "aws_security_group.web_task",
            "aws_subnet.private",
            "aws_subnet.public",
            "aws_vpc.main",
            "data.aws_ami.amazon_linux"
          ]
        }
      ]
    },
    {
      "mode": "managed",
      "type": "aws_ecs_service",
      "name": "server",
      "provider": "provider[\"registry.terraform.io/hashicorp/aws\"]",
      "instances": [
        {
          "schema_version": 1,
          "attributes": {
            "alarms": [],
            "arn": "arn:aws:ecs:ap-south-1:264595824735:service/learner-dev-cluster/learner-dev-service",
            "availability_zone_rebalancing": "ENABLED",
            "capacity_provider_strategy": [
              {
                "base": 0,
                "capacity_provider": "learner-dev-capacity-provider",
                "weight": 1
              }
            ],
            "cluster": "arn:aws:ecs:ap-south-1:264595824735:cluster/learner-dev-cluster",
            "deployment_circuit_breaker": [
              {
                "enable": false,
                "rollback": false
              }
            ],
            "deployment_configuration": [
              {
                "bake_time_in_minutes": "0",
                "canary_configuration": [],
                "lifecycle_hook": [],
                "linear_configuration": [],
                "strategy": "ROLLING"
              }
            ],
            "deployment_controller": [
              {
                "type": "ECS"
              }
            ],
            "deployment_maximum_percent": 200,
            "deployment_minimum_healthy_percent": 100,
            "desired_count": 2,
            "enable_ecs_managed_tags": false,
            "enable_execute_command": false,
            "force_delete": null,
            "force_new_deployment": null,
            "health_check_grace_period_seconds": 0,
            "iam_role": "/aws-service-role/ecs.amazonaws.com/AWSServiceRoleForECS",
            "id": "arn:aws:ecs:ap-south-1:264595824735:service/learner-dev-cluster/learner-dev-service",
            "launch_type": "",
            "load_balancer": [
              {
                "advanced_configuration": [],
                "container_name": "server",
                "container_port": 8000,
                "elb_name": "",
                "target_group_arn": "arn:aws:elasticloadbalancing:ap-south-1:264595824735:targetgroup/learner-dev-tg/0f9669c1cc07c89c"
              }
            ],
            "name": "learner-dev-service",
            "network_configuration": [
              {
                "assign_public_ip": false,
                "security_groups": [
                  "sg-013918bdf1fc183c6"
                ],
                "subnets": [
                  "subnet-00ab14c27823d0127",
                  "subnet-02d8c086dbba8ac86"
                ]
              }
            ],
            "ordered_placement_strategy": [],
            "placement_constraints": [],
            "platform_version": "",
            "propagate_tags": "NONE",
            "region": "ap-south-1",
            "scheduling_strategy": "REPLICA",
            "service_connect_configuration": [],
            "service_registries": [],
            "sigint_rollback": null,
            "tags": {},
            "tags_all": {},
            "task_definition": "arn:aws:ecs:ap-south-1:264595824735:task-definition/learner-dev-web:19",
            "timeouts": null,
            "triggers": {},
            "volume_configuration": [],
            "vpc_lattice_configurations": [],
            "wait_for_steady_state": false
          },
          "sensitive_attributes": [],
          "identity_schema_version": 0,
          "identity": {
            "account_id": "264595824735",
            "cluster": "arn:aws:ecs:ap-south-1:264595824735:cluster/learner-dev-cluster",
            "name": "learner-dev-service",
            "region": "ap-south-1"
          },
          "private": "eyJlMmJmYjczMC1lY2FhLTExZTYtOGY4OC0zNDM2M2JjN2M0YzAiOnsiY3JlYXRlIjoxMjAwMDAwMDAwMDAwLCJkZWxldGUiOjEyMDAwMDAwMDAwMDAsInVwZGF0ZSI6MTIwMDAwMDAwMDAwMH0sInNjaGVtYV92ZXJzaW9uIjoiMSJ9",
          "dependencies": [
            "aws_alb_target_group.server",
            "aws_autoscaling_group.ecs",
            "aws_cloudwatch_log_group.server",
            "aws_db_instance.postgres",
            "aws_db_subnet_group.main",
            "aws_ecr_repository.web",
            "aws_ecs_capacity_provider.main",
            "aws_ecs_cluster.main",
            "aws_ecs_task_definition.web",
            "aws_eip.nat",
            "aws_iam_instance_profile.ecs_instance",
            "aws_iam_role.ecs_instance",
            "aws_iam_role.ecs_task_execution_role",
            "aws_iam_role.ecs_task_role",
            "aws_internet_gateway.main",
            "aws_launch_template.ecs",
            "aws_lb.server",
            "aws_lb_listener.http",
            "aws_nat_gateway.main",
            "aws_route_table.private",
            "aws_route_table_association.private",
            "aws_s3_bucket.env_files",
            "aws_security_group.alb",
            "aws_security_group.db",
            "aws_security_group.ecs_instance",
            "aws_security_group.web_task",
            "aws_subnet.private",
            "aws_subnet.public",
            "aws_vpc.main",
            "data.aws_ami.amazon_linux"
          ]
        }
      ]
    },
    {
      "mode": "managed",
      "type": "aws_ecs_task_definition",
      "name": "beat",
      "provider": "provider[\"registry.terraform.io/hashicorp/aws\"]",
      "instances": [
        {
          "schema_version": 1,
          "attributes": {
            "arn": "arn:aws:ecs:ap-south-1:264595824735:task-definition/learner-dev-beat:2",
            "arn_without_revision": "arn:aws:ecs:ap-south-1:264595824735:task-definition/learner-dev-beat",
            "container_definitions": "[{\"command\":[\"celery\",\"-A\",\"config.celery\",\"beat\",\"--loglevel=info\"],\"environment\":[],\"environmentFiles\":[{\"type\":\"s3\",\"value\":\"arn:aws:s3:::learner-dev-env-files/backend.env\"}],\"essential\":true,\"image\":\"264595824735.dkr.ecr.ap-south-1.amazonaws.com/learner/backend:latest\",\"logConfiguration\":{\"logDriver\":\"awslogs\",\"options\":{\"awslogs-group\":\"ecs/learner-dev-celery\",\"awslogs-region\":\"ap-south-1\",\"awslogs-stream-prefix\":\"server\"}},\"mountPoints\":[],\"name\":\"beat\",\"portMappings\":[],\"secrets\":[{\"name\":\"POSTGRES_PASSWORD\",\"valueFrom\":\"arn:aws:secretsmanager:ap-south-1:264595824735:secret:rds!db-bd8dcaa6-4bed-4f07-a0a1-701ed09a6dc0-b5dDLM:password::\"}],\"systemControls\":[],\"volumesFrom\":[]}]",
            "cpu": "512",
            "enable_fault_injection": false,
            "ephemeral_storage": [],
            "execution_role_arn": "arn:aws:iam::264595824735:role/learner-dev-ecs-task-execution-role",
            "family": "learner-dev-beat",
            "id": "learner-dev-beat",
            "ipc_mode": "",
            "memory": "720",
            "network_mode": "awsvpc",
            "pid_mode": "",
            "placement_constraints": [],
            "proxy_configuration": [],
            "region": "ap-south-1",
            "requires_compatibilities": [
              "EC2"
            ],
            "revision": 2,
            "runtime_platform": [],
            "skip_destroy": false,
            "tags": {},
            "tags_all": {},
            "task_role_arn": "arn:aws:iam::264595824735:role/learner-dev-ecs-task-role",
            "track_latest": false,
            "volume": []
          },
          "sensitive_attributes": [],
          "identity_schema_version": 0,
          "identity": {
            "account_id": "264595824735",
            "family": "learner-dev-beat",
            "region": "ap-south-1",
            "revision": 2
          },
          "private": "eyJzY2hlbWFfdmVyc2lvbiI6IjEifQ==",
          "dependencies": [
            "aws_cloudwatch_log_group.celery",
            "aws_db_instance.postgres",
            "aws_db_subnet_group.main",
            "aws_ecr_repository.web",
            "aws_iam_role.ecs_task_execution_role",
            "aws_iam_role.ecs_task_role",
            "aws_s3_bucket.env_files",
            "aws_security_group.db",
            "aws_subnet.private",
            "aws_vpc.main"
          ]
        }
      ]
    },
    {
      "mode": "managed",
      "type": "aws_ecs_task_definition",
      "name": "celery",
      "provider": "provider[\"registry.terraform.io/hashicorp/aws\"]",
      "instances": [
        {
          "schema_version": 1,
          "attributes": {
            "arn": "arn:aws:ecs:ap-south-1:264595824735:task-definition/learner-dev-celery:1",
            "arn_without_revision": "arn:aws:ecs:ap-south-1:264595824735:task-definition/learner-dev-celery",
            "container_definitions": "[{\"command\":[\"celery\",\"-A\",\"config.celery\",\"worker\",\"--loglevel=info\"],\"environment\":[],\"environmentFiles\":[{\"type\":\"s3\",\"value\":\"arn:aws:s3:::learner-dev-env-files/backend.env\"}],\"essential\":true,\"image\":\"264595824735.dkr.ecr.ap-south-1.amazonaws.com/learner/backend:latest\",\"logConfiguration\":{\"logDriver\":\"awslogs\",\"options\":{\"awslogs-group\":\"ecs/learner-dev-celery\",\"awslogs-region\":\"ap-south-1\",\"awslogs-stream-prefix\":\"celery\"}},\"mountPoints\":[],\"name\":\"celery\",\"portMappings\":[],\"secrets\":[{\"name\":\"POSTGRES_PASSWORD\",\"valueFrom\":\"arn:aws:secretsmanager:ap-south-1:264595824735:secret:rds!db-bd8dcaa6-4bed-4f07-a0a1-701ed09a6dc0-b5dDLM:password::\"}],\"systemControls\":[],\"volumesFrom\":[]}]",
            "cpu": "512",
            "enable_fault_injection": false,
            "ephemeral_storage": [],
            "execution_role_arn": "arn:aws:iam::264595824735:role/learner-dev-ecs-task-execution-role",
            "family": "learner-dev-celery",
            "id": "learner-dev-celery",
            "ipc_mode": "",
            "memory": "720",
            "network_mode": "awsvpc",
            "pid_mode": "",
            "placement_constraints": [],
            "proxy_configuration": [],
            "region": "ap-south-1",
            "requires_compatibilities": [
              "EC2"
            ],
            "revision": 1,
            "runtime_platform": [],
            "skip_destroy": false,
            "tags": {},
            "tags_all": {},
            "task_role_arn": "arn:aws:iam::264595824735:role/learner-dev-ecs-task-role",
            "track_latest": false,
            "volume": []
          },
          "sensitive_attributes": [],
          "identity_schema_version": 0,
          "identity": {
            "account_id": "264595824735",
            "family": "learner-dev-celery",
            "region": "ap-south-1",
            "revision": 1
          },
          "private": "eyJzY2hlbWFfdmVyc2lvbiI6IjEifQ==",
          "dependencies": [
            "aws_cloudwatch_log_group.celery",
            "aws_db_instance.postgres",
            "aws_db_subnet_group.main",
            "aws_ecr_repository.web",
            "aws_iam_role.ecs_task_execution_role",
            "aws_iam_role.ecs_task_role",
            "aws_s3_bucket.env_files",
            "aws_security_group.db",
            "aws_subnet.private",
            "aws_vpc.main"
          ]
        }
      ]
    },
    {
      "mode": "managed",
      "type": "aws_ecs_task_definition",
      "name": "migration",
      "provider": "provider[\"registry.terraform.io/hashicorp/aws\"]",
      "instances": [
        {
          "schema_version": 1,
          "attributes": {
            "arn": "arn:aws:ecs:ap-south-1:264595824735:task-definition/learner-dev-migration:16",
            "arn_without_revision": "arn:aws:ecs:ap-south-1:264595824735:task-definition/learner-dev-migration",
            "container_definitions": "[{\"command\":[\"sh\",\"-c\",\"python manage.py migrate --noinput \u0026\u0026 python manage.py collectstatic --noinput\"],\"environment\":[],\"environmentFiles\":[{\"type\":\"s3\",\"value\":\"arn:aws:s3:::learner-dev-env-files/backend.env\"}],\"essential\":true,\"image\":\"264595824735.dkr.ecr.ap-south-1.amazonaws.com/learner/backend:latest\",\"logConfiguration\":{\"logDriver\":\"awslogs\",\"options\":{\"awslogs-region\":\"ap-south-1\",\"awslogs-stream-prefix\":\"migration\",\"awslogs-group\":\"ecs/learner-dev-server\"}},\"mountPoints\":[],\"name\":\"server-migration\",\"portMappings\":[],\"secrets\":[{\"name\":\"POSTGRES_PASSWORD\",\"valueFrom\":\"arn:aws:secretsmanager:ap-south-1:264595824735:secret:rds!db-bd8dcaa6-4bed-4f07-a0a1-701ed09a6dc0-b5dDLM:password::\"}],\"systemControls\":[],\"volumesFrom\":[]}]",
            "cpu": "256",
            "enable_fault_injection": false,
            "ephemeral_storage": [],
            "execution_role_arn": "arn:aws:iam::264595824735:role/learner-dev-ecs-task-execution-role",
            "family": "learner-dev-migration",
            "id": "learner-dev-migration",
            "ipc_mode": "",
            "memory": "512",
            "network_mode": "awsvpc",
            "pid_mode": "",
            "placement_constraints": [],
            "proxy_configuration": [],
            "region": "ap-south-1",
            "requires_compatibilities": [
              "FARGATE"
            ],
            "revision": 16,
            "runtime_platform": [],
            "skip_destroy": false,
            "tags": {},
            "tags_all": {},
            "task_role_arn": "arn:aws:iam::264595824735:role/learner-dev-ecs-task-role",
            "track_latest": false,
            "volume": []
          },
          "sensitive_attributes": [],
          "identity_schema_version": 0,
          "identity": {
            "account_id": "264595824735",
            "family": "learner-dev-migration",
            "region": "ap-south-1",
            "revision": 16
          },
          "private": "eyJzY2hlbWFfdmVyc2lvbiI6IjEifQ==",
          "dependencies": [
            "aws_cloudwatch_log_group.server",
            "aws_db_instance.postgres",
            "aws_db_subnet_group.main",
            "aws_ecr_repository.web",
            "aws_iam_role.ecs_task_execution_role",
            "aws_iam_role.ecs_task_role",
            "aws_s3_bucket.env_files",
            "aws_security_group.db",
            "aws_subnet.private",
            "aws_vpc.main"
          ]
        }
      ]
    },
    {
      "mode": "managed",
      "type": "aws_ecs_task_definition",
      "name": "web",
      "provider": "provider[\"registry.terraform.io/hashicorp/aws\"]",
      "instances": [
        {
          "schema_version": 1,
          "attributes": {
            "arn": "arn:aws:ecs:ap-south-1:264595824735:task-definition/learner-dev-web:17",
            "arn_without_revision": "arn:aws:ecs:ap-south-1:264595824735:task-definition/learner-dev-web",
            "container_definitions": "[{\"command\":[\"gunicorn\",\"config.wsgi:application\",\"--bind\",\"0.0.0.0:8000\"],\"environment\":[],\"environmentFiles\":[{\"type\":\"s3\",\"value\":\"arn:aws:s3:::learner-dev-env-files/backend.env\"}],\"essential\":true,\"healthCheck\":{\"command\":[\"CMD-SHELL\",\"curl -f http://localhost:8000/health || exit 1\"],\"interval\":30,\"retries\":3,\"startPeriod\":60,\"timeout\":5},\"image\":\"264595824735.dkr.ecr.ap-south-1.amazonaws.com/learner/backend:latest\",\"logConfiguration\":{\"logDriver\":\"awslogs\",\"options\":{\"awslogs-stream-prefix\":\"server\",\"awslogs-group\":\"ecs/learner-dev-server\",\"awslogs-region\":\"ap-south-1\"}},\"mountPoints\":[],\"name\":\"server\",\"portMappings\":[{\"appProtocol\":\"http\",\"containerPort\":8000,\"hostPort\":8000,\"name\":\"server-8000-tcp\",\"protocol\":\"tcp\"}],\"secrets\":[{\"name\":\"POSTGRES_PASSWORD\",\"valueFrom\":\"arn:aws:secretsmanager:ap-south-1:264595824735:secret:rds!db-bd8dcaa6-4bed-4f07-a0a1-701ed09a6dc0-b5dDLM:password::\"}],\"systemControls\":[],\"volumesFrom\":[]}]",
            "cpu": "512",
            "enable_fault_injection": false,
            "ephemeral_storage": [],
            "execution_role_arn": "arn:aws:iam::264595824735:role/learner-dev-ecs-task-execution-role",
            "family": "learner-dev-web",
            "id": "learner-dev-web",
            "ipc_mode": "",
            "memory": "720",
            "network_mode": "awsvpc",
            "pid_mode": "",
            "placement_constraints": [],
            "proxy_configuration": [],
            "region": "ap-south-1",
            "requires_compatibilities": [
              "EC2"
            ],
            "revision": 17,
            "runtime_platform": [],
            "skip_destroy": false,
            "tags": {
              "Environment": "dev",
              "Managed_by": "Terraform",
              "Name": "learner-dev-web-task",
              "Project": "learner"
            },
            "tags_all": {
              "Environment": "dev",
              "Managed_by": "Terraform",
              "Name": "learner-dev-web-task",
              "Project": "learner"
            },
            "task_role_arn": "arn:aws:iam::264595824735:role/learner-dev-ecs-task-role",
            "track_latest": false,
            "volume": []
          },
          "sensitive_attributes": [],
          "identity_schema_version": 0,
          "identity": {
            "account_id": "264595824735",
            "family": "learner-dev-web",
            "region": "ap-south-1",
            "revision": 17
          },
          "private": "eyJzY2hlbWFfdmVyc2lvbiI6IjEifQ==",
          "dependencies": [
            "aws_cloudwatch_log_group.server",
            "aws_db_instance.postgres",
            "aws_db_subnet_group.main",
            "aws_ecr_repository.web",
            "aws_iam_role.ecs_task_execution_role",
            "aws_iam_role.ecs_task_role",
            "aws_s3_bucket.env_files",
            "aws_security_group.db",
            "aws_subnet.private",
            "aws_vpc.main"
          ]
        }
      ]
    },
    {
      "mode": "managed",
      "type": "aws_eip",
      "name": "nat",
      "provider": "provider[\"registry.terraform.io/hashicorp/aws\"]",
      "instances": [
        {
          "schema_version": 0,
          "attributes": {
            "address": null,
            "allocation_id": "eipalloc-0b41d34b36a76e291",
            "arn": "arn:aws:ec2:ap-south-1:264595824735:elastic-ip/eipalloc-0b41d34b36a76e291",
            "associate_with_private_ip": null,
            "association_id": "eipassoc-0c0fff4e0355db9e0",
            "carrier_ip": "",
            "customer_owned_ip": "",
            "customer_owned_ipv4_pool": "",
            "domain": "vpc",
            "id": "eipalloc-0b41d34b36a76e291",
            "instance": "",
            "ipam_pool_id": "",
            "network_border_group": "ap-south-1",
            "network_interface": "eni-0e7ac6395386b1121",
            "private_dns": "ip-10-0-1-246.ap-south-1.compute.internal",
            "private_ip": "10.0.1.246",
            "ptr_record": "",
            "public_dns": "ec2-3-7-162-217.ap-south-1.compute.amazonaws.com",
            "public_ip": "3.7.162.217",
            "public_ipv4_pool": "amazon",
            "region": "ap-south-1",
            "tags": {
              "Environment": "dev",
              "Managed_by": "Terraform",
              "Name": "learner-dev-nat-eip",
              "Project": "learner"
            },
            "tags_all": {
              "Environment": "dev",
              "Managed_by": "Terraform",
              "Name": "learner-dev-nat-eip",
              "Project": "learner"
            },
            "timeouts": null
          },
          "sensitive_attributes": [],
          "identity_schema_version": 0,
          "identity": {
            "account_id": "264595824735",
            "id": "eipalloc-0b41d34b36a76e291",
            "region": "ap-south-1"
          },
          "private": "eyJlMmJmYjczMC1lY2FhLTExZTYtOGY4OC0zNDM2M2JjN2M0YzAiOnsiZGVsZXRlIjoxODAwMDAwMDAwMDAsInJlYWQiOjkwMDAwMDAwMDAwMCwidXBkYXRlIjozMDAwMDAwMDAwMDB9fQ=="
        }
      ]
    },
    {
      "mode": "managed",
      "type": "aws_elasticache_cluster",
      "name": "redis",
      "provider": "provider[\"registry.terraform.io/hashicorp/aws\"]",
      "instances": [
        {
          "schema_version": 0,
          "attributes": {
            "apply_immediately": null,
            "arn": "arn:aws:elasticache:ap-south-1:264595824735:cluster:learner-dev-redis",
            "auto_minor_version_upgrade": "true",
            "availability_zone": "ap-south-1a",
            "az_mode": "single-az",
            "cache_nodes": [
              {
                "address": "learner-dev-redis.u3ljq1.0001.aps1.cache.amazonaws.com",
                "availability_zone": "ap-south-1a",
                "id": "0001",
                "outpost_arn": "",
                "port": 6379
              }
            ],
            "cluster_address": null,
            "cluster_id": "learner-dev-redis",
            "configuration_endpoint": null,
            "engine": "redis",
            "engine_version": "7.1",
            "engine_version_actual": "7.1.0",
            "final_snapshot_identifier": null,
            "id": "learner-dev-redis",
            "ip_discovery": "ipv4",
            "log_delivery_configuration": [],
            "maintenance_window": "sat:22:00-sat:23:00",
            "network_type": "ipv4",
            "node_type": "cache.t4g.micro",
            "notification_topic_arn": null,
            "num_cache_nodes": 1,
            "outpost_mode": null,
            "parameter_group_name": "default.redis7",
            "port": 6379,
            "preferred_availability_zones": null,
            "preferred_outpost_arn": "",
            "region": "ap-south-1",
            "replication_group_id": "",
            "security_group_ids": [
              "sg-06a0028257ad23964"
            ],
            "snapshot_arns": null,
            "snapshot_name": null,
            "snapshot_retention_limit": 0,
            "snapshot_window": "03:00-04:00",
            "subnet_group_name": "learner-dev-redis",
            "tags": {},
            "tags_all": {},
            "timeouts": null,
            "transit_encryption_enabled": false
          },
          "sensitive_attributes": [],
          "identity_schema_version": 0,
          "private": "eyJlMmJmYjczMC1lY2FhLTExZTYtOGY4OC0zNDM2M2JjN2M0YzAiOnsiY3JlYXRlIjoyNDAwMDAwMDAwMDAwLCJkZWxldGUiOjI0MDAwMDAwMDAwMDAsInVwZGF0ZSI6NDgwMDAwMDAwMDAwMH19",
          "dependencies": [
            "aws_elasticache_subnet_group.main",
            "aws_security_group.redis",
            "aws_subnet.private",
            "aws_vpc.main"
          ]
        }
      ]
    },
    {
      "mode": "managed",
      "type": "aws_elasticache_subnet_group",
      "name": "main",
      "provider": "provider[\"registry.terraform.io/hashicorp/aws\"]",
      "instances": [
        {
          "schema_version": 0,
          "attributes": {
            "arn": "arn:aws:elasticache:ap-south-1:264595824735:subnetgroup:learner-dev-redis",
            "description": "Managed by Terraform",
            "id": "learner-dev-redis",
            "name": "learner-dev-redis",
            "region": "ap-south-1",
            "subnet_ids": [
              "subnet-00ab14c27823d0127",
              "subnet-02d8c086dbba8ac86"
            ],
            "tags": {},
            "tags_all": {},
            "vpc_id": "vpc-09649eba0d62041ce"
          },
          "sensitive_attributes": [],
          "identity_schema_version": 0,
          "private": "bnVsbA==",
          "dependencies": [
            "aws_subnet.private",
            "aws_vpc.main"
          ]
        }
      ]
    },
    {
      "mode": "managed",
      "type": "aws_iam_instance_profile",
      "name": "ecs_instance",
      "provider": "provider[\"registry.terraform.io/hashicorp/aws\"]",
      "instances": [
        {
          "schema_version": 0,
          "attributes": {
            "arn": "arn:aws:iam::264595824735:instance-profile/learner-dev-ecs-instance-profile",
            "create_date": "2026-06-30T04:52:35Z",
            "id": "learner-dev-ecs-instance-profile",
            "name": "learner-dev-ecs-instance-profile",
            "name_prefix": "",
            "path": "/",
            "role": "learner-dev-ecs-instance-role",
            "tags": {},
            "tags_all": {},
            "unique_id": "AIPAT3GZD4BPRTMS7D2PR"
          },
          "sensitive_attributes": [],
          "identity_schema_version": 0,
          "identity": {
            "account_id": "264595824735",
            "name": "learner-dev-ecs-instance-profile"
          },
          "private": "bnVsbA==",
          "dependencies": [
            "aws_iam_role.ecs_instance"
          ]
        }
      ]
    },
    {
      "mode": "managed",
      "type": "aws_iam_policy",
      "name": "app_storage",
      "provider": "provider[\"registry.terraform.io/hashicorp/aws\"]",
      "instances": [
        {
          "schema_version": 0,
          "attributes": {
            "arn": "arn:aws:iam::264595824735:policy/learner-dev-app-storage",
            "attachment_count": 1,
            "delay_after_policy_creation_in_ms": null,
            "description": "",
            "id": "arn:aws:iam::264595824735:policy/learner-dev-app-storage",
            "name": "learner-dev-app-storage",
            "name_prefix": "",
            "path": "/",
            "policy": "{\"Statement\":[{\"Action\":[\"s3:GetObject\",\"s3:PutObject\",\"s3:DeleteObject\"],\"Effect\":\"Allow\",\"Resource\":[\"arn:aws:s3:::learner-dev-app-storage/*\"],\"Sid\":\"ApplicationReadDelete\"},{\"Action\":\"s3:ListBucket\",\"Effect\":\"Allow\",\"Resource\":[\"arn:aws:s3:::learner-dev-app-storage\"],\"Sid\":\"ListAppStorageBucket\"}],\"Version\":\"2012-10-17\"}",
            "policy_id": "ANPAT3GZD4BPYRUPJ2UPI",
            "tags": {},
            "tags_all": {}
          },
          "sensitive_attributes": [],
          "identity_schema_version": 0,
          "identity": {
            "arn": "arn:aws:iam::264595824735:policy/learner-dev-app-storage"
          },
          "private": "bnVsbA==",
          "dependencies": [
            "aws_s3_bucket.app_storage"
          ]
        }
      ]
    },
    {
      "mode": "managed",
      "type": "aws_iam_policy",
      "name": "env_file_read",
      "provider": "provider[\"registry.terraform.io/hashicorp/aws\"]",
      "instances": [
        {
          "schema_version": 0,
          "attributes": {
            "arn": "arn:aws:iam::264595824735:policy/learner-dev-env-file-read",
            "attachment_count": 2,
            "delay_after_policy_creation_in_ms": null,
            "description": "",
            "id": "arn:aws:iam::264595824735:policy/learner-dev-env-file-read",
            "name": "learner-dev-env-file-read",
            "name_prefix": "",
            "path": "/",
            "policy": "{\"Statement\":[{\"Action\":[\"s3:GetObject\"],\"Effect\":\"Allow\",\"Resource\":[\"arn:aws:s3:::learner-dev-env-files/*\"],\"Sid\":\"EnvFileReadObjectActions\"},{\"Action\":\"s3:ListBucket\",\"Effect\":\"Allow\",\"Resource\":[\"arn:aws:s3:::learner-dev-env-files\"],\"Sid\":\"ListEnvBucket\"}],\"Version\":\"2012-10-17\"}",
            "policy_id": "ANPAT3GZD4BPW5I4PQEYG",
            "tags": {},
            "tags_all": {}
          },
          "sensitive_attributes": [],
          "identity_schema_version": 0,
          "identity": {
            "arn": "arn:aws:iam::264595824735:policy/learner-dev-env-file-read"
          },
          "private": "bnVsbA==",
          "dependencies": [
            "aws_s3_bucket.env_files"
          ]
        }
      ]
    },
    {
      "mode": "managed",
      "type": "aws_iam_policy",
      "name": "github_deploy",
      "provider": "provider[\"registry.terraform.io/hashicorp/aws\"]",
      "instances": [
        {
          "schema_version": 0,
          "attributes": {
            "arn": "arn:aws:iam::264595824735:policy/learner-dev-github-deploy",
            "attachment_count": 1,
            "delay_after_policy_creation_in_ms": null,
            "description": "",
            "id": "arn:aws:iam::264595824735:policy/learner-dev-github-deploy",
            "name": "learner-dev-github-deploy",
            "name_prefix": "",
            "path": "/",
            "policy": "{\"Statement\":[{\"Action\":[\"ecr:GetAuthorizationToken\"],\"Effect\":\"Allow\",\"Resource\":\"*\"},{\"Action\":[\"ecr:BatchCheckLayerAvailability\",\"ecr:CompleteLayerUpload\",\"ecr:InitiateLayerUpload\",\"ecr:PutImage\",\"ecr:UploadLayerPart\",\"ecr:BatchGetImage\"],\"Effect\":\"Allow\",\"Resource\":\"arn:aws:ecr:ap-south-1:264595824735:repository/learner/backend\"},{\"Action\":[\"ecs:DescribeTaskDefinition\",\"ecs:RegisterTaskDefinition\",\"ecs:RunTask\",\"ecs:DescribeTasks\",\"ecs:UpdateService\"],\"Effect\":\"Allow\",\"Resource\":\"*\"},{\"Action\":[\"ecs:DescribeServices\",\"ecs:DescribeClusters\"],\"Effect\":\"Allow\",\"Resource\":\"*\"},{\"Action\":[\"iam:PassRole\"],\"Effect\":\"Allow\",\"Resource\":[\"arn:aws:iam::264595824735:role/learner-dev-ecs-task-role\",\"arn:aws:iam::264595824735:role/learner-dev-ecs-task-execution-role\"]}],\"Version\":\"2012-10-17\"}",
            "policy_id": "ANPAT3GZD4BP5GICXEJKU",
            "tags": {},
            "tags_all": {}
          },
          "sensitive_attributes": [],
          "identity_schema_version": 0,
          "identity": {
            "arn": "arn:aws:iam::264595824735:policy/learner-dev-github-deploy"
          },
          "private": "bnVsbA==",
          "dependencies": [
            "aws_ecr_repository.web",
            "aws_iam_role.ecs_task_execution_role",
            "aws_iam_role.ecs_task_role"
          ]
        }
      ]
    },
    {
      "mode": "managed",
      "type": "aws_iam_role",
      "name": "ecs_instance",
      "provider": "provider[\"registry.terraform.io/hashicorp/aws\"]",
      "instances": [
        {
          "schema_version": 0,
          "attributes": {
            "arn": "arn:aws:iam::264595824735:role/learner-dev-ecs-instance-role",
            "assume_role_policy": "{\"Statement\":[{\"Action\":\"sts:AssumeRole\",\"Effect\":\"Allow\",\"Principal\":{\"Service\":\"ec2.amazonaws.com\"}}],\"Version\":\"2012-10-17\"}",
            "create_date": "2026-06-30T04:52:32Z",
            "description": "",
            "force_detach_policies": false,
            "id": "learner-dev-ecs-instance-role",
            "inline_policy": [],
            "managed_policy_arns": [
              "arn:aws:iam::aws:policy/AmazonSSMManagedInstanceCore",
              "arn:aws:iam::aws:policy/service-role/AmazonEC2ContainerServiceforEC2Role"
            ],
            "max_session_duration": 3600,
            "name": "learner-dev-ecs-instance-role",
            "name_prefix": "",
            "path": "/",
            "permissions_boundary": "",
            "tags": {
              "Environment": "dev",
              "Managed_by": "Terraform",
              "Name": "learner-dev-ecs-instance-role",
              "Project": "learner"
            },
            "tags_all": {
              "Environment": "dev",
              "Managed_by": "Terraform",
              "Name": "learner-dev-ecs-instance-role",
              "Project": "learner"
            },
            "unique_id": "AROAT3GZD4BP4XXA6TWUG"
          },
          "sensitive_attributes": [],
          "identity_schema_version": 0,
          "identity": {
            "account_id": "264595824735",
            "name": "learner-dev-ecs-instance-role"
          },
          "private": "bnVsbA=="
        }
      ]
    },
    {
      "mode": "managed",
      "type": "aws_iam_role",
      "name": "ecs_task_execution_role",
      "provider": "provider[\"registry.terraform.io/hashicorp/aws\"]",
      "instances": [
        {
          "schema_version": 0,
          "attributes": {
            "arn": "arn:aws:iam::264595824735:role/learner-dev-ecs-task-execution-role",
            "assume_role_policy": "{\"Statement\":[{\"Action\":\"sts:AssumeRole\",\"Effect\":\"Allow\",\"Principal\":{\"Service\":\"ecs-tasks.amazonaws.com\"}}],\"Version\":\"2012-10-17\"}",
            "create_date": "2026-06-30T04:52:32Z",
            "description": "",
            "force_detach_policies": false,
            "id": "learner-dev-ecs-task-execution-role",
            "inline_policy": [],
            "managed_policy_arns": [
              "arn:aws:iam::264595824735:policy/learner-dev-env-file-read",
              "arn:aws:iam::aws:policy/AWSSecretsManagerClientReadOnlyAccess",
              "arn:aws:iam::aws:policy/service-role/AmazonECSTaskExecutionRolePolicy"
            ],
            "max_session_duration": 3600,
            "name": "learner-dev-ecs-task-execution-role",
            "name_prefix": "",
            "path": "/",
            "permissions_boundary": "",
            "tags": {},
            "tags_all": {},
            "unique_id": "AROAT3GZD4BP5I27RJTOK"
          },
          "sensitive_attributes": [],
          "identity_schema_version": 0,
          "identity": {
            "account_id": "264595824735",
            "name": "learner-dev-ecs-task-execution-role"
          },
          "private": "bnVsbA=="
        }
      ]
    },
    {
      "mode": "managed",
      "type": "aws_iam_role",
      "name": "ecs_task_role",
      "provider": "provider[\"registry.terraform.io/hashicorp/aws\"]",
      "instances": [
        {
          "schema_version": 0,
          "attributes": {
            "arn": "arn:aws:iam::264595824735:role/learner-dev-ecs-task-role",
            "assume_role_policy": "{\"Statement\":[{\"Action\":\"sts:AssumeRole\",\"Effect\":\"Allow\",\"Principal\":{\"Service\":\"ecs-tasks.amazonaws.com\"}}],\"Version\":\"2012-10-17\"}",
            "create_date": "2026-06-30T04:52:32Z",
            "description": "",
            "force_detach_policies": false,
            "id": "learner-dev-ecs-task-role",
            "inline_policy": [],
            "managed_policy_arns": [
              "arn:aws:iam::264595824735:policy/learner-dev-app-storage",
              "arn:aws:iam::264595824735:policy/learner-dev-env-file-read",
              "arn:aws:iam::aws:policy/AWSSecretsManagerClientReadOnlyAccess"
            ],
            "max_session_duration": 3600,
            "name": "learner-dev-ecs-task-role",
            "name_prefix": "",
            "path": "/",
            "permissions_boundary": "",
            "tags": {
              "Environment": "dev",
              "Managed_by": "Terraform",
              "Name": "learner-dev-ecs-task-role",
              "Project": "learner"
            },
            "tags_all": {
              "Environment": "dev",
              "Managed_by": "Terraform",
              "Name": "learner-dev-ecs-task-role",
              "Project": "learner"
            },
            "unique_id": "AROAT3GZD4BPURSFNVZAF"
          },
          "sensitive_attributes": [],
          "identity_schema_version": 0,
          "identity": {
            "account_id": "264595824735",
            "name": "learner-dev-ecs-task-role"
          },
          "private": "bnVsbA=="
        }
      ]
    },
    {
      "mode": "managed",
      "type": "aws_iam_role",
      "name": "github_deploy",
      "provider": "provider[\"registry.terraform.io/hashicorp/aws\"]",
      "instances": [
        {
          "schema_version": 0,
          "attributes": {
            "arn": "arn:aws:iam::264595824735:role/learner-dev-github-deploy",
            "assume_role_policy": "{\"Statement\":[{\"Action\":\"sts:AssumeRoleWithWebIdentity\",\"Condition\":{\"StringEquals\":{\"token.actions.githubusercontent.com:aud\":\"sts.amazonaws.com\"},\"StringLike\":{\"token.actions.githubusercontent.com:sub\":[\"repo:aryalsaurav/renter:ref:refs/heads/main\"]}},\"Effect\":\"Allow\",\"Principal\":{\"Federated\":\"arn:aws:iam::264595824735:oidc-provider/token.actions.githubusercontent.com\"}}],\"Version\":\"2012-10-17\"}",
            "create_date": "2026-06-30T04:52:32Z",
            "description": "",
            "force_detach_policies": false,
            "id": "learner-dev-github-deploy",
            "inline_policy": [],
            "managed_policy_arns": [
              "arn:aws:iam::264595824735:policy/learner-dev-github-deploy"
            ],
            "max_session_duration": 3600,
            "name": "learner-dev-github-deploy",
            "name_prefix": "",
            "path": "/",
            "permissions_boundary": "",
            "tags": {},
            "tags_all": {},
            "unique_id": "AROAT3GZD4BPTJLHISQD6"
          },
          "sensitive_attributes": [],
          "identity_schema_version": 0,
          "identity": {
            "account_id": "264595824735",
            "name": "learner-dev-github-deploy"
          },
          "private": "bnVsbA=="
        }
      ]
    },
    {
      "mode": "managed",
      "type": "aws_iam_role_policy_attachment",
      "name": "ecs",
      "provider": "provider[\"registry.terraform.io/hashicorp/aws\"]",
      "instances": [
        {
          "schema_version": 0,
          "attributes": {
            "id": "learner-dev-ecs-instance-role/arn:aws:iam::aws:policy/service-role/AmazonEC2ContainerServiceforEC2Role",
            "policy_arn": "arn:aws:iam::aws:policy/service-role/AmazonEC2ContainerServiceforEC2Role",
            "role": "learner-dev-ecs-instance-role"
          },
          "sensitive_attributes": [],
          "identity_schema_version": 0,
          "identity": {
            "account_id": "264595824735",
            "policy_arn": "arn:aws:iam::aws:policy/service-role/AmazonEC2ContainerServiceforEC2Role",
            "role": "learner-dev-ecs-instance-role"
          },
          "private": "bnVsbA==",
          "dependencies": [
            "aws_iam_role.ecs_instance"
          ]
        }
      ]
    },
    {
      "mode": "managed",
      "type": "aws_iam_role_policy_attachment",
      "name": "ecs_task",
      "provider": "provider[\"registry.terraform.io/hashicorp/aws\"]",
      "instances": [
        {
          "schema_version": 0,
          "attributes": {
            "id": "learner-dev-ecs-task-execution-role/arn:aws:iam::aws:policy/service-role/AmazonECSTaskExecutionRolePolicy",
            "policy_arn": "arn:aws:iam::aws:policy/service-role/AmazonECSTaskExecutionRolePolicy",
            "role": "learner-dev-ecs-task-execution-role"
          },
          "sensitive_attributes": [],
          "identity_schema_version": 0,
          "identity": {
            "account_id": "264595824735",
            "policy_arn": "arn:aws:iam::aws:policy/service-role/AmazonECSTaskExecutionRolePolicy",
            "role": "learner-dev-ecs-task-execution-role"
          },
          "private": "bnVsbA==",
          "dependencies": [
            "aws_iam_role.ecs_task_execution_role"
          ]
        }
      ]
    },
    {
      "mode": "managed",
      "type": "aws_iam_role_policy_attachment",
      "name": "github_deploy",
      "provider": "provider[\"registry.terraform.io/hashicorp/aws\"]",
      "instances": [
        {
          "schema_version": 0,
          "attributes": {
            "id": "learner-dev-github-deploy/arn:aws:iam::264595824735:policy/learner-dev-github-deploy",
            "policy_arn": "arn:aws:iam::264595824735:policy/learner-dev-github-deploy",
            "role": "learner-dev-github-deploy"
          },
          "sensitive_attributes": [],
          "identity_schema_version": 0,
          "identity": {
            "account_id": "264595824735",
            "policy_arn": "arn:aws:iam::264595824735:policy/learner-dev-github-deploy",
            "role": "learner-dev-github-deploy"
          },
          "private": "bnVsbA==",
          "dependencies": [
            "aws_ecr_repository.web",
            "aws_iam_policy.github_deploy",
            "aws_iam_role.ecs_task_execution_role",
            "aws_iam_role.ecs_task_role",
            "aws_iam_role.github_deploy"
          ]
        }
      ]
    },
    {
      "mode": "managed",
      "type": "aws_iam_role_policy_attachment",
      "name": "secret_manager",
      "provider": "provider[\"registry.terraform.io/hashicorp/aws\"]",
      "instances": [
        {
          "schema_version": 0,
          "attributes": {
            "id": "learner-dev-ecs-task-execution-role/arn:aws:iam::aws:policy/AWSSecretsManagerClientReadOnlyAccess",
            "policy_arn": "arn:aws:iam::aws:policy/AWSSecretsManagerClientReadOnlyAccess",
            "role": "learner-dev-ecs-task-execution-role"
          },
          "sensitive_attributes": [],
          "identity_schema_version": 0,
          "identity": {
            "account_id": "264595824735",
            "policy_arn": "arn:aws:iam::aws:policy/AWSSecretsManagerClientReadOnlyAccess",
            "role": "learner-dev-ecs-task-execution-role"
          },
          "private": "bnVsbA==",
          "dependencies": [
            "aws_iam_role.ecs_task_execution_role"
          ]
        }
      ]
    },
    {
      "mode": "managed",
      "type": "aws_iam_role_policy_attachment",
      "name": "secret_manager_task",
      "provider": "provider[\"registry.terraform.io/hashicorp/aws\"]",
      "instances": [
        {
          "schema_version": 0,
          "attributes": {
            "id": "learner-dev-ecs-task-role/arn:aws:iam::aws:policy/AWSSecretsManagerClientReadOnlyAccess",
            "policy_arn": "arn:aws:iam::aws:policy/AWSSecretsManagerClientReadOnlyAccess",
            "role": "learner-dev-ecs-task-role"
          },
          "sensitive_attributes": [],
          "identity_schema_version": 0,
          "identity": {
            "account_id": "264595824735",
            "policy_arn": "arn:aws:iam::aws:policy/AWSSecretsManagerClientReadOnlyAccess",
            "role": "learner-dev-ecs-task-role"
          },
          "private": "bnVsbA==",
          "dependencies": [
            "aws_iam_role.ecs_task_role"
          ]
        }
      ]
    },
    {
      "mode": "managed",
      "type": "aws_iam_role_policy_attachment",
      "name": "ssm",
      "provider": "provider[\"registry.terraform.io/hashicorp/aws\"]",
      "instances": [
        {
          "schema_version": 0,
          "attributes": {
            "id": "learner-dev-ecs-instance-role/arn:aws:iam::aws:policy/AmazonSSMManagedInstanceCore",
            "policy_arn": "arn:aws:iam::aws:policy/AmazonSSMManagedInstanceCore",
            "role": "learner-dev-ecs-instance-role"
          },
          "sensitive_attributes": [],
          "identity_schema_version": 0,
          "identity": {
            "account_id": "264595824735",
            "policy_arn": "arn:aws:iam::aws:policy/AmazonSSMManagedInstanceCore",
            "role": "learner-dev-ecs-instance-role"
          },
          "private": "bnVsbA==",
          "dependencies": [
            "aws_iam_role.ecs_instance"
          ]
        }
      ]
    },
    {
      "mode": "managed",
      "type": "aws_iam_role_policy_attachment",
      "name": "task_app_storage",
      "provider": "provider[\"registry.terraform.io/hashicorp/aws\"]",
      "instances": [
        {
          "schema_version": 0,
          "attributes": {
            "id": "learner-dev-ecs-task-role/arn:aws:iam::264595824735:policy/learner-dev-app-storage",
            "policy_arn": "arn:aws:iam::264595824735:policy/learner-dev-app-storage",
            "role": "learner-dev-ecs-task-role"
          },
          "sensitive_attributes": [],
          "identity_schema_version": 0,
          "identity": {
            "account_id": "264595824735",
            "policy_arn": "arn:aws:iam::264595824735:policy/learner-dev-app-storage",
            "role": "learner-dev-ecs-task-role"
          },
          "private": "bnVsbA==",
          "dependencies": [
            "aws_iam_policy.app_storage",
            "aws_iam_role.ecs_task_role",
            "aws_s3_bucket.app_storage"
          ]
        }
      ]
    },
    {
      "mode": "managed",
      "type": "aws_iam_role_policy_attachment",
      "name": "task_env_read",
      "provider": "provider[\"registry.terraform.io/hashicorp/aws\"]",
      "instances": [
        {
          "schema_version": 0,
          "attributes": {
            "id": "learner-dev-ecs-task-role/arn:aws:iam::264595824735:policy/learner-dev-env-file-read",
            "policy_arn": "arn:aws:iam::264595824735:policy/learner-dev-env-file-read",
            "role": "learner-dev-ecs-task-role"
          },
          "sensitive_attributes": [],
          "identity_schema_version": 0,
          "identity": {
            "account_id": "264595824735",
            "policy_arn": "arn:aws:iam::264595824735:policy/learner-dev-env-file-read",
            "role": "learner-dev-ecs-task-role"
          },
          "private": "bnVsbA==",
          "dependencies": [
            "aws_iam_policy.env_file_read",
            "aws_iam_role.ecs_task_role",
            "aws_s3_bucket.env_files"
          ]
        }
      ]
    },
    {
      "mode": "managed",
      "type": "aws_iam_role_policy_attachment",
      "name": "task_exec_env_read",
      "provider": "provider[\"registry.terraform.io/hashicorp/aws\"]",
      "instances": [
        {
          "schema_version": 0,
          "attributes": {
            "id": "learner-dev-ecs-task-execution-role/arn:aws:iam::264595824735:policy/learner-dev-env-file-read",
            "policy_arn": "arn:aws:iam::264595824735:policy/learner-dev-env-file-read",
            "role": "learner-dev-ecs-task-execution-role"
          },
          "sensitive_attributes": [],
          "identity_schema_version": 0,
          "identity": {
            "account_id": "264595824735",
            "policy_arn": "arn:aws:iam::264595824735:policy/learner-dev-env-file-read",
            "role": "learner-dev-ecs-task-execution-role"
          },
          "private": "bnVsbA==",
          "dependencies": [
            "aws_iam_policy.env_file_read",
            "aws_iam_role.ecs_task_execution_role",
            "aws_s3_bucket.env_files"
          ]
        }
      ]
    },
    {
      "mode": "managed",
      "type": "aws_internet_gateway",
      "name": "main",
      "provider": "provider[\"registry.terraform.io/hashicorp/aws\"]",
      "instances": [
        {
          "schema_version": 0,
          "attributes": {
            "arn": "arn:aws:ec2:ap-south-1:264595824735:internet-gateway/igw-03baa095a6cb0d67d",
            "id": "igw-03baa095a6cb0d67d",
            "owner_id": "264595824735",
            "region": "ap-south-1",
            "tags": {
              "Environment": "dev",
              "Managed_by": "Terraform",
              "Name": "learner-dev-igw",
              "Project": "learner"
            },
            "tags_all": {
              "Environment": "dev",
              "Managed_by": "Terraform",
              "Name": "learner-dev-igw",
              "Project": "learner"
            },
            "timeouts": null,
            "vpc_id": "vpc-09649eba0d62041ce"
          },
          "sensitive_attributes": [],
          "identity_schema_version": 0,
          "identity": {
            "account_id": "264595824735",
            "id": "igw-03baa095a6cb0d67d",
            "region": "ap-south-1"
          },
          "private": "eyJlMmJmYjczMC1lY2FhLTExZTYtOGY4OC0zNDM2M2JjN2M0YzAiOnsiY3JlYXRlIjoxMjAwMDAwMDAwMDAwLCJkZWxldGUiOjEyMDAwMDAwMDAwMDAsInVwZGF0ZSI6MTIwMDAwMDAwMDAwMH19",
          "dependencies": [
            "aws_vpc.main"
          ]
        }
      ]
    },
    {
      "mode": "managed",
      "type": "aws_launch_template",
      "name": "ecs",
      "provider": "provider[\"registry.terraform.io/hashicorp/aws\"]",
      "instances": [
        {
          "schema_version": 1,
          "attributes": {
            "arn": "arn:aws:ec2:ap-south-1:264595824735:launch-template/lt-0f4c8a81be615a407",
            "block_device_mappings": [
              {
                "device_name": "/dev/xvda",
                "ebs": [
                  {
                    "delete_on_termination": "true",
                    "encrypted": "",
                    "iops": 0,
                    "kms_key_id": "",
                    "snapshot_id": "",
                    "throughput": 0,
                    "volume_initialization_rate": 0,
                    "volume_size": 30,
                    "volume_type": "gp3"
                  }
                ],
                "no_device": "",
                "virtual_name": ""
              }
            ],
            "capacity_reservation_specification": [],
            "cpu_options": [],
            "credit_specification": [],
            "default_version": 1,
            "description": "",
            "disable_api_stop": false,
            "disable_api_termination": false,
            "ebs_optimized": "",
            "enclave_options": [],
            "hibernation_options": [],
            "iam_instance_profile": [
              {
                "arn": "arn:aws:iam::264595824735:instance-profile/learner-dev-ecs-instance-profile",
                "name": ""
              }
            ],
            "id": "lt-0f4c8a81be615a407",
            "image_id": "ami-010fd7643585f99f9",
            "instance_initiated_shutdown_behavior": "",
            "instance_market_options": [],
            "instance_requirements": [],
            "instance_type": "t3.micro",
            "kernel_id": "",
            "key_name": "",
            "latest_version": 1,
            "license_specification": [],
            "maintenance_options": [],
            "metadata_options": [],
            "monitoring": [],
            "name": "learner-dev-ecs-20260630045243313100000003",
            "name_prefix": "learner-dev-ecs-",
            "network_interfaces": [],
            "network_performance_options": [],
            "placement": [],
            "private_dns_name_options": [],
            "ram_disk_id": "",
            "region": "ap-south-1",
            "secondary_interfaces": [],
            "security_group_names": [],
            "tag_specifications": [
              {
                "resource_type": "instance",
                "tags": {
                  "Environment": "dev",
                  "Managed_by": "Terraform",
                  "Name": "learner-dev-ecs-instance",
                  "Project": "learner"
                }
              }
            ],
            "tags": {
              "Environment": "dev",
              "Managed_by": "Terraform",
              "Name": "learner-dev-ecs-instance",
              "Project": "learner"
            },
            "tags_all": {
              "Environment": "dev",
              "Managed_by": "Terraform",
              "Name": "learner-dev-ecs-instance",
              "Project": "learner"
            },
            "update_default_version": null,
            "user_data": "IyEvYmluL2Jhc2gKCmV4ZWMgPiA+KHRlZSAvdmFyL2xvZy91c2VyLWRhdGEubG9nKQpleGVjIDI+JjEKCmRuZiBpbnN0YWxsIGRvY2tlciAteQpzeXN0ZW1jdGwgZW5hYmxlIC0tbm93IGRvY2tlcgoKCmRuZiBpbnN0YWxsIGFtYXpvbi1zc20tYWdlbnQgLXkKc3lzdGVtY3RsIGVuYWJsZSAtLW5vdyBhbWF6b24tc3NtLWFnZW50Cgpta2RpciAtcCAvZXRjL2VjcwplY2hvICJFQ1NfQ0xVU1RFUj1sZWFybmVyLWRldi1jbHVzdGVyIiA+PiAvZXRjL2Vjcy9lY3MuY29uZmlnCgpkbmYgaW5zdGFsbCBlY3MtaW5pdCAteQpzeXN0ZW1jdGwgZW5hYmxlIC0tbm93IC0tbm8tYmxvY2sgZWNz",
            "vpc_security_group_ids": [
              "sg-0e82dfa0759a5c685"
            ]
          },
          "sensitive_attributes": [],
          "identity_schema_version": 0,
          "identity": {
            "account_id": "264595824735",
            "id": "lt-0f4c8a81be615a407",
            "region": "ap-south-1"
          },
          "private": "eyJzY2hlbWFfdmVyc2lvbiI6IjEifQ==",
          "dependencies": [
            "aws_ecs_cluster.main",
            "aws_iam_instance_profile.ecs_instance",
            "aws_iam_role.ecs_instance",
            "aws_security_group.ecs_instance",
            "aws_vpc.main",
            "data.aws_ami.amazon_linux"
          ]
        }
      ]
    },
    {
      "mode": "managed",
      "type": "aws_lb",
      "name": "server",
      "provider": "provider[\"registry.terraform.io/hashicorp/aws\"]",
      "instances": [
        {
          "schema_version": 0,
          "attributes": {
            "access_logs": [
              {
                "bucket": "",
                "enabled": false,
                "prefix": ""
              }
            ],
            "arn": "arn:aws:elasticloadbalancing:ap-south-1:264595824735:loadbalancer/app/learner-dev-alb/ef2bf25f21c70bda",
            "arn_suffix": "app/learner-dev-alb/ef2bf25f21c70bda",
            "client_keep_alive": 3600,
            "connection_logs": [
              {
                "bucket": "",
                "enabled": false,
                "prefix": ""
              }
            ],
            "customer_owned_ipv4_pool": "",
            "desync_mitigation_mode": "defensive",
            "dns_name": "learner-dev-alb-245898466.ap-south-1.elb.amazonaws.com",
            "dns_record_client_routing_policy": null,
            "drop_invalid_header_fields": false,
            "enable_cross_zone_load_balancing": true,
            "enable_deletion_protection": false,
            "enable_http2": true,
            "enable_prefix_for_ipv6_source_nat": "off",
            "enable_tls_version_and_cipher_suite_headers": false,
            "enable_waf_fail_open": false,
            "enable_xff_client_port": false,
            "enable_zonal_shift": false,
            "enforce_security_group_inbound_rules_on_private_link_traffic": "",
            "health_check_logs": [
              {
                "bucket": "",
                "enabled": false,
                "prefix": ""
              }
            ],
            "id": "arn:aws:elasticloadbalancing:ap-south-1:264595824735:loadbalancer/app/learner-dev-alb/ef2bf25f21c70bda",
            "idle_timeout": 60,
            "internal": false,
            "ip_address_type": "ipv4",
            "ipam_pools": [],
            "load_balancer_type": "application",
            "minimum_load_balancer_capacity": [],
            "name": "learner-dev-alb",
            "name_prefix": "",
            "preserve_host_header": false,
            "region": "ap-south-1",
            "secondary_ips_auto_assigned_per_subnet": null,
            "security_groups": [
              "sg-0d67ced7f7289cd19"
            ],
            "subnet_mapping": [
              {
                "allocation_id": "",
                "ipv6_address": "",
                "outpost_id": "",
                "private_ipv4_address": "",
                "subnet_id": "subnet-039b3975fc4665d0a"
              },
              {
                "allocation_id": "",
                "ipv6_address": "",
                "outpost_id": "",
                "private_ipv4_address": "",
                "subnet_id": "subnet-0f06629ee138bb0ee"
              }
            ],
            "subnets": [
              "subnet-039b3975fc4665d0a",
              "subnet-0f06629ee138bb0ee"
            ],
            "tags": {
              "Environment": "dev",
              "Managed_by": "Terraform",
              "Name": "learner-dev-alb",
              "Project": "learner"
            },
            "tags_all": {
              "Environment": "dev",
              "Managed_by": "Terraform",
              "Name": "learner-dev-alb",
              "Project": "learner"
            },
            "timeouts": null,
            "vpc_id": "vpc-09649eba0d62041ce",
            "xff_header_processing_mode": "append",
            "zone_id": "ZP97RAFLXTNZK"
          },
          "sensitive_attributes": [],
          "identity_schema_version": 0,
          "identity": {
            "arn": "arn:aws:elasticloadbalancing:ap-south-1:264595824735:loadbalancer/app/learner-dev-alb/ef2bf25f21c70bda"
          },
          "private": "eyJlMmJmYjczMC1lY2FhLTExZTYtOGY4OC0zNDM2M2JjN2M0YzAiOnsiY3JlYXRlIjo2MDAwMDAwMDAwMDAsImRlbGV0ZSI6NjAwMDAwMDAwMDAwLCJ1cGRhdGUiOjYwMDAwMDAwMDAwMH19",
          "dependencies": [
            "aws_security_group.alb",
            "aws_subnet.public",
            "aws_vpc.main"
          ]
        }
      ]
    },
    {
      "mode": "managed",
      "type": "aws_lb_listener",
      "name": "http",
      "provider": "provider[\"registry.terraform.io/hashicorp/aws\"]",
      "instances": [
        {
          "schema_version": 0,
          "attributes": {
            "alpn_policy": null,
            "arn": "arn:aws:elasticloadbalancing:ap-south-1:264595824735:listener/app/learner-dev-alb/ef2bf25f21c70bda/77a76526935c8346",
            "certificate_arn": null,
            "default_action": [
              {
                "authenticate_cognito": [],
                "authenticate_oidc": [],
                "fixed_response": [],
                "forward": [],
                "jwt_validation": [],
                "order": 1,
                "redirect": [],
                "target_group_arn": "arn:aws:elasticloadbalancing:ap-south-1:264595824735:targetgroup/learner-dev-tg/0f9669c1cc07c89c",
                "type": "forward"
              }
            ],
            "id": "arn:aws:elasticloadbalancing:ap-south-1:264595824735:listener/app/learner-dev-alb/ef2bf25f21c70bda/77a76526935c8346",
            "load_balancer_arn": "arn:aws:elasticloadbalancing:ap-south-1:264595824735:loadbalancer/app/learner-dev-alb/ef2bf25f21c70bda",
            "mutual_authentication": [],
            "port": 80,
            "protocol": "HTTP",
            "region": "ap-south-1",
            "routing_http_request_x_amzn_mtls_clientcert_header_name": null,
            "routing_http_request_x_amzn_mtls_clientcert_issuer_header_name": null,
            "routing_http_request_x_amzn_mtls_clientcert_leaf_header_name": null,
            "routing_http_request_x_amzn_mtls_clientcert_serial_number_header_name": null,
            "routing_http_request_x_amzn_mtls_clientcert_subject_header_name": null,
            "routing_http_request_x_amzn_mtls_clientcert_validity_header_name": null,
            "routing_http_request_x_amzn_tls_cipher_suite_header_name": null,
            "routing_http_request_x_amzn_tls_version_header_name": null,
            "routing_http_response_access_control_allow_credentials_header_value": "",
            "routing_http_response_access_control_allow_headers_header_value": "",
            "routing_http_response_access_control_allow_methods_header_value": "",
            "routing_http_response_access_control_allow_origin_header_value": "",
            "routing_http_response_access_control_expose_headers_header_value": "",
            "routing_http_response_access_control_max_age_header_value": "",
            "routing_http_response_content_security_policy_header_value": "",
            "routing_http_response_server_enabled": true,
            "routing_http_response_strict_transport_security_header_value": "",
            "routing_http_response_x_content_type_options_header_value": "",
            "routing_http_response_x_frame_options_header_value": "",
            "ssl_policy": "",
            "tags": {},
            "tags_all": {},
            "tcp_idle_timeout_seconds": null,
            "timeouts": null
          },
          "sensitive_attributes": [],
          "identity_schema_version": 0,
          "identity": {
            "arn": "arn:aws:elasticloadbalancing:ap-south-1:264595824735:listener/app/learner-dev-alb/ef2bf25f21c70bda/77a76526935c8346"
          },
          "private": "eyJlMmJmYjczMC1lY2FhLTExZTYtOGY4OC0zNDM2M2JjN2M0YzAiOnsiY3JlYXRlIjozMDAwMDAwMDAwMDAsInVwZGF0ZSI6MzAwMDAwMDAwMDAwfX0=",
          "dependencies": [
            "aws_alb_target_group.server",
            "aws_lb.server",
            "aws_security_group.alb",
            "aws_subnet.public",
            "aws_vpc.main"
          ]
        }
      ]
    },
    {
      "mode": "managed",
      "type": "aws_nat_gateway",
      "name": "main",
      "provider": "provider[\"registry.terraform.io/hashicorp/aws\"]",
      "instances": [
        {
          "schema_version": 0,
          "attributes": {
            "allocation_id": "eipalloc-0b41d34b36a76e291",
            "association_id": "eipassoc-0c0fff4e0355db9e0",
            "auto_provision_zones": null,
            "auto_scaling_ips": null,
            "availability_mode": "zonal",
            "availability_zone_address": [],
            "connectivity_type": "public",
            "id": "nat-010fdb98dfb2bd64b",
            "network_interface_id": "eni-0e7ac6395386b1121",
            "private_ip": "10.0.1.246",
            "public_ip": "3.7.162.217",
            "region": "ap-south-1",
            "regional_nat_gateway_address": [],
            "regional_nat_gateway_auto_mode": null,
            "route_table_id": null,
            "secondary_allocation_ids": [],
            "secondary_private_ip_address_count": 0,
            "secondary_private_ip_addresses": [],
            "subnet_id": "subnet-039b3975fc4665d0a",
            "tags": {
              "Environment": "dev",
              "Managed_by": "Terraform",
              "Name": "learner-dev-nat",
              "Project": "learner"
            },
            "tags_all": {
              "Environment": "dev",
              "Managed_by": "Terraform",
              "Name": "learner-dev-nat",
              "Project": "learner"
            },
            "timeouts": null,
            "vpc_id": "vpc-09649eba0d62041ce"
          },
          "sensitive_attributes": [],
          "identity_schema_version": 0,
          "identity": {
            "account_id": "264595824735",
            "id": "nat-010fdb98dfb2bd64b",
            "region": "ap-south-1"
          },
          "private": "eyJlMmJmYjczMC1lY2FhLTExZTYtOGY4OC0zNDM2M2JjN2M0YzAiOnsiY3JlYXRlIjo2MDAwMDAwMDAwMDAsImRlbGV0ZSI6MTgwMDAwMDAwMDAwMCwidXBkYXRlIjo2MDAwMDAwMDAwMDB9fQ==",
          "dependencies": [
            "aws_eip.nat",
            "aws_internet_gateway.main",
            "aws_subnet.public",
            "aws_vpc.main"
          ]
        }
      ]
    },
    {
      "mode": "managed",
      "type": "aws_route_table",
      "name": "private",
      "provider": "provider[\"registry.terraform.io/hashicorp/aws\"]",
      "instances": [
        {
          "schema_version": 0,
          "attributes": {
            "arn": "arn:aws:ec2:ap-south-1:264595824735:route-table/rtb-073fa53e0ff6c0b77",
            "id": "rtb-073fa53e0ff6c0b77",
            "owner_id": "264595824735",
            "propagating_vgws": [],
            "region": "ap-south-1",
            "route": [
              {
                "carrier_gateway_id": "",
                "cidr_block": "0.0.0.0/0",
                "core_network_arn": "",
                "destination_prefix_list_id": "",
                "egress_only_gateway_id": "",
                "gateway_id": "",
                "ipv6_cidr_block": "",
                "local_gateway_id": "",
                "nat_gateway_id": "nat-010fdb98dfb2bd64b",
                "network_interface_id": "",
                "odb_network_arn": "",
                "transit_gateway_id": "",
                "vpc_endpoint_id": "",
                "vpc_peering_connection_id": ""
              }
            ],
            "tags": {
              "Environment": "dev",
              "Managed_by": "Terraform",
              "Name": "learner-dev-private-rt",
              "Project": "learner"
            },
            "tags_all": {
              "Environment": "dev",
              "Managed_by": "Terraform",
              "Name": "learner-dev-private-rt",
              "Project": "learner"
            },
            "timeouts": null,
            "vpc_id": "vpc-09649eba0d62041ce"
          },
          "sensitive_attributes": [],
          "identity_schema_version": 0,
          "identity": {
            "account_id": "264595824735",
            "id": "rtb-073fa53e0ff6c0b77",
            "region": "ap-south-1"
          },
          "private": "eyJlMmJmYjczMC1lY2FhLTExZTYtOGY4OC0zNDM2M2JjN2M0YzAiOnsiY3JlYXRlIjozMDAwMDAwMDAwMDAsImRlbGV0ZSI6MzAwMDAwMDAwMDAwLCJ1cGRhdGUiOjEyMDAwMDAwMDAwMH19",
          "dependencies": [
            "aws_eip.nat",
            "aws_internet_gateway.main",
            "aws_nat_gateway.main",
            "aws_subnet.public",
            "aws_vpc.main"
          ]
        }
      ]
    },
    {
      "mode": "managed",
      "type": "aws_route_table",
      "name": "public",
      "provider": "provider[\"registry.terraform.io/hashicorp/aws\"]",
      "instances": [
        {
          "schema_version": 0,
          "attributes": {
            "arn": "arn:aws:ec2:ap-south-1:264595824735:route-table/rtb-09d281a4907abf695",
            "id": "rtb-09d281a4907abf695",
            "owner_id": "264595824735",
            "propagating_vgws": [],
            "region": "ap-south-1",
            "route": [
              {
                "carrier_gateway_id": "",
                "cidr_block": "0.0.0.0/0",
                "core_network_arn": "",
                "destination_prefix_list_id": "",
                "egress_only_gateway_id": "",
                "gateway_id": "igw-03baa095a6cb0d67d",
                "ipv6_cidr_block": "",
                "local_gateway_id": "",
                "nat_gateway_id": "",
                "network_interface_id": "",
                "odb_network_arn": "",
                "transit_gateway_id": "",
                "vpc_endpoint_id": "",
                "vpc_peering_connection_id": ""
              }
            ],
            "tags": {
              "Environment": "dev",
              "Managed_by": "Terraform",
              "Name": "learner-dev-public-rt",
              "Project": "learner"
            },
            "tags_all": {
              "Environment": "dev",
              "Managed_by": "Terraform",
              "Name": "learner-dev-public-rt",
              "Project": "learner"
            },
            "timeouts": null,
            "vpc_id": "vpc-09649eba0d62041ce"
          },
          "sensitive_attributes": [],
          "identity_schema_version": 0,
          "identity": {
            "account_id": "264595824735",
            "id": "rtb-09d281a4907abf695",
            "region": "ap-south-1"
          },
          "private": "eyJlMmJmYjczMC1lY2FhLTExZTYtOGY4OC0zNDM2M2JjN2M0YzAiOnsiY3JlYXRlIjozMDAwMDAwMDAwMDAsImRlbGV0ZSI6MzAwMDAwMDAwMDAwLCJ1cGRhdGUiOjEyMDAwMDAwMDAwMH19",
          "dependencies": [
            "aws_internet_gateway.main",
            "aws_vpc.main"
          ]
        }
      ]
    },
    {
      "mode": "managed",
      "type": "aws_route_table_association",
      "name": "private",
      "provider": "provider[\"registry.terraform.io/hashicorp/aws\"]",
      "instances": [
        {
          "index_key": "private_a",
          "schema_version": 0,
          "attributes": {
            "gateway_id": "",
            "id": "rtbassoc-0097a57a59f725964",
            "region": "ap-south-1",
            "route_table_id": "rtb-073fa53e0ff6c0b77",
            "subnet_id": "subnet-00ab14c27823d0127",
            "timeouts": null
          },
          "sensitive_attributes": [],
          "identity_schema_version": 0,
          "identity": {
            "account_id": "264595824735",
            "id": "rtbassoc-0097a57a59f725964",
            "region": "ap-south-1"
          },
          "private": "eyJlMmJmYjczMC1lY2FhLTExZTYtOGY4OC0zNDM2M2JjN2M0YzAiOnsiY3JlYXRlIjozMDAwMDAwMDAwMDAsImRlbGV0ZSI6MzAwMDAwMDAwMDAwLCJ1cGRhdGUiOjEyMDAwMDAwMDAwMH19",
          "dependencies": [
            "aws_eip.nat",
            "aws_internet_gateway.main",
            "aws_nat_gateway.main",
            "aws_route_table.private",
            "aws_subnet.private",
            "aws_subnet.public",
            "aws_vpc.main"
          ]
        },
        {
          "index_key": "private_b",
          "schema_version": 0,
          "attributes": {
            "gateway_id": "",
            "id": "rtbassoc-0aad7edbcc2026d25",
            "region": "ap-south-1",
            "route_table_id": "rtb-073fa53e0ff6c0b77",
            "subnet_id": "subnet-02d8c086dbba8ac86",
            "timeouts": null
          },
          "sensitive_attributes": [],
          "identity_schema_version": 0,
          "identity": {
            "account_id": "264595824735",
            "id": "rtbassoc-0aad7edbcc2026d25",
            "region": "ap-south-1"
          },
          "private": "eyJlMmJmYjczMC1lY2FhLTExZTYtOGY4OC0zNDM2M2JjN2M0YzAiOnsiY3JlYXRlIjozMDAwMDAwMDAwMDAsImRlbGV0ZSI6MzAwMDAwMDAwMDAwLCJ1cGRhdGUiOjEyMDAwMDAwMDAwMH19",
          "dependencies": [
            "aws_eip.nat",
            "aws_internet_gateway.main",
            "aws_nat_gateway.main",
            "aws_route_table.private",
            "aws_subnet.private",
            "aws_subnet.public",
            "aws_vpc.main"
          ]
        }
      ]
    },
    {
      "mode": "managed",
      "type": "aws_route_table_association",
      "name": "public",
      "provider": "provider[\"registry.terraform.io/hashicorp/aws\"]",
      "instances": [
        {
          "index_key": "public_a",
          "schema_version": 0,
          "attributes": {
            "gateway_id": "",
            "id": "rtbassoc-05d95c3e81dbd04ff",
            "region": "ap-south-1",
            "route_table_id": "rtb-09d281a4907abf695",
            "subnet_id": "subnet-039b3975fc4665d0a",
            "timeouts": null
          },
          "sensitive_attributes": [],
          "identity_schema_version": 0,
          "identity": {
            "account_id": "264595824735",
            "id": "rtbassoc-05d95c3e81dbd04ff",
            "region": "ap-south-1"
          },
          "private": "eyJlMmJmYjczMC1lY2FhLTExZTYtOGY4OC0zNDM2M2JjN2M0YzAiOnsiY3JlYXRlIjozMDAwMDAwMDAwMDAsImRlbGV0ZSI6MzAwMDAwMDAwMDAwLCJ1cGRhdGUiOjEyMDAwMDAwMDAwMH19",
          "dependencies": [
            "aws_internet_gateway.main",
            "aws_route_table.public",
            "aws_subnet.public",
            "aws_vpc.main"
          ]
        },
        {
          "index_key": "public_b",
          "schema_version": 0,
          "attributes": {
            "gateway_id": "",
            "id": "rtbassoc-0f7456bf6b1e89fbd",
            "region": "ap-south-1",
            "route_table_id": "rtb-09d281a4907abf695",
            "subnet_id": "subnet-0f06629ee138bb0ee",
            "timeouts": null
          },
          "sensitive_attributes": [],
          "identity_schema_version": 0,
          "identity": {
            "account_id": "264595824735",
            "id": "rtbassoc-0f7456bf6b1e89fbd",
            "region": "ap-south-1"
          },
          "private": "eyJlMmJmYjczMC1lY2FhLTExZTYtOGY4OC0zNDM2M2JjN2M0YzAiOnsiY3JlYXRlIjozMDAwMDAwMDAwMDAsImRlbGV0ZSI6MzAwMDAwMDAwMDAwLCJ1cGRhdGUiOjEyMDAwMDAwMDAwMH19",
          "dependencies": [
            "aws_internet_gateway.main",
            "aws_route_table.public",
            "aws_subnet.public",
            "aws_vpc.main"
          ]
        }
      ]
    },
    {
      "mode": "managed",
      "type": "aws_s3_bucket",
      "name": "app_storage",
      "provider": "provider[\"registry.terraform.io/hashicorp/aws\"]",
      "instances": [
        {
          "schema_version": 0,
          "attributes": {
            "acceleration_status": "",
            "acl": null,
            "arn": "arn:aws:s3:::learner-dev-app-storage",
            "bucket": "learner-dev-app-storage",
            "bucket_domain_name": "learner-dev-app-storage.s3.amazonaws.com",
            "bucket_namespace": "global",
            "bucket_prefix": "",
            "bucket_region": "ap-south-1",
            "bucket_regional_domain_name": "learner-dev-app-storage.s3.ap-south-1.amazonaws.com",
            "cors_rule": [],
            "force_destroy": false,
            "grant": [
              {
                "id": "2b9d306eed55d428423ac260a5eaeb2634e64a9935cfcbecd10a10d3230afeb7",
                "permissions": [
                  "FULL_CONTROL"
                ],
                "type": "CanonicalUser",
                "uri": ""
              }
            ],
            "hosted_zone_id": "Z11RGJOFQNVJUP",
            "id": "learner-dev-app-storage",
            "lifecycle_rule": [],
            "logging": [],
            "object_lock_configuration": [],
            "object_lock_enabled": false,
            "policy": "",
            "region": "ap-south-1",
            "replication_configuration": [],
            "request_payer": "BucketOwner",
            "server_side_encryption_configuration": [
              {
                "rule": [
                  {
                    "apply_server_side_encryption_by_default": [
                      {
                        "kms_master_key_id": "",
                        "sse_algorithm": "AES256"
                      }
                    ],
                    "bucket_key_enabled": false
                  }
                ]
              }
            ],
            "tags": {
              "Environment": "dev",
              "Managed_by": "Terraform",
              "Name": "learner-dev-app-storage",
              "Project": "learner"
            },
            "tags_all": {
              "Environment": "dev",
              "Managed_by": "Terraform",
              "Name": "learner-dev-app-storage",
              "Project": "learner"
            },
            "timeouts": null,
            "versioning": [
              {
                "enabled": false,
                "mfa_delete": false
              }
            ],
            "website": [],
            "website_domain": null,
            "website_endpoint": null
          },
          "sensitive_attributes": [],
          "identity_schema_version": 0,
          "identity": {
            "account_id": "264595824735",
            "bucket": "learner-dev-app-storage",
            "region": "ap-south-1"
          },
          "private": "eyJlMmJmYjczMC1lY2FhLTExZTYtOGY4OC0zNDM2M2JjN2M0YzAiOnsiY3JlYXRlIjoxMjAwMDAwMDAwMDAwLCJkZWxldGUiOjM2MDAwMDAwMDAwMDAsInJlYWQiOjEyMDAwMDAwMDAwMDAsInVwZGF0ZSI6MTIwMDAwMDAwMDAwMH19"
        }
      ]
    },
    {
      "mode": "managed",
      "type": "aws_s3_bucket",
      "name": "env_files",
      "provider": "provider[\"registry.terraform.io/hashicorp/aws\"]",
      "instances": [
        {
          "schema_version": 0,
          "attributes": {
            "acceleration_status": "",
            "acl": null,
            "arn": "arn:aws:s3:::learner-dev-env-files",
            "bucket": "learner-dev-env-files",
            "bucket_domain_name": "learner-dev-env-files.s3.amazonaws.com",
            "bucket_namespace": "global",
            "bucket_prefix": "",
            "bucket_region": "ap-south-1",
            "bucket_regional_domain_name": "learner-dev-env-files.s3.ap-south-1.amazonaws.com",
            "cors_rule": [],
            "force_destroy": false,
            "grant": [
              {
                "id": "2b9d306eed55d428423ac260a5eaeb2634e64a9935cfcbecd10a10d3230afeb7",
                "permissions": [
                  "FULL_CONTROL"
                ],
                "type": "CanonicalUser",
                "uri": ""
              }
            ],
            "hosted_zone_id": "Z11RGJOFQNVJUP",
            "id": "learner-dev-env-files",
            "lifecycle_rule": [],
            "logging": [],
            "object_lock_configuration": [],
            "object_lock_enabled": false,
            "policy": "",
            "region": "ap-south-1",
            "replication_configuration": [],
            "request_payer": "BucketOwner",
            "server_side_encryption_configuration": [
              {
                "rule": [
                  {
                    "apply_server_side_encryption_by_default": [
                      {
                        "kms_master_key_id": "",
                        "sse_algorithm": "AES256"
                      }
                    ],
                    "bucket_key_enabled": false
                  }
                ]
              }
            ],
            "tags": {
              "Environment": "dev",
              "Managed_by": "Terraform",
              "Name": "learner-dev-env-files",
              "Project": "learner"
            },
            "tags_all": {
              "Environment": "dev",
              "Managed_by": "Terraform",
              "Name": "learner-dev-env-files",
              "Project": "learner"
            },
            "timeouts": null,
            "versioning": [
              {
                "enabled": false,
                "mfa_delete": false
              }
            ],
            "website": [],
            "website_domain": null,
            "website_endpoint": null
          },
          "sensitive_attributes": [],
          "identity_schema_version": 0,
          "identity": {
            "account_id": "264595824735",
            "bucket": "learner-dev-env-files",
            "region": "ap-south-1"
          },
          "private": "eyJlMmJmYjczMC1lY2FhLTExZTYtOGY4OC0zNDM2M2JjN2M0YzAiOnsiY3JlYXRlIjoxMjAwMDAwMDAwMDAwLCJkZWxldGUiOjM2MDAwMDAwMDAwMDAsInJlYWQiOjEyMDAwMDAwMDAwMDAsInVwZGF0ZSI6MTIwMDAwMDAwMDAwMH19"
        }
      ]
    },
    {
      "mode": "managed",
      "type": "aws_s3_bucket_acl",
      "name": "app_storage",
      "provider": "provider[\"registry.terraform.io/hashicorp/aws\"]",
      "instances": [
        {
          "schema_version": 0,
          "attributes": {
            "access_control_policy": [
              {
                "grant": [
                  {
                    "grantee": [
                      {
                        "display_name": "",
                        "email_address": "",
                        "id": "2b9d306eed55d428423ac260a5eaeb2634e64a9935cfcbecd10a10d3230afeb7",
                        "type": "CanonicalUser",
                        "uri": ""
                      }
                    ],
                    "permission": "FULL_CONTROL"
                  }
                ],
                "owner": [
                  {
                    "display_name": "",
                    "id": "2b9d306eed55d428423ac260a5eaeb2634e64a9935cfcbecd10a10d3230afeb7"
                  }
                ]
              }
            ],
            "acl": "private",
            "bucket": "learner-dev-app-storage",
            "expected_bucket_owner": "",
            "id": "learner-dev-app-storage,private",
            "region": "ap-south-1"
          },
          "sensitive_attributes": [],
          "identity_schema_version": 1,
          "identity": {
            "account_id": "264595824735",
            "bucket": "learner-dev-app-storage",
            "region": "ap-south-1"
          },
          "private": "bnVsbA==",
          "dependencies": [
            "aws_s3_bucket.app_storage",
            "aws_s3_bucket_ownership_controls.app_storage"
          ]
        }
      ]
    },
    {
      "mode": "managed",
      "type": "aws_s3_bucket_acl",
      "name": "env_files",
      "provider": "provider[\"registry.terraform.io/hashicorp/aws\"]",
      "instances": [
        {
          "schema_version": 0,
          "attributes": {
            "access_control_policy": [
              {
                "grant": [
                  {
                    "grantee": [
                      {
                        "display_name": "",
                        "email_address": "",
                        "id": "2b9d306eed55d428423ac260a5eaeb2634e64a9935cfcbecd10a10d3230afeb7",
                        "type": "CanonicalUser",
                        "uri": ""
                      }
                    ],
                    "permission": "FULL_CONTROL"
                  }
                ],
                "owner": [
                  {
                    "display_name": "",
                    "id": "2b9d306eed55d428423ac260a5eaeb2634e64a9935cfcbecd10a10d3230afeb7"
                  }
                ]
              }
            ],
            "acl": "private",
            "bucket": "learner-dev-env-files",
            "expected_bucket_owner": "",
            "id": "learner-dev-env-files,private",
            "region": "ap-south-1"
          },
          "sensitive_attributes": [],
          "identity_schema_version": 1,
          "identity": {
            "account_id": "264595824735",
            "bucket": "learner-dev-env-files",
            "region": "ap-south-1"
          },
          "private": "bnVsbA==",
          "dependencies": [
            "aws_s3_bucket.env_files",
            "aws_s3_bucket_ownership_controls.env_files"
          ]
        }
      ]
    },
    {
      "mode": "managed",
      "type": "aws_s3_bucket_ownership_controls",
      "name": "app_storage",
      "provider": "provider[\"registry.terraform.io/hashicorp/aws\"]",
      "instances": [
        {
          "schema_version": 0,
          "attributes": {
            "bucket": "learner-dev-app-storage",
            "id": "learner-dev-app-storage",
            "region": "ap-south-1",
            "rule": [
              {
                "object_ownership": "BucketOwnerPreferred"
              }
            ]
          },
          "sensitive_attributes": [],
          "identity_schema_version": 0,
          "identity": {
            "account_id": "264595824735",
            "bucket": "learner-dev-app-storage",
            "region": "ap-south-1"
          },
          "private": "bnVsbA==",
          "dependencies": [
            "aws_s3_bucket.app_storage"
          ]
        }
      ]
    },
    {
      "mode": "managed",
      "type": "aws_s3_bucket_ownership_controls",
      "name": "env_files",
      "provider": "provider[\"registry.terraform.io/hashicorp/aws\"]",
      "instances": [
        {
          "schema_version": 0,
          "attributes": {
            "bucket": "learner-dev-env-files",
            "id": "learner-dev-env-files",
            "region": "ap-south-1",
            "rule": [
              {
                "object_ownership": "BucketOwnerPreferred"
              }
            ]
          },
          "sensitive_attributes": [],
          "identity_schema_version": 0,
          "identity": {
            "account_id": "264595824735",
            "bucket": "learner-dev-env-files",
            "region": "ap-south-1"
          },
          "private": "bnVsbA==",
          "dependencies": [
            "aws_s3_bucket.env_files"
          ]
        }
      ]
    },
    {
      "mode": "managed",
      "type": "aws_security_group",
      "name": "alb",
      "provider": "provider[\"registry.terraform.io/hashicorp/aws\"]",
      "instances": [
        {
          "schema_version": 1,
          "attributes": {
            "arn": "arn:aws:ec2:ap-south-1:264595824735:security-group/sg-0d67ced7f7289cd19",
            "description": "ALB Security Group",
            "egress": [
              {
                "cidr_blocks": [
                  "0.0.0.0/0"
                ],
                "description": "",
                "from_port": 0,
                "ipv6_cidr_blocks": [],
                "prefix_list_ids": [],
                "protocol": "-1",
                "security_groups": [],
                "self": false,
                "to_port": 0
              }
            ],
            "id": "sg-0d67ced7f7289cd19",
            "ingress": [
              {
                "cidr_blocks": [
                  "0.0.0.0/0"
                ],
                "description": "",
                "from_port": 443,
                "ipv6_cidr_blocks": [],
                "prefix_list_ids": [],
                "protocol": "tcp",
                "security_groups": [],
                "self": false,
                "to_port": 443
              },
              {
                "cidr_blocks": [
                  "0.0.0.0/0"
                ],
                "description": "",
                "from_port": 80,
                "ipv6_cidr_blocks": [],
                "prefix_list_ids": [],
                "protocol": "tcp",
                "security_groups": [],
                "self": false,
                "to_port": 80
              }
            ],
            "name": "learner-dev-alb-sg",
            "name_prefix": "",
            "owner_id": "264595824735",
            "region": "ap-south-1",
            "revoke_rules_on_delete": false,
            "tags": {
              "Environment": "dev",
              "Managed_by": "Terraform",
              "Name": "learner-dev-alb-sg",
              "Project": "learner"
            },
            "tags_all": {
              "Environment": "dev",
              "Managed_by": "Terraform",
              "Name": "learner-dev-alb-sg",
              "Project": "learner"
            },
            "timeouts": null,
            "vpc_id": "vpc-09649eba0d62041ce"
          },
          "sensitive_attributes": [],
          "identity_schema_version": 0,
          "identity": {
            "account_id": "264595824735",
            "id": "sg-0d67ced7f7289cd19",
            "region": "ap-south-1"
          },
          "private": "eyJlMmJmYjczMC1lY2FhLTExZTYtOGY4OC0zNDM2M2JjN2M0YzAiOnsiY3JlYXRlIjo2MDAwMDAwMDAwMDAsImRlbGV0ZSI6OTAwMDAwMDAwMDAwfSwic2NoZW1hX3ZlcnNpb24iOiIxIn0=",
          "dependencies": [
            "aws_vpc.main"
          ]
        }
      ]
    },
    {
      "mode": "managed",
      "type": "aws_security_group",
      "name": "db",
      "provider": "provider[\"registry.terraform.io/hashicorp/aws\"]",
      "instances": [
        {
          "schema_version": 1,
          "attributes": {
            "arn": "arn:aws:ec2:ap-south-1:264595824735:security-group/sg-0089aa9d4cf8a7437",
            "description": "Db Security Group",
            "egress": [
              {
                "cidr_blocks": [
                  "0.0.0.0/0"
                ],
                "description": "",
                "from_port": 0,
                "ipv6_cidr_blocks": [],
                "prefix_list_ids": [],
                "protocol": "-1",
                "security_groups": [],
                "self": false,
                "to_port": 0
              }
            ],
            "id": "sg-0089aa9d4cf8a7437",
            "ingress": [
              {
                "cidr_blocks": [],
                "description": "",
                "from_port": 5432,
                "ipv6_cidr_blocks": [],
                "prefix_list_ids": [],
                "protocol": "tcp",
                "security_groups": [
                  "sg-013918bdf1fc183c6"
                ],
                "self": false,
                "to_port": 5432
              }
            ],
            "name": "learner-dev-web-db-sg",
            "name_prefix": "",
            "owner_id": "264595824735",
            "region": "ap-south-1",
            "revoke_rules_on_delete": false,
            "tags": {
              "Environment": "dev",
              "Managed_by": "Terraform",
              "Name": "learner-dev-db-sg",
              "Project": "learner"
            },
            "tags_all": {
              "Environment": "dev",
              "Managed_by": "Terraform",
              "Name": "learner-dev-db-sg",
              "Project": "learner"
            },
            "timeouts": null,
            "vpc_id": "vpc-09649eba0d62041ce"
          },
          "sensitive_attributes": [],
          "identity_schema_version": 0,
          "identity": {
            "account_id": "264595824735",
            "id": "sg-0089aa9d4cf8a7437",
            "region": "ap-south-1"
          },
          "private": "eyJlMmJmYjczMC1lY2FhLTExZTYtOGY4OC0zNDM2M2JjN2M0YzAiOnsiY3JlYXRlIjo2MDAwMDAwMDAwMDAsImRlbGV0ZSI6OTAwMDAwMDAwMDAwfSwic2NoZW1hX3ZlcnNpb24iOiIxIn0=",
          "dependencies": [
            "aws_vpc.main"
          ]
        }
      ]
    },
    {
      "mode": "managed",
      "type": "aws_security_group",
      "name": "ecs_instance",
      "provider": "provider[\"registry.terraform.io/hashicorp/aws\"]",
      "instances": [
        {
          "schema_version": 1,
          "attributes": {
            "arn": "arn:aws:ec2:ap-south-1:264595824735:security-group/sg-0e82dfa0759a5c685",
            "description": "Ecs instance sg",
            "egress": [
              {
                "cidr_blocks": [
                  "0.0.0.0/0"
                ],
                "description": "",
                "from_port": 0,
                "ipv6_cidr_blocks": [],
                "prefix_list_ids": [],
                "protocol": "-1",
                "security_groups": [],
                "self": false,
                "to_port": 0
              }
            ],
            "id": "sg-0e82dfa0759a5c685",
            "ingress": [],
            "name": "learner-dev-ecs-instance-sg",
            "name_prefix": "",
            "owner_id": "264595824735",
            "region": "ap-south-1",
            "revoke_rules_on_delete": false,
            "tags": {
              "Environment": "dev",
              "Managed_by": "Terraform",
              "Name": "learner-dev-ecs-instance-sg",
              "Project": "learner"
            },
            "tags_all": {
              "Environment": "dev",
              "Managed_by": "Terraform",
              "Name": "learner-dev-ecs-instance-sg",
              "Project": "learner"
            },
            "timeouts": null,
            "vpc_id": "vpc-09649eba0d62041ce"
          },
          "sensitive_attributes": [],
          "identity_schema_version": 0,
          "identity": {
            "account_id": "264595824735",
            "id": "sg-0e82dfa0759a5c685",
            "region": "ap-south-1"
          },
          "private": "eyJlMmJmYjczMC1lY2FhLTExZTYtOGY4OC0zNDM2M2JjN2M0YzAiOnsiY3JlYXRlIjo2MDAwMDAwMDAwMDAsImRlbGV0ZSI6OTAwMDAwMDAwMDAwfSwic2NoZW1hX3ZlcnNpb24iOiIxIn0=",
          "dependencies": [
            "aws_vpc.main"
          ]
        }
      ]
    },
    {
      "mode": "managed",
      "type": "aws_security_group",
      "name": "redis",
      "provider": "provider[\"registry.terraform.io/hashicorp/aws\"]",
      "instances": [
        {
          "schema_version": 1,
          "attributes": {
            "arn": "arn:aws:ec2:ap-south-1:264595824735:security-group/sg-06a0028257ad23964",
            "description": "Redis security group",
            "egress": [
              {
                "cidr_blocks": [
                  "0.0.0.0/0"
                ],
                "description": "",
                "from_port": 0,
                "ipv6_cidr_blocks": [],
                "prefix_list_ids": [],
                "protocol": "-1",
                "security_groups": [],
                "self": false,
                "to_port": 0
              }
            ],
            "id": "sg-06a0028257ad23964",
            "ingress": [
              {
                "cidr_blocks": [],
                "description": "",
                "from_port": 6379,
                "ipv6_cidr_blocks": [],
                "prefix_list_ids": [],
                "protocol": "tcp",
                "security_groups": [
                  "sg-013918bdf1fc183c6"
                ],
                "self": false,
                "to_port": 6379
              }
            ],
            "name": "learner-dev-redis-sg",
            "name_prefix": "",
            "owner_id": "264595824735",
            "region": "ap-south-1",
            "revoke_rules_on_delete": false,
            "tags": {
              "Environment": "dev",
              "Managed_by": "Terraform",
              "Name": "learner-dev-redis-sg",
              "Project": "learner"
            },
            "tags_all": {
              "Environment": "dev",
              "Managed_by": "Terraform",
              "Name": "learner-dev-redis-sg",
              "Project": "learner"
            },
            "timeouts": null,
            "vpc_id": "vpc-09649eba0d62041ce"
          },
          "sensitive_attributes": [],
          "identity_schema_version": 0,
          "identity": {
            "account_id": "264595824735",
            "id": "sg-06a0028257ad23964",
            "region": "ap-south-1"
          },
          "private": "eyJlMmJmYjczMC1lY2FhLTExZTYtOGY4OC0zNDM2M2JjN2M0YzAiOnsiY3JlYXRlIjo2MDAwMDAwMDAwMDAsImRlbGV0ZSI6OTAwMDAwMDAwMDAwfSwic2NoZW1hX3ZlcnNpb24iOiIxIn0=",
          "dependencies": [
            "aws_vpc.main"
          ]
        }
      ]
    },
    {
      "mode": "managed",
      "type": "aws_security_group",
      "name": "web_task",
      "provider": "provider[\"registry.terraform.io/hashicorp/aws\"]",
      "instances": [
        {
          "schema_version": 1,
          "attributes": {
            "arn": "arn:aws:ec2:ap-south-1:264595824735:security-group/sg-013918bdf1fc183c6",
            "description": "Task Security Group",
            "egress": [
              {
                "cidr_blocks": [
                  "0.0.0.0/0"
                ],
                "description": "",
                "from_port": 0,
                "ipv6_cidr_blocks": [],
                "prefix_list_ids": [],
                "protocol": "-1",
                "security_groups": [],
                "self": false,
                "to_port": 0
              }
            ],
            "id": "sg-013918bdf1fc183c6",
            "ingress": [
              {
                "cidr_blocks": [],
                "description": "",
                "from_port": 8000,
                "ipv6_cidr_blocks": [],
                "prefix_list_ids": [],
                "protocol": "tcp",
                "security_groups": [
                  "sg-0d67ced7f7289cd19"
                ],
                "self": false,
                "to_port": 8000
              }
            ],
            "name": "learner-dev-web-task-sg",
            "name_prefix": "",
            "owner_id": "264595824735",
            "region": "ap-south-1",
            "revoke_rules_on_delete": false,
            "tags": {
              "Environment": "dev",
              "Managed_by": "Terraform",
              "Name": "learner-dev-task-sg",
              "Project": "learner"
            },
            "tags_all": {
              "Environment": "dev",
              "Managed_by": "Terraform",
              "Name": "learner-dev-task-sg",
              "Project": "learner"
            },
            "timeouts": null,
            "vpc_id": "vpc-09649eba0d62041ce"
          },
          "sensitive_attributes": [],
          "identity_schema_version": 0,
          "identity": {
            "account_id": "264595824735",
            "id": "sg-013918bdf1fc183c6",
            "region": "ap-south-1"
          },
          "private": "eyJlMmJmYjczMC1lY2FhLTExZTYtOGY4OC0zNDM2M2JjN2M0YzAiOnsiY3JlYXRlIjo2MDAwMDAwMDAwMDAsImRlbGV0ZSI6OTAwMDAwMDAwMDAwfSwic2NoZW1hX3ZlcnNpb24iOiIxIn0=",
          "dependencies": [
            "aws_vpc.main"
          ]
        }
      ]
    },
    {
      "mode": "managed",
      "type": "aws_subnet",
      "name": "private",
      "provider": "provider[\"registry.terraform.io/hashicorp/aws\"]",
      "instances": [
        {
          "index_key": "private_a",
          "schema_version": 1,
          "attributes": {
            "arn": "arn:aws:ec2:ap-south-1:264595824735:subnet/subnet-00ab14c27823d0127",
            "assign_ipv6_address_on_creation": false,
            "availability_zone": "ap-south-1a",
            "availability_zone_id": "aps1-az1",
            "cidr_block": "10.0.100.0/24",
            "customer_owned_ipv4_pool": "",
            "enable_dns64": false,
            "enable_lni_at_device_index": 0,
            "enable_resource_name_dns_a_record_on_launch": false,
            "enable_resource_name_dns_aaaa_record_on_launch": false,
            "id": "subnet-00ab14c27823d0127",
            "ipv4_ipam_pool_id": null,
            "ipv4_netmask_length": null,
            "ipv6_cidr_block": "",
            "ipv6_cidr_block_association_id": "",
            "ipv6_ipam_pool_id": null,
            "ipv6_native": false,
            "ipv6_netmask_length": null,
            "map_customer_owned_ip_on_launch": false,
            "map_public_ip_on_launch": false,
            "outpost_arn": "",
            "owner_id": "264595824735",
            "private_dns_hostname_type_on_launch": "ip-name",
            "region": "ap-south-1",
            "tags": {
              "Environment": "dev",
              "Managed_by": "Terraform",
              "Name": "learner-dev-private_a",
              "Project": "learner"
            },
            "tags_all": {
              "Environment": "dev",
              "Managed_by": "Terraform",
              "Name": "learner-dev-private_a",
              "Project": "learner"
            },
            "timeouts": null,
            "vpc_id": "vpc-09649eba0d62041ce"
          },
          "sensitive_attributes": [],
          "identity_schema_version": 0,
          "identity": {
            "account_id": "264595824735",
            "id": "subnet-00ab14c27823d0127",
            "region": "ap-south-1"
          },
          "private": "eyJlMmJmYjczMC1lY2FhLTExZTYtOGY4OC0zNDM2M2JjN2M0YzAiOnsiY3JlYXRlIjo2MDAwMDAwMDAwMDAsImRlbGV0ZSI6MTIwMDAwMDAwMDAwMH0sInNjaGVtYV92ZXJzaW9uIjoiMSJ9",
          "dependencies": [
            "aws_vpc.main"
          ]
        },
        {
          "index_key": "private_b",
          "schema_version": 1,
          "attributes": {
            "arn": "arn:aws:ec2:ap-south-1:264595824735:subnet/subnet-02d8c086dbba8ac86",
            "assign_ipv6_address_on_creation": false,
            "availability_zone": "ap-south-1b",
            "availability_zone_id": "aps1-az3",
            "cidr_block": "10.0.101.0/24",
            "customer_owned_ipv4_pool": "",
            "enable_dns64": false,
            "enable_lni_at_device_index": 0,
            "enable_resource_name_dns_a_record_on_launch": false,
            "enable_resource_name_dns_aaaa_record_on_launch": false,
            "id": "subnet-02d8c086dbba8ac86",
            "ipv4_ipam_pool_id": null,
            "ipv4_netmask_length": null,
            "ipv6_cidr_block": "",
            "ipv6_cidr_block_association_id": "",
            "ipv6_ipam_pool_id": null,
            "ipv6_native": false,
            "ipv6_netmask_length": null,
            "map_customer_owned_ip_on_launch": false,
            "map_public_ip_on_launch": false,
            "outpost_arn": "",
            "owner_id": "264595824735",
            "private_dns_hostname_type_on_launch": "ip-name",
            "region": "ap-south-1",
            "tags": {
              "Environment": "dev",
              "Managed_by": "Terraform",
              "Name": "learner-dev-private_b",
              "Project": "learner"
            },
            "tags_all": {
              "Environment": "dev",
              "Managed_by": "Terraform",
              "Name": "learner-dev-private_b",
              "Project": "learner"
            },
            "timeouts": null,
            "vpc_id": "vpc-09649eba0d62041ce"
          },
          "sensitive_attributes": [],
          "identity_schema_version": 0,
          "identity": {
            "account_id": "264595824735",
            "id": "subnet-02d8c086dbba8ac86",
            "region": "ap-south-1"
          },
          "private": "eyJlMmJmYjczMC1lY2FhLTExZTYtOGY4OC0zNDM2M2JjN2M0YzAiOnsiY3JlYXRlIjo2MDAwMDAwMDAwMDAsImRlbGV0ZSI6MTIwMDAwMDAwMDAwMH0sInNjaGVtYV92ZXJzaW9uIjoiMSJ9",
          "dependencies": [
            "aws_vpc.main"
          ]
        }
      ]
    },
    {
      "mode": "managed",
      "type": "aws_subnet",
      "name": "public",
      "provider": "provider[\"registry.terraform.io/hashicorp/aws\"]",
      "instances": [
        {
          "index_key": "public_a",
          "schema_version": 1,
          "attributes": {
            "arn": "arn:aws:ec2:ap-south-1:264595824735:subnet/subnet-039b3975fc4665d0a",
            "assign_ipv6_address_on_creation": false,
            "availability_zone": "ap-south-1a",
            "availability_zone_id": "aps1-az1",
            "cidr_block": "10.0.1.0/24",
            "customer_owned_ipv4_pool": "",
            "enable_dns64": false,
            "enable_lni_at_device_index": 0,
            "enable_resource_name_dns_a_record_on_launch": false,
            "enable_resource_name_dns_aaaa_record_on_launch": false,
            "id": "subnet-039b3975fc4665d0a",
            "ipv4_ipam_pool_id": null,
            "ipv4_netmask_length": null,
            "ipv6_cidr_block": "",
            "ipv6_cidr_block_association_id": "",
            "ipv6_ipam_pool_id": null,
            "ipv6_native": false,
            "ipv6_netmask_length": null,
            "map_customer_owned_ip_on_launch": false,
            "map_public_ip_on_launch": false,
            "outpost_arn": "",
            "owner_id": "264595824735",
            "private_dns_hostname_type_on_launch": "ip-name",
            "region": "ap-south-1",
            "tags": {
              "Environment": "dev",
              "Managed_by": "Terraform",
              "Name": "learner-dev-public_a",
              "Project": "learner"
            },
            "tags_all": {
              "Environment": "dev",
              "Managed_by": "Terraform",
              "Name": "learner-dev-public_a",
              "Project": "learner"
            },
            "timeouts": null,
            "vpc_id": "vpc-09649eba0d62041ce"
          },
          "sensitive_attributes": [],
          "identity_schema_version": 0,
          "identity": {
            "account_id": "264595824735",
            "id": "subnet-039b3975fc4665d0a",
            "region": "ap-south-1"
          },
          "private": "eyJlMmJmYjczMC1lY2FhLTExZTYtOGY4OC0zNDM2M2JjN2M0YzAiOnsiY3JlYXRlIjo2MDAwMDAwMDAwMDAsImRlbGV0ZSI6MTIwMDAwMDAwMDAwMH0sInNjaGVtYV92ZXJzaW9uIjoiMSJ9",
          "dependencies": [
            "aws_vpc.main"
          ]
        },
        {
          "index_key": "public_b",
          "schema_version": 1,
          "attributes": {
            "arn": "arn:aws:ec2:ap-south-1:264595824735:subnet/subnet-0f06629ee138bb0ee",
            "assign_ipv6_address_on_creation": false,
            "availability_zone": "ap-south-1b",
            "availability_zone_id": "aps1-az3",
            "cidr_block": "10.0.2.0/24",
            "customer_owned_ipv4_pool": "",
            "enable_dns64": false,
            "enable_lni_at_device_index": 0,
            "enable_resource_name_dns_a_record_on_launch": false,
            "enable_resource_name_dns_aaaa_record_on_launch": false,
            "id": "subnet-0f06629ee138bb0ee",
            "ipv4_ipam_pool_id": null,
            "ipv4_netmask_length": null,
            "ipv6_cidr_block": "",
            "ipv6_cidr_block_association_id": "",
            "ipv6_ipam_pool_id": null,
            "ipv6_native": false,
            "ipv6_netmask_length": null,
            "map_customer_owned_ip_on_launch": false,
            "map_public_ip_on_launch": false,
            "outpost_arn": "",
            "owner_id": "264595824735",
            "private_dns_hostname_type_on_launch": "ip-name",
            "region": "ap-south-1",
            "tags": {
              "Environment": "dev",
              "Managed_by": "Terraform",
              "Name": "learner-dev-public_b",
              "Project": "learner"
            },
            "tags_all": {
              "Environment": "dev",
              "Managed_by": "Terraform",
              "Name": "learner-dev-public_b",
              "Project": "learner"
            },
            "timeouts": null,
            "vpc_id": "vpc-09649eba0d62041ce"
          },
          "sensitive_attributes": [],
          "identity_schema_version": 0,
          "identity": {
            "account_id": "264595824735",
            "id": "subnet-0f06629ee138bb0ee",
            "region": "ap-south-1"
          },
          "private": "eyJlMmJmYjczMC1lY2FhLTExZTYtOGY4OC0zNDM2M2JjN2M0YzAiOnsiY3JlYXRlIjo2MDAwMDAwMDAwMDAsImRlbGV0ZSI6MTIwMDAwMDAwMDAwMH0sInNjaGVtYV92ZXJzaW9uIjoiMSJ9",
          "dependencies": [
            "aws_vpc.main"
          ]
        }
      ]
    },
    {
      "mode": "managed",
      "type": "aws_vpc",
      "name": "main",
      "provider": "provider[\"registry.terraform.io/hashicorp/aws\"]",
      "instances": [
        {
          "schema_version": 1,
          "attributes": {
            "arn": "arn:aws:ec2:ap-south-1:264595824735:vpc/vpc-09649eba0d62041ce",
            "assign_generated_ipv6_cidr_block": false,
            "cidr_block": "10.0.0.0/16",
            "default_network_acl_id": "acl-00029294739d0ae2a",
            "default_route_table_id": "rtb-0c11ce002e95035a2",
            "default_security_group_id": "sg-08a111df0fb460d96",
            "dhcp_options_id": "dopt-05cde98858a226c1b",
            "enable_dns_hostnames": false,
            "enable_dns_support": true,
            "enable_network_address_usage_metrics": false,
            "id": "vpc-09649eba0d62041ce",
            "instance_tenancy": "default",
            "ipv4_ipam_pool_id": null,
            "ipv4_netmask_length": null,
            "ipv6_association_id": "",
            "ipv6_cidr_block": "",
            "ipv6_cidr_block_network_border_group": "",
            "ipv6_ipam_pool_id": "",
            "ipv6_netmask_length": 0,
            "main_route_table_id": "rtb-0c11ce002e95035a2",
            "owner_id": "264595824735",
            "region": "ap-south-1",
            "tags": {
              "Environment": "dev",
              "Managed_by": "Terraform",
              "Name": "learner-dev-vpc",
              "Project": "learner"
            },
            "tags_all": {
              "Environment": "dev",
              "Managed_by": "Terraform",
              "Name": "learner-dev-vpc",
              "Project": "learner"
            }
          },
          "sensitive_attributes": [],
          "identity_schema_version": 0,
          "identity": {
            "account_id": "264595824735",
            "id": "vpc-09649eba0d62041ce",
            "region": "ap-south-1"
          },
          "private": "eyJzY2hlbWFfdmVyc2lvbiI6IjEifQ=="
        }
      ]
    },
    {
      "mode": "managed",
      "type": "aws_vpc_security_group_egress_rule",
      "name": "alb_all_outbound",
      "provider": "provider[\"registry.terraform.io/hashicorp/aws\"]",
      "instances": [
        {
          "schema_version": 0,
          "attributes": {
            "arn": "arn:aws:ec2:ap-south-1:264595824735:security-group-rule/sgr-0a64277d57f34d892",
            "cidr_ipv4": "0.0.0.0/0",
            "cidr_ipv6": null,
            "description": null,
            "from_port": null,
            "id": "sgr-0a64277d57f34d892",
            "ip_protocol": "-1",
            "prefix_list_id": null,
            "referenced_security_group_id": null,
            "region": "ap-south-1",
            "security_group_id": "sg-0d67ced7f7289cd19",
            "security_group_rule_id": "sgr-0a64277d57f34d892",
            "tags": null,
            "tags_all": {},
            "to_port": null
          },
          "sensitive_attributes": [],
          "identity_schema_version": 0,
          "identity": {
            "account_id": "264595824735",
            "id": "sgr-0a64277d57f34d892",
            "region": "ap-south-1"
          },
          "dependencies": [
            "aws_security_group.alb",
            "aws_vpc.main"
          ]
        }
      ]
    },
    {
      "mode": "managed",
      "type": "aws_vpc_security_group_egress_rule",
      "name": "db_all_outbound",
      "provider": "provider[\"registry.terraform.io/hashicorp/aws\"]",
      "instances": [
        {
          "schema_version": 0,
          "attributes": {
            "arn": "arn:aws:ec2:ap-south-1:264595824735:security-group-rule/sgr-0430df0abf8e9935f",
            "cidr_ipv4": "0.0.0.0/0",
            "cidr_ipv6": null,
            "description": null,
            "from_port": null,
            "id": "sgr-0430df0abf8e9935f",
            "ip_protocol": "-1",
            "prefix_list_id": null,
            "referenced_security_group_id": null,
            "region": "ap-south-1",
            "security_group_id": "sg-0089aa9d4cf8a7437",
            "security_group_rule_id": "sgr-0430df0abf8e9935f",
            "tags": null,
            "tags_all": {},
            "to_port": null
          },
          "sensitive_attributes": [],
          "identity_schema_version": 0,
          "identity": {
            "account_id": "264595824735",
            "id": "sgr-0430df0abf8e9935f",
            "region": "ap-south-1"
          },
          "dependencies": [
            "aws_security_group.db",
            "aws_vpc.main"
          ]
        }
      ]
    },
    {
      "mode": "managed",
      "type": "aws_vpc_security_group_egress_rule",
      "name": "name",
      "provider": "provider[\"registry.terraform.io/hashicorp/aws\"]",
      "instances": [
        {
          "schema_version": 0,
          "attributes": {
            "arn": "arn:aws:ec2:ap-south-1:264595824735:security-group-rule/sgr-0afe9f1d0b092ad7c",
            "cidr_ipv4": "0.0.0.0/0",
            "cidr_ipv6": null,
            "description": null,
            "from_port": null,
            "id": "sgr-0afe9f1d0b092ad7c",
            "ip_protocol": "-1",
            "prefix_list_id": null,
            "referenced_security_group_id": null,
            "region": "ap-south-1",
            "security_group_id": "sg-0e82dfa0759a5c685",
            "security_group_rule_id": "sgr-0afe9f1d0b092ad7c",
            "tags": null,
            "tags_all": {},
            "to_port": null
          },
          "sensitive_attributes": [],
          "identity_schema_version": 0,
          "identity": {
            "account_id": "264595824735",
            "id": "sgr-0afe9f1d0b092ad7c",
            "region": "ap-south-1"
          },
          "dependencies": [
            "aws_security_group.ecs_instance",
            "aws_vpc.main"
          ]
        }
      ]
    },
    {
      "mode": "managed",
      "type": "aws_vpc_security_group_egress_rule",
      "name": "redis_all_outbound",
      "provider": "provider[\"registry.terraform.io/hashicorp/aws\"]",
      "instances": [
        {
          "schema_version": 0,
          "attributes": {
            "arn": "arn:aws:ec2:ap-south-1:264595824735:security-group-rule/sgr-0dea51ac61eb8a783",
            "cidr_ipv4": "0.0.0.0/0",
            "cidr_ipv6": null,
            "description": null,
            "from_port": null,
            "id": "sgr-0dea51ac61eb8a783",
            "ip_protocol": "-1",
            "prefix_list_id": null,
            "referenced_security_group_id": null,
            "region": "ap-south-1",
            "security_group_id": "sg-06a0028257ad23964",
            "security_group_rule_id": "sgr-0dea51ac61eb8a783",
            "tags": null,
            "tags_all": {},
            "to_port": null
          },
          "sensitive_attributes": [],
          "identity_schema_version": 0,
          "identity": {
            "account_id": "264595824735",
            "id": "sgr-0dea51ac61eb8a783",
            "region": "ap-south-1"
          },
          "dependencies": [
            "aws_security_group.redis",
            "aws_vpc.main"
          ]
        }
      ]
    },
    {
      "mode": "managed",
      "type": "aws_vpc_security_group_egress_rule",
      "name": "web_all_outbound",
      "provider": "provider[\"registry.terraform.io/hashicorp/aws\"]",
      "instances": [
        {
          "schema_version": 0,
          "attributes": {
            "arn": "arn:aws:ec2:ap-south-1:264595824735:security-group-rule/sgr-059e8887a21dd5194",
            "cidr_ipv4": "0.0.0.0/0",
            "cidr_ipv6": null,
            "description": null,
            "from_port": null,
            "id": "sgr-059e8887a21dd5194",
            "ip_protocol": "-1",
            "prefix_list_id": null,
            "referenced_security_group_id": null,
            "region": "ap-south-1",
            "security_group_id": "sg-013918bdf1fc183c6",
            "security_group_rule_id": "sgr-059e8887a21dd5194",
            "tags": null,
            "tags_all": {},
            "to_port": null
          },
          "sensitive_attributes": [],
          "identity_schema_version": 0,
          "identity": {
            "account_id": "264595824735",
            "id": "sgr-059e8887a21dd5194",
            "region": "ap-south-1"
          },
          "dependencies": [
            "aws_security_group.web_task",
            "aws_vpc.main"
          ]
        }
      ]
    },
    {
      "mode": "managed",
      "type": "aws_vpc_security_group_ingress_rule",
      "name": "alb_http",
      "provider": "provider[\"registry.terraform.io/hashicorp/aws\"]",
      "instances": [
        {
          "schema_version": 0,
          "attributes": {
            "arn": "arn:aws:ec2:ap-south-1:264595824735:security-group-rule/sgr-000afaca096497363",
            "cidr_ipv4": "0.0.0.0/0",
            "cidr_ipv6": null,
            "description": null,
            "from_port": 80,
            "id": "sgr-000afaca096497363",
            "ip_protocol": "tcp",
            "prefix_list_id": null,
            "referenced_security_group_id": null,
            "region": "ap-south-1",
            "security_group_id": "sg-0d67ced7f7289cd19",
            "security_group_rule_id": "sgr-000afaca096497363",
            "tags": null,
            "tags_all": {},
            "to_port": 80
          },
          "sensitive_attributes": [],
          "identity_schema_version": 0,
          "identity": {
            "account_id": "264595824735",
            "id": "sgr-000afaca096497363",
            "region": "ap-south-1"
          },
          "dependencies": [
            "aws_security_group.alb",
            "aws_vpc.main"
          ]
        }
      ]
    },
    {
      "mode": "managed",
      "type": "aws_vpc_security_group_ingress_rule",
      "name": "alb_https",
      "provider": "provider[\"registry.terraform.io/hashicorp/aws\"]",
      "instances": [
        {
          "schema_version": 0,
          "attributes": {
            "arn": "arn:aws:ec2:ap-south-1:264595824735:security-group-rule/sgr-0983c3da005c46375",
            "cidr_ipv4": "0.0.0.0/0",
            "cidr_ipv6": null,
            "description": null,
            "from_port": 443,
            "id": "sgr-0983c3da005c46375",
            "ip_protocol": "tcp",
            "prefix_list_id": null,
            "referenced_security_group_id": null,
            "region": "ap-south-1",
            "security_group_id": "sg-0d67ced7f7289cd19",
            "security_group_rule_id": "sgr-0983c3da005c46375",
            "tags": null,
            "tags_all": {},
            "to_port": 443
          },
          "sensitive_attributes": [],
          "identity_schema_version": 0,
          "identity": {
            "account_id": "264595824735",
            "id": "sgr-0983c3da005c46375",
            "region": "ap-south-1"
          },
          "dependencies": [
            "aws_security_group.alb",
            "aws_vpc.main"
          ]
        }
      ]
    },
    {
      "mode": "managed",
      "type": "aws_vpc_security_group_ingress_rule",
      "name": "alb_to_web_task",
      "provider": "provider[\"registry.terraform.io/hashicorp/aws\"]",
      "instances": [
        {
          "schema_version": 0,
          "attributes": {
            "arn": "arn:aws:ec2:ap-south-1:264595824735:security-group-rule/sgr-0120931aa0455e167",
            "cidr_ipv4": null,
            "cidr_ipv6": null,
            "description": null,
            "from_port": 8000,
            "id": "sgr-0120931aa0455e167",
            "ip_protocol": "tcp",
            "prefix_list_id": null,
            "referenced_security_group_id": "sg-0d67ced7f7289cd19",
            "region": "ap-south-1",
            "security_group_id": "sg-013918bdf1fc183c6",
            "security_group_rule_id": "sgr-0120931aa0455e167",
            "tags": null,
            "tags_all": {},
            "to_port": 8000
          },
          "sensitive_attributes": [],
          "identity_schema_version": 0,
          "identity": {
            "account_id": "264595824735",
            "id": "sgr-0120931aa0455e167",
            "region": "ap-south-1"
          },
          "dependencies": [
            "aws_security_group.alb",
            "aws_security_group.web_task",
            "aws_vpc.main"
          ]
        }
      ]
    },
    {
      "mode": "managed",
      "type": "aws_vpc_security_group_ingress_rule",
      "name": "task_redis_sg",
      "provider": "provider[\"registry.terraform.io/hashicorp/aws\"]",
      "instances": [
        {
          "schema_version": 0,
          "attributes": {
            "arn": "arn:aws:ec2:ap-south-1:264595824735:security-group-rule/sgr-0234a05a1eb963c70",
            "cidr_ipv4": null,
            "cidr_ipv6": null,
            "description": null,
            "from_port": 6379,
            "id": "sgr-0234a05a1eb963c70",
            "ip_protocol": "tcp",
            "prefix_list_id": null,
            "referenced_security_group_id": "sg-013918bdf1fc183c6",
            "region": "ap-south-1",
            "security_group_id": "sg-06a0028257ad23964",
            "security_group_rule_id": "sgr-0234a05a1eb963c70",
            "tags": null,
            "tags_all": {},
            "to_port": 6379
          },
          "sensitive_attributes": [],
          "identity_schema_version": 0,
          "identity": {
            "account_id": "264595824735",
            "id": "sgr-0234a05a1eb963c70",
            "region": "ap-south-1"
          },
          "dependencies": [
            "aws_security_group.redis",
            "aws_security_group.web_task",
            "aws_vpc.main"
          ]
        }
      ]
    },
    {
      "mode": "managed",
      "type": "aws_vpc_security_group_ingress_rule",
      "name": "web_task_to_db",
      "provider": "provider[\"registry.terraform.io/hashicorp/aws\"]",
      "instances": [
        {
          "schema_version": 0,
          "attributes": {
            "arn": "arn:aws:ec2:ap-south-1:264595824735:security-group-rule/sgr-050b0f7acea706661",
            "cidr_ipv4": null,
            "cidr_ipv6": null,
            "description": null,
            "from_port": 5432,
            "id": "sgr-050b0f7acea706661",
            "ip_protocol": "tcp",
            "prefix_list_id": null,
            "referenced_security_group_id": "sg-013918bdf1fc183c6",
            "region": "ap-south-1",
            "security_group_id": "sg-0089aa9d4cf8a7437",
            "security_group_rule_id": "sgr-050b0f7acea706661",
            "tags": null,
            "tags_all": {},
            "to_port": 5432
          },
          "sensitive_attributes": [],
          "identity_schema_version": 0,
          "identity": {
            "account_id": "264595824735",
            "id": "sgr-050b0f7acea706661",
            "region": "ap-south-1"
          },
          "dependencies": [
            "aws_security_group.db",
            "aws_security_group.web_task",
            "aws_vpc.main"
          ]
        }
      ]
    }
  ],
  "check_results": null
}
