{
  "version": 4,
  "terraform_version": "1.15.6",
  "serial": 978,
  "lineage": "da69ab9f-cbbe-590a-6418-8c037c513d85",
  "outputs": {},
  "resources": [
    {
      "mode": "data",
      "type": "aws_ami",
      "name": "amazon_linux",
      "provider": "provider[\"registry.terraform.io/hashicorp/aws\"]",
      "instances": [
        {
          "schema_version": 0,
          "attributes": {
            "allow_unsafe_filter": null,
            "architecture": "x86_64",
            "arn": "arn:aws:ec2:ap-south-1::image/ami-0f2f85bcae7ec46bd",
            "block_device_mappings": [
              {
                "device_name": "/dev/xvda",
                "ebs": {
                  "delete_on_termination": "true",
                  "encrypted": "false",
                  "iops": "3000",
                  "snapshot_id": "snap-06281d8d9f84b142e",
                  "throughput": "125",
                  "volume_initialization_rate": "0",
                  "volume_size": "2",
                  "volume_type": "gp3"
                },
                "no_device": "",
                "virtual_name": ""
              }
            ],
            "boot_mode": "uefi-preferred",
            "creation_date": "2026-06-19T00:04:20.000Z",
            "deprecation_time": "2026-09-17T00:10:00.000Z",
            "description": "Amazon Linux 2023 AMI 2023.12.20260622.0 x86_64 Minimal HVM kernel-6.18",
            "ena_support": true,
            "executable_users": null,
            "filter": [
              {
                "name": "name",
                "values": [
                  "al2023-ami-*-x86_64"
                ]
              }
            ],
            "hypervisor": "xen",
            "id": "ami-0f2f85bcae7ec46bd",
            "image_id": "ami-0f2f85bcae7ec46bd",
            "image_location": "amazon/al2023-ami-minimal-2023.12.20260622.0-kernel-6.18-x86_64",
            "image_owner_alias": "amazon",
            "image_type": "machine",
            "imds_support": "v2.0",
            "include_deprecated": false,
            "kernel_id": "",
            "last_launched_time": "",
            "most_recent": true,
            "name": "al2023-ami-minimal-2023.12.20260622.0-kernel-6.18-x86_64",
            "name_regex": null,
            "owner_id": "137112412989",
            "owners": [
              "amazon"
            ],
            "platform": "",
            "platform_details": "Linux/UNIX",
            "product_codes": [],
            "public": true,
            "ramdisk_id": "",
            "region": "ap-south-1",
            "root_device_name": "/dev/xvda",
            "root_device_type": "ebs",
            "root_snapshot_id": "snap-06281d8d9f84b142e",
            "sriov_net_support": "simple",
            "state": "available",
            "state_reason": {
              "code": "UNSET",
              "message": "UNSET"
            },
            "tags": {},
            "timeouts": null,
            "tpm_support": "",
            "uefi_data": null,
            "usage_operation": "RunInstances",
            "virtualization_type": "hvm"
          },
          "sensitive_attributes": [],
          "identity_schema_version": 0
        }
      ]
    },
    {
      "mode": "managed",
      "type": "aws_autoscaling_group",
      "name": "ecs",
      "provider": "provider[\"registry.terraform.io/hashicorp/aws\"]",
      "instances": [
        {
          "schema_version": 1,
          "attributes": {
            "arn": "arn:aws:autoscaling:ap-south-1:264595824735:autoScalingGroup:ebf62eaa-20d6-49f7-af3f-3569091fd3a2:autoScalingGroupName/learner-dev-ecs-asg",
            "availability_zone_distribution": [
              {
                "capacity_distribution_strategy": "balanced-best-effort"
              }
            ],
            "availability_zones": [
              "ap-south-1a",
              "ap-south-1b"
            ],
            "capacity_rebalance": false,
            "capacity_reservation_specification": [
              {
                "capacity_reservation_preference": "default",
                "capacity_reservation_target": []
              }
            ],
            "context": "",
            "default_cooldown": 300,
            "default_instance_warmup": 0,
            "desired_capacity": 0,
            "desired_capacity_type": "",
            "enabled_metrics": [],
            "force_delete": false,
            "force_delete_warm_pool": false,
            "health_check_grace_period": 300,
            "health_check_type": "EC2",
            "id": "learner-dev-ecs-asg",
            "ignore_failed_scaling_activities": false,
            "initial_lifecycle_hook": [],
            "instance_maintenance_policy": [],
            "instance_refresh": [],
            "launch_configuration": "",
            "launch_template": [
              {
                "id": "lt-0134bb76eeafe2ce8",
                "name": "learner-dev-ecs-20260625154937734900000003",
                "version": "$Latest"
              }
            ],
            "load_balancers": [],
            "max_instance_lifetime": 0,
            "max_size": 0,
            "metrics_granularity": "1Minute",
            "min_elb_capacity": null,
            "min_size": 0,
            "mixed_instances_policy": [],
            "name": "learner-dev-ecs-asg",
            "name_prefix": "",
            "placement_group": "",
            "predicted_capacity": 0,
            "protect_from_scale_in": false,
            "region": "ap-south-1",
            "service_linked_role_arn": "arn:aws:iam::264595824735:role/aws-service-role/autoscaling.amazonaws.com/AWSServiceRoleForAutoScaling",
            "suspended_processes": [],
            "tag": [
              {
                "key": "Name",
                "propagate_at_launch": true,
                "value": "learner-dev-ecs-instance"
              }
            ],
            "target_group_arns": [],
            "termination_policies": [],
            "timeouts": null,
            "traffic_source": [],
            "vpc_zone_identifier": [
              "subnet-00e4ae2d8f924e517",
              "subnet-0af259450939ceb4a"
            ],
            "wait_for_capacity_timeout": "10m",
            "wait_for_elb_capacity": null,
            "warm_pool": [],
            "warm_pool_size": 0
          },
          "sensitive_attributes": [],
          "identity_schema_version": 0,
          "identity": {
            "account_id": "264595824735",
            "name": "learner-dev-ecs-asg",
            "region": "ap-south-1"
          },
          "private": "eyJlMmJmYjczMC1lY2FhLTExZTYtOGY4OC0zNDM2M2JjN2M0YzAiOnsiZGVsZXRlIjo2MDAwMDAwMDAwMDAsInVwZGF0ZSI6NjAwMDAwMDAwMDAwfSwic2NoZW1hX3ZlcnNpb24iOiIxIn0=",
          "dependencies": [
            "aws_ecs_cluster.main",
            "aws_eip.nat",
            "aws_iam_instance_profile.ecs_instance",
            "aws_iam_role.ecs_instance",
            "aws_internet_gateway.main",
            "aws_launch_template.ecs",
            "aws_nat_gateway.main",
            "aws_route_table.private",
            "aws_route_table_association.private",
            "aws_security_group.ecs_instance",
            "aws_subnet.private",
            "aws_subnet.public",
            "aws_vpc.main",
            "data.aws_ami.amazon_linux"
          ]
        }
      ]
    },
    {
      "mode": "managed",
      "type": "aws_ecs_cluster",
      "name": "main",
      "provider": "provider[\"registry.terraform.io/hashicorp/aws\"]",
      "instances": [
        {
          "schema_version": 0,
          "attributes": {
            "arn": "arn:aws:ecs:ap-south-1:264595824735:cluster/learner-dev-cluster",
            "configuration": [],
            "id": "arn:aws:ecs:ap-south-1:264595824735:cluster/learner-dev-cluster",
            "name": "learner-dev-cluster",
            "region": "ap-south-1",
            "service_connect_defaults": [],
            "setting": [
              {
                "name": "containerInsights",
                "value": "disabled"
              }
            ],
            "tags": {
              "Environment": "dev",
              "Managed_by": "Terraform",
              "Name": "learner-dev-cluster",
              "Project": "learner"
            },
            "tags_all": {
              "Environment": "dev",
              "Managed_by": "Terraform",
              "Name": "learner-dev-cluster",
              "Project": "learner"
            }
          },
          "sensitive_attributes": [],
          "identity_schema_version": 0,
          "private": "bnVsbA=="
        }
      ]
    },
    {
      "mode": "managed",
      "type": "aws_eip",
      "name": "nat",
      "provider": "provider[\"registry.terraform.io/hashicorp/aws\"]",
      "instances": [
        {
          "schema_version": 0,
          "attributes": {
            "address": null,
            "allocation_id": "eipalloc-006855b1309f587ac",
            "arn": "arn:aws:ec2:ap-south-1:264595824735:elastic-ip/eipalloc-006855b1309f587ac",
            "associate_with_private_ip": null,
            "association_id": "eipassoc-068552a3bb0f27fc4",
            "carrier_ip": "",
            "customer_owned_ip": "",
            "customer_owned_ipv4_pool": "",
            "domain": "vpc",
            "id": "eipalloc-006855b1309f587ac",
            "instance": "",
            "ipam_pool_id": "",
            "network_border_group": "ap-south-1",
            "network_interface": "eni-03da864c59152387d",
            "private_dns": "ip-10-0-1-76.ap-south-1.compute.internal",
            "private_ip": "10.0.1.76",
            "ptr_record": "",
            "public_dns": "ec2-13-235-212-161.ap-south-1.compute.amazonaws.com",
            "public_ip": "13.235.212.161",
            "public_ipv4_pool": "amazon",
            "region": "ap-south-1",
            "tags": {
              "Environment": "dev",
              "Managed_by": "Terraform",
              "Name": "learner-dev-nat-eip",
              "Project": "learner"
            },
            "tags_all": {
              "Environment": "dev",
              "Managed_by": "Terraform",
              "Name": "learner-dev-nat-eip",
              "Project": "learner"
            },
            "timeouts": null
          },
          "sensitive_attributes": [],
          "identity_schema_version": 0,
          "identity": {
            "account_id": "264595824735",
            "id": "eipalloc-006855b1309f587ac",
            "region": "ap-south-1"
          },
          "private": "eyJlMmJmYjczMC1lY2FhLTExZTYtOGY4OC0zNDM2M2JjN2M0YzAiOnsiZGVsZXRlIjoxODAwMDAwMDAwMDAsInJlYWQiOjkwMDAwMDAwMDAwMCwidXBkYXRlIjozMDAwMDAwMDAwMDB9fQ=="
        }
      ]
    },
    {
      "mode": "managed",
      "type": "aws_iam_instance_profile",
      "name": "ecs_instance",
      "provider": "provider[\"registry.terraform.io/hashicorp/aws\"]",
      "instances": [
        {
          "schema_version": 0,
          "attributes": {
            "arn": "arn:aws:iam::264595824735:instance-profile/learner-dev-ecs-instance-profile",
            "create_date": "2026-06-25T15:49:30Z",
            "id": "learner-dev-ecs-instance-profile",
            "name": "learner-dev-ecs-instance-profile",
            "name_prefix": "",
            "path": "/",
            "role": "learner-dev-ecs-instance-role",
            "tags": {},
            "tags_all": {},
            "unique_id": "AIPAT3GZD4BP4HGFXHTSN"
          },
          "sensitive_attributes": [],
          "identity_schema_version": 0,
          "identity": {
            "account_id": "264595824735",
            "name": "learner-dev-ecs-instance-profile"
          },
          "private": "bnVsbA==",
          "dependencies": [
            "aws_iam_role.ecs_instance"
          ]
        }
      ]
    },
    {
      "mode": "managed",
      "type": "aws_iam_role",
      "name": "ecs_instance",
      "provider": "provider[\"registry.terraform.io/hashicorp/aws\"]",
      "instances": [
        {
          "schema_version": 0,
          "attributes": {
            "arn": "arn:aws:iam::264595824735:role/learner-dev-ecs-instance-role",
            "assume_role_policy": "{\"Statement\":[{\"Action\":\"sts:AssumeRole\",\"Effect\":\"Allow\",\"Principal\":{\"Service\":\"ec2.amazonaws.com\"}}],\"Version\":\"2012-10-17\"}",
            "create_date": "2026-06-25T15:49:27Z",
            "description": "",
            "force_detach_policies": false,
            "id": "learner-dev-ecs-instance-role",
            "inline_policy": [],
            "managed_policy_arns": [],
            "max_session_duration": 3600,
            "name": "learner-dev-ecs-instance-role",
            "name_prefix": "",
            "path": "/",
            "permissions_boundary": "",
            "tags": {
              "Environment": "dev",
              "Managed_by": "Terraform",
              "Name": "learner-dev-ecs-instance-role",
              "Project": "learner"
            },
            "tags_all": {
              "Environment": "dev",
              "Managed_by": "Terraform",
              "Name": "learner-dev-ecs-instance-role",
              "Project": "learner"
            },
            "unique_id": "AROAT3GZD4BP2HWIHXX3D"
          },
          "sensitive_attributes": [],
          "identity_schema_version": 0,
          "identity": {
            "account_id": "264595824735",
            "name": "learner-dev-ecs-instance-role"
          },
          "private": "bnVsbA=="
        }
      ]
    },
    {
      "mode": "managed",
      "type": "aws_internet_gateway",
      "name": "main",
      "provider": "provider[\"registry.terraform.io/hashicorp/aws\"]",
      "instances": [
        {
          "schema_version": 0,
          "attributes": {
            "arn": "arn:aws:ec2:ap-south-1:264595824735:internet-gateway/igw-0c63658afd8c904c0",
            "id": "igw-0c63658afd8c904c0",
            "owner_id": "264595824735",
            "region": "ap-south-1",
            "tags": {
              "Environment": "dev",
              "Managed_by": "Terraform",
              "Name": "learner-dev-igw",
              "Project": "learner"
            },
            "tags_all": {
              "Environment": "dev",
              "Managed_by": "Terraform",
              "Name": "learner-dev-igw",
              "Project": "learner"
            },
            "timeouts": null,
            "vpc_id": "vpc-0ac84b30c7c1a5374"
          },
          "sensitive_attributes": [],
          "identity_schema_version": 0,
          "identity": {
            "account_id": "264595824735",
            "id": "igw-0c63658afd8c904c0",
            "region": "ap-south-1"
          },
          "private": "eyJlMmJmYjczMC1lY2FhLTExZTYtOGY4OC0zNDM2M2JjN2M0YzAiOnsiY3JlYXRlIjoxMjAwMDAwMDAwMDAwLCJkZWxldGUiOjEyMDAwMDAwMDAwMDAsInVwZGF0ZSI6MTIwMDAwMDAwMDAwMH19",
          "dependencies": [
            "aws_vpc.main"
          ]
        }
      ]
    },
    {
      "mode": "managed",
      "type": "aws_launch_template",
      "name": "ecs",
      "provider": "provider[\"registry.terraform.io/hashicorp/aws\"]",
      "instances": [
        {
          "schema_version": 1,
          "attributes": {
            "arn": "arn:aws:ec2:ap-south-1:264595824735:launch-template/lt-0134bb76eeafe2ce8",
            "block_device_mappings": [
              {
                "device_name": "/dev/xvda",
                "ebs": [
                  {
                    "delete_on_termination": "true",
                    "encrypted": "",
                    "iops": 0,
                    "kms_key_id": "",
                    "snapshot_id": "",
                    "throughput": 0,
                    "volume_initialization_rate": 0,
                    "volume_size": 30,
                    "volume_type": "gp3"
                  }
                ],
                "no_device": "",
                "virtual_name": ""
              }
            ],
            "capacity_reservation_specification": [],
            "cpu_options": [],
            "credit_specification": [],
            "default_version": 1,
            "description": "",
            "disable_api_stop": false,
            "disable_api_termination": false,
            "ebs_optimized": "",
            "enclave_options": [],
            "hibernation_options": [],
            "iam_instance_profile": [
              {
                "arn": "arn:aws:iam::264595824735:instance-profile/learner-dev-ecs-instance-profile",
                "name": ""
              }
            ],
            "id": "lt-0134bb76eeafe2ce8",
            "image_id": "ami-0f2f85bcae7ec46bd",
            "instance_initiated_shutdown_behavior": "",
            "instance_market_options": [],
            "instance_requirements": [],
            "instance_type": "t3.micro",
            "kernel_id": "",
            "key_name": "",
            "latest_version": 1,
            "license_specification": [],
            "maintenance_options": [],
            "metadata_options": [],
            "monitoring": [],
            "name": "learner-dev-ecs-20260625154937734900000003",
            "name_prefix": "learner-dev-ecs-",
            "network_interfaces": [],
            "network_performance_options": [],
            "placement": [],
            "private_dns_name_options": [],
            "ram_disk_id": "",
            "region": "ap-south-1",
            "secondary_interfaces": [],
            "security_group_names": [],
            "tag_specifications": [
              {
                "resource_type": "instance",
                "tags": {
                  "Environment": "dev",
                  "Managed_by": "Terraform",
                  "Name": "learner-dev-ecs-instance",
                  "Project": "learner"
                }
              }
            ],
            "tags": {
              "Environment": "dev",
              "Managed_by": "Terraform",
              "Name": "learner-dev-ecs-instance",
              "Project": "learner"
            },
            "tags_all": {
              "Environment": "dev",
              "Managed_by": "Terraform",
              "Name": "learner-dev-ecs-instance",
              "Project": "learner"
            },
            "update_default_version": null,
            "user_data": "IyEvYmluL2Jhc2gKCmV4ZWMgPiA+KHRlZSAvdmFyL2xvZy91c2VyLWRhdGEubG9nKQpleGVjIDI+JjEKCmRuZiBpbnN0YWxsIGRvY2tlciAteQpzeXN0ZW1jdGwgZW5hYmxlIC0tbm93IGRvY2tlcgoKCmRuZiBpbnN0YWxsIGFtYXpvbi1zc20tYWdlbnQgLXkKc3lzdGVtY3RsIGVuYWJsZSAtLW5vdyBhbWF6b24tc3NtLWFnZW50Cgpta2RpciAtcCAvZXRjL2VjcwplY2hvICJFQ1NfQ0xVU1RFUj1sZWFybmVyLWRldi1jbHVzdGVyIiA+PiAvZXRjL2Vjcy9lY3MuY29uZmlnCgpkbmYgaW5zdGFsbCBlY3MtaW5pdCAteQpzeXN0ZW1jdGwgZW5hYmxlIC0tbm93IC0tbm8tYmxvY2sgZWNz",
            "vpc_security_group_ids": [
              "sg-05a20058b28ac3835"
            ]
          },
          "sensitive_attributes": [],
          "identity_schema_version": 0,
          "identity": {
            "account_id": "264595824735",
            "id": "lt-0134bb76eeafe2ce8",
            "region": "ap-south-1"
          },
          "private": "eyJzY2hlbWFfdmVyc2lvbiI6IjEifQ==",
          "dependencies": [
            "aws_ecs_cluster.main",
            "aws_iam_instance_profile.ecs_instance",
            "aws_iam_role.ecs_instance",
            "aws_security_group.ecs_instance",
            "aws_vpc.main",
            "data.aws_ami.amazon_linux"
          ]
        }
      ]
    },
    {
      "mode": "managed",
      "type": "aws_nat_gateway",
      "name": "main",
      "provider": "provider[\"registry.terraform.io/hashicorp/aws\"]",
      "instances": [
        {
          "schema_version": 0,
          "attributes": {
            "allocation_id": "eipalloc-006855b1309f587ac",
            "association_id": "eipassoc-068552a3bb0f27fc4",
            "auto_provision_zones": null,
            "auto_scaling_ips": null,
            "availability_mode": "zonal",
            "availability_zone_address": [],
            "connectivity_type": "public",
            "id": "nat-05d0ff45fe5237035",
            "network_interface_id": "eni-03da864c59152387d",
            "private_ip": "10.0.1.76",
            "public_ip": "13.235.212.161",
            "region": "ap-south-1",
            "regional_nat_gateway_address": [],
            "regional_nat_gateway_auto_mode": null,
            "route_table_id": null,
            "secondary_allocation_ids": [],
            "secondary_private_ip_address_count": 0,
            "secondary_private_ip_addresses": [],
            "subnet_id": "subnet-0fa56a92126246792",
            "tags": {
              "Environment": "dev",
              "Managed_by": "Terraform",
              "Name": "learner-dev-nat",
              "Project": "learner"
            },
            "tags_all": {
              "Environment": "dev",
              "Managed_by": "Terraform",
              "Name": "learner-dev-nat",
              "Project": "learner"
            },
            "timeouts": null,
            "vpc_id": "vpc-0ac84b30c7c1a5374"
          },
          "sensitive_attributes": [],
          "identity_schema_version": 0,
          "identity": {
            "account_id": "264595824735",
            "id": "nat-05d0ff45fe5237035",
            "region": "ap-south-1"
          },
          "private": "eyJlMmJmYjczMC1lY2FhLTExZTYtOGY4OC0zNDM2M2JjN2M0YzAiOnsiY3JlYXRlIjo2MDAwMDAwMDAwMDAsImRlbGV0ZSI6MTgwMDAwMDAwMDAwMCwidXBkYXRlIjo2MDAwMDAwMDAwMDB9fQ==",
          "dependencies": [
            "aws_eip.nat",
            "aws_internet_gateway.main",
            "aws_subnet.public",
            "aws_vpc.main"
          ]
        }
      ]
    },
    {
      "mode": "managed",
      "type": "aws_route_table",
      "name": "private",
      "provider": "provider[\"registry.terraform.io/hashicorp/aws\"]",
      "instances": [
        {
          "schema_version": 0,
          "attributes": {
            "arn": "arn:aws:ec2:ap-south-1:264595824735:route-table/rtb-0340d21c58a205e8c",
            "id": "rtb-0340d21c58a205e8c",
            "owner_id": "264595824735",
            "propagating_vgws": [],
            "region": "ap-south-1",
            "route": [
              {
                "carrier_gateway_id": "",
                "cidr_block": "0.0.0.0/0",
                "core_network_arn": "",
                "destination_prefix_list_id": "",
                "egress_only_gateway_id": "",
                "gateway_id": "",
                "ipv6_cidr_block": "",
                "local_gateway_id": "",
                "nat_gateway_id": "nat-05d0ff45fe5237035",
                "network_interface_id": "",
                "odb_network_arn": "",
                "transit_gateway_id": "",
                "vpc_endpoint_id": "",
                "vpc_peering_connection_id": ""
              }
            ],
            "tags": {
              "Environment": "dev",
              "Managed_by": "Terraform",
              "Name": "learner-dev-private-rt",
              "Project": "learner"
            },
            "tags_all": {
              "Environment": "dev",
              "Managed_by": "Terraform",
              "Name": "learner-dev-private-rt",
              "Project": "learner"
            },
            "timeouts": null,
            "vpc_id": "vpc-0ac84b30c7c1a5374"
          },
          "sensitive_attributes": [],
          "identity_schema_version": 0,
          "identity": {
            "account_id": "264595824735",
            "id": "rtb-0340d21c58a205e8c",
            "region": "ap-south-1"
          },
          "private": "eyJlMmJmYjczMC1lY2FhLTExZTYtOGY4OC0zNDM2M2JjN2M0YzAiOnsiY3JlYXRlIjozMDAwMDAwMDAwMDAsImRlbGV0ZSI6MzAwMDAwMDAwMDAwLCJ1cGRhdGUiOjEyMDAwMDAwMDAwMH19",
          "dependencies": [
            "aws_eip.nat",
            "aws_internet_gateway.main",
            "aws_nat_gateway.main",
            "aws_subnet.public",
            "aws_vpc.main"
          ]
        }
      ]
    },
    {
      "mode": "managed",
      "type": "aws_route_table_association",
      "name": "private",
      "provider": "provider[\"registry.terraform.io/hashicorp/aws\"]",
      "instances": [
        {
          "index_key": "private_a",
          "schema_version": 0,
          "attributes": {
            "gateway_id": "",
            "id": "rtbassoc-09bf3f92966ade716",
            "region": "ap-south-1",
            "route_table_id": "rtb-0340d21c58a205e8c",
            "subnet_id": "subnet-0af259450939ceb4a",
            "timeouts": null
          },
          "sensitive_attributes": [],
          "identity_schema_version": 0,
          "identity": {
            "account_id": "264595824735",
            "id": "rtbassoc-09bf3f92966ade716",
            "region": "ap-south-1"
          },
          "private": "eyJlMmJmYjczMC1lY2FhLTExZTYtOGY4OC0zNDM2M2JjN2M0YzAiOnsiY3JlYXRlIjozMDAwMDAwMDAwMDAsImRlbGV0ZSI6MzAwMDAwMDAwMDAwLCJ1cGRhdGUiOjEyMDAwMDAwMDAwMH19",
          "dependencies": [
            "aws_eip.nat",
            "aws_internet_gateway.main",
            "aws_nat_gateway.main",
            "aws_route_table.private",
            "aws_subnet.private",
            "aws_subnet.public",
            "aws_vpc.main"
          ]
        },
        {
          "index_key": "private_b",
          "schema_version": 0,
          "attributes": {
            "gateway_id": "",
            "id": "rtbassoc-0443e016c0c0f8419",
            "region": "ap-south-1",
            "route_table_id": "rtb-0340d21c58a205e8c",
            "subnet_id": "subnet-00e4ae2d8f924e517",
            "timeouts": null
          },
          "sensitive_attributes": [],
          "identity_schema_version": 0,
          "identity": {
            "account_id": "264595824735",
            "id": "rtbassoc-0443e016c0c0f8419",
            "region": "ap-south-1"
          },
          "private": "eyJlMmJmYjczMC1lY2FhLTExZTYtOGY4OC0zNDM2M2JjN2M0YzAiOnsiY3JlYXRlIjozMDAwMDAwMDAwMDAsImRlbGV0ZSI6MzAwMDAwMDAwMDAwLCJ1cGRhdGUiOjEyMDAwMDAwMDAwMH19",
          "dependencies": [
            "aws_eip.nat",
            "aws_internet_gateway.main",
            "aws_nat_gateway.main",
            "aws_route_table.private",
            "aws_subnet.private",
            "aws_subnet.public",
            "aws_vpc.main"
          ]
        }
      ]
    },
    {
      "mode": "managed",
      "type": "aws_security_group",
      "name": "ecs_instance",
      "provider": "provider[\"registry.terraform.io/hashicorp/aws\"]",
      "instances": [
        {
          "schema_version": 1,
          "attributes": {
            "arn": "arn:aws:ec2:ap-south-1:264595824735:security-group/sg-05a20058b28ac3835",
            "description": "Ecs instance sg",
            "egress": [],
            "id": "sg-05a20058b28ac3835",
            "ingress": [],
            "name": "learner-dev-ecs-instance-sg",
            "name_prefix": "",
            "owner_id": "264595824735",
            "region": "ap-south-1",
            "revoke_rules_on_delete": false,
            "tags": {
              "Environment": "dev",
              "Managed_by": "Terraform",
              "Name": "learner-dev-ecs-instance-sg",
              "Project": "learner"
            },
            "tags_all": {
              "Environment": "dev",
              "Managed_by": "Terraform",
              "Name": "learner-dev-ecs-instance-sg",
              "Project": "learner"
            },
            "timeouts": null,
            "vpc_id": "vpc-0ac84b30c7c1a5374"
          },
          "sensitive_attributes": [],
          "identity_schema_version": 0,
          "identity": {
            "account_id": "264595824735",
            "id": "sg-05a20058b28ac3835",
            "region": "ap-south-1"
          },
          "private": "eyJlMmJmYjczMC1lY2FhLTExZTYtOGY4OC0zNDM2M2JjN2M0YzAiOnsiY3JlYXRlIjo2MDAwMDAwMDAwMDAsImRlbGV0ZSI6OTAwMDAwMDAwMDAwfSwic2NoZW1hX3ZlcnNpb24iOiIxIn0=",
          "dependencies": [
            "aws_vpc.main"
          ]
        }
      ]
    },
    {
      "mode": "managed",
      "type": "aws_subnet",
      "name": "private",
      "provider": "provider[\"registry.terraform.io/hashicorp/aws\"]",
      "instances": [
        {
          "index_key": "private_a",
          "schema_version": 1,
          "attributes": {
            "arn": "arn:aws:ec2:ap-south-1:264595824735:subnet/subnet-0af259450939ceb4a",
            "assign_ipv6_address_on_creation": false,
            "availability_zone": "ap-south-1a",
            "availability_zone_id": "aps1-az1",
            "cidr_block": "10.0.100.0/24",
            "customer_owned_ipv4_pool": "",
            "enable_dns64": false,
            "enable_lni_at_device_index": 0,
            "enable_resource_name_dns_a_record_on_launch": false,
            "enable_resource_name_dns_aaaa_record_on_launch": false,
            "id": "subnet-0af259450939ceb4a",
            "ipv4_ipam_pool_id": null,
            "ipv4_netmask_length": null,
            "ipv6_cidr_block": "",
            "ipv6_cidr_block_association_id": "",
            "ipv6_ipam_pool_id": null,
            "ipv6_native": false,
            "ipv6_netmask_length": null,
            "map_customer_owned_ip_on_launch": false,
            "map_public_ip_on_launch": false,
            "outpost_arn": "",
            "owner_id": "264595824735",
            "private_dns_hostname_type_on_launch": "ip-name",
            "region": "ap-south-1",
            "tags": {
              "Environment": "dev",
              "Managed_by": "Terraform",
              "Name": "learner-dev-private_a",
              "Project": "learner"
            },
            "tags_all": {
              "Environment": "dev",
              "Managed_by": "Terraform",
              "Name": "learner-dev-private_a",
              "Project": "learner"
            },
            "timeouts": null,
            "vpc_id": "vpc-0ac84b30c7c1a5374"
          },
          "sensitive_attributes": [],
          "identity_schema_version": 0,
          "identity": {
            "account_id": "264595824735",
            "id": "subnet-0af259450939ceb4a",
            "region": "ap-south-1"
          },
          "private": "eyJlMmJmYjczMC1lY2FhLTExZTYtOGY4OC0zNDM2M2JjN2M0YzAiOnsiY3JlYXRlIjo2MDAwMDAwMDAwMDAsImRlbGV0ZSI6MTIwMDAwMDAwMDAwMH0sInNjaGVtYV92ZXJzaW9uIjoiMSJ9",
          "dependencies": [
            "aws_vpc.main"
          ]
        },
        {
          "index_key": "private_b",
          "schema_version": 1,
          "attributes": {
            "arn": "arn:aws:ec2:ap-south-1:264595824735:subnet/subnet-00e4ae2d8f924e517",
            "assign_ipv6_address_on_creation": false,
            "availability_zone": "ap-south-1b",
            "availability_zone_id": "aps1-az3",
            "cidr_block": "10.0.101.0/24",
            "customer_owned_ipv4_pool": "",
            "enable_dns64": false,
            "enable_lni_at_device_index": 0,
            "enable_resource_name_dns_a_record_on_launch": false,
            "enable_resource_name_dns_aaaa_record_on_launch": false,
            "id": "subnet-00e4ae2d8f924e517",
            "ipv4_ipam_pool_id": null,
            "ipv4_netmask_length": null,
            "ipv6_cidr_block": "",
            "ipv6_cidr_block_association_id": "",
            "ipv6_ipam_pool_id": null,
            "ipv6_native": false,
            "ipv6_netmask_length": null,
            "map_customer_owned_ip_on_launch": false,
            "map_public_ip_on_launch": false,
            "outpost_arn": "",
            "owner_id": "264595824735",
            "private_dns_hostname_type_on_launch": "ip-name",
            "region": "ap-south-1",
            "tags": {
              "Environment": "dev",
              "Managed_by": "Terraform",
              "Name": "learner-dev-private_b",
              "Project": "learner"
            },
            "tags_all": {
              "Environment": "dev",
              "Managed_by": "Terraform",
              "Name": "learner-dev-private_b",
              "Project": "learner"
            },
            "timeouts": null,
            "vpc_id": "vpc-0ac84b30c7c1a5374"
          },
          "sensitive_attributes": [],
          "identity_schema_version": 0,
          "identity": {
            "account_id": "264595824735",
            "id": "subnet-00e4ae2d8f924e517",
            "region": "ap-south-1"
          },
          "private": "eyJlMmJmYjczMC1lY2FhLTExZTYtOGY4OC0zNDM2M2JjN2M0YzAiOnsiY3JlYXRlIjo2MDAwMDAwMDAwMDAsImRlbGV0ZSI6MTIwMDAwMDAwMDAwMH0sInNjaGVtYV92ZXJzaW9uIjoiMSJ9",
          "dependencies": [
            "aws_vpc.main"
          ]
        }
      ]
    },
    {
      "mode": "managed",
      "type": "aws_subnet",
      "name": "public",
      "provider": "provider[\"registry.terraform.io/hashicorp/aws\"]",
      "instances": [
        {
          "index_key": "public_a",
          "schema_version": 1,
          "attributes": {
            "arn": "arn:aws:ec2:ap-south-1:264595824735:subnet/subnet-0fa56a92126246792",
            "assign_ipv6_address_on_creation": false,
            "availability_zone": "ap-south-1a",
            "availability_zone_id": "aps1-az1",
            "cidr_block": "10.0.1.0/24",
            "customer_owned_ipv4_pool": "",
            "enable_dns64": false,
            "enable_lni_at_device_index": 0,
            "enable_resource_name_dns_a_record_on_launch": false,
            "enable_resource_name_dns_aaaa_record_on_launch": false,
            "id": "subnet-0fa56a92126246792",
            "ipv4_ipam_pool_id": null,
            "ipv4_netmask_length": null,
            "ipv6_cidr_block": "",
            "ipv6_cidr_block_association_id": "",
            "ipv6_ipam_pool_id": null,
            "ipv6_native": false,
            "ipv6_netmask_length": null,
            "map_customer_owned_ip_on_launch": false,
            "map_public_ip_on_launch": false,
            "outpost_arn": "",
            "owner_id": "264595824735",
            "private_dns_hostname_type_on_launch": "ip-name",
            "region": "ap-south-1",
            "tags": {
              "Environment": "dev",
              "Managed_by": "Terraform",
              "Name": "learner-dev-public_a",
              "Project": "learner"
            },
            "tags_all": {
              "Environment": "dev",
              "Managed_by": "Terraform",
              "Name": "learner-dev-public_a",
              "Project": "learner"
            },
            "timeouts": null,
            "vpc_id": "vpc-0ac84b30c7c1a5374"
          },
          "sensitive_attributes": [],
          "identity_schema_version": 0,
          "identity": {
            "account_id": "264595824735",
            "id": "subnet-0fa56a92126246792",
            "region": "ap-south-1"
          },
          "private": "eyJlMmJmYjczMC1lY2FhLTExZTYtOGY4OC0zNDM2M2JjN2M0YzAiOnsiY3JlYXRlIjo2MDAwMDAwMDAwMDAsImRlbGV0ZSI6MTIwMDAwMDAwMDAwMH0sInNjaGVtYV92ZXJzaW9uIjoiMSJ9",
          "dependencies": [
            "aws_vpc.main"
          ]
        },
        {
          "index_key": "public_b",
          "schema_version": 1,
          "attributes": {
            "arn": "arn:aws:ec2:ap-south-1:264595824735:subnet/subnet-03ee5a4f995895c8a",
            "assign_ipv6_address_on_creation": false,
            "availability_zone": "ap-south-1b",
            "availability_zone_id": "aps1-az3",
            "cidr_block": "10.0.2.0/24",
            "customer_owned_ipv4_pool": "",
            "enable_dns64": false,
            "enable_lni_at_device_index": 0,
            "enable_resource_name_dns_a_record_on_launch": false,
            "enable_resource_name_dns_aaaa_record_on_launch": false,
            "id": "subnet-03ee5a4f995895c8a",
            "ipv4_ipam_pool_id": null,
            "ipv4_netmask_length": null,
            "ipv6_cidr_block": "",
            "ipv6_cidr_block_association_id": "",
            "ipv6_ipam_pool_id": null,
            "ipv6_native": false,
            "ipv6_netmask_length": null,
            "map_customer_owned_ip_on_launch": false,
            "map_public_ip_on_launch": false,
            "outpost_arn": "",
            "owner_id": "264595824735",
            "private_dns_hostname_type_on_launch": "ip-name",
            "region": "ap-south-1",
            "tags": {
              "Environment": "dev",
              "Managed_by": "Terraform",
              "Name": "learner-dev-public_b",
              "Project": "learner"
            },
            "tags_all": {
              "Environment": "dev",
              "Managed_by": "Terraform",
              "Name": "learner-dev-public_b",
              "Project": "learner"
            },
            "timeouts": null,
            "vpc_id": "vpc-0ac84b30c7c1a5374"
          },
          "sensitive_attributes": [],
          "identity_schema_version": 0,
          "identity": {
            "account_id": "264595824735",
            "id": "subnet-03ee5a4f995895c8a",
            "region": "ap-south-1"
          },
          "private": "eyJlMmJmYjczMC1lY2FhLTExZTYtOGY4OC0zNDM2M2JjN2M0YzAiOnsiY3JlYXRlIjo2MDAwMDAwMDAwMDAsImRlbGV0ZSI6MTIwMDAwMDAwMDAwMH0sInNjaGVtYV92ZXJzaW9uIjoiMSJ9",
          "dependencies": [
            "aws_vpc.main"
          ]
        }
      ]
    },
    {
      "mode": "managed",
      "type": "aws_vpc",
      "name": "main",
      "provider": "provider[\"registry.terraform.io/hashicorp/aws\"]",
      "instances": [
        {
          "schema_version": 1,
          "attributes": {
            "arn": "arn:aws:ec2:ap-south-1:264595824735:vpc/vpc-0ac84b30c7c1a5374",
            "assign_generated_ipv6_cidr_block": false,
            "cidr_block": "10.0.0.0/16",
            "default_network_acl_id": "acl-0bd6df53e130cd1ec",
            "default_route_table_id": "rtb-0b2239b9e7a7ebf1d",
            "default_security_group_id": "sg-0310d006a569553d1",
            "dhcp_options_id": "dopt-05cde98858a226c1b",
            "enable_dns_hostnames": false,
            "enable_dns_support": true,
            "enable_network_address_usage_metrics": false,
            "id": "vpc-0ac84b30c7c1a5374",
            "instance_tenancy": "default",
            "ipv4_ipam_pool_id": null,
            "ipv4_netmask_length": null,
            "ipv6_association_id": "",
            "ipv6_cidr_block": "",
            "ipv6_cidr_block_network_border_group": "",
            "ipv6_ipam_pool_id": "",
            "ipv6_netmask_length": 0,
            "main_route_table_id": "rtb-0b2239b9e7a7ebf1d",
            "owner_id": "264595824735",
            "region": "ap-south-1",
            "tags": {
              "Environment": "dev",
              "Managed_by": "Terraform",
              "Name": "learner-dev-vpc",
              "Project": "learner"
            },
            "tags_all": {
              "Environment": "dev",
              "Managed_by": "Terraform",
              "Name": "learner-dev-vpc",
              "Project": "learner"
            }
          },
          "sensitive_attributes": [],
          "identity_schema_version": 0,
          "identity": {
            "account_id": "264595824735",
            "id": "vpc-0ac84b30c7c1a5374",
            "region": "ap-south-1"
          },
          "private": "eyJzY2hlbWFfdmVyc2lvbiI6IjEifQ=="
        }
      ]
    }
  ],
  "check_results": null
}
