{
  "version": 4,
  "terraform_version": "1.15.6",
  "serial": 12,
  "lineage": "da69ab9f-cbbe-590a-6418-8c037c513d85",
  "outputs": {
    "igw_id": {
      "value": "igw-06374608edc5c5506",
      "type": "string"
    },
    "vpc_id": {
      "value": "vpc-05672dcf8ff92a945",
      "type": "string"
    }
  },
  "resources": [
    {
      "mode": "managed",
      "type": "aws_internet_gateway",
      "name": "main",
      "provider": "provider[\"registry.terraform.io/hashicorp/aws\"]",
      "instances": [
        {
          "schema_version": 0,
          "attributes": {
            "arn": "arn:aws:ec2:ap-south-1:264595824735:internet-gateway/igw-06374608edc5c5506",
            "id": "igw-06374608edc5c5506",
            "owner_id": "264595824735",
            "region": "ap-south-1",
            "tags": {
              "Environment": "dev",
              "Managed_by": "Terraform",
              "Name": "learner-dev-igw",
              "Project": "learner"
            },
            "tags_all": {
              "Environment": "dev",
              "Managed_by": "Terraform",
              "Name": "learner-dev-igw",
              "Project": "learner"
            },
            "timeouts": null,
            "vpc_id": "vpc-05672dcf8ff92a945"
          },
          "sensitive_attributes": [],
          "identity_schema_version": 0,
          "identity": {
            "account_id": "264595824735",
            "id": "igw-06374608edc5c5506",
            "region": "ap-south-1"
          },
          "private": "eyJlMmJmYjczMC1lY2FhLTExZTYtOGY4OC0zNDM2M2JjN2M0YzAiOnsiY3JlYXRlIjoxMjAwMDAwMDAwMDAwLCJkZWxldGUiOjEyMDAwMDAwMDAwMDAsInVwZGF0ZSI6MTIwMDAwMDAwMDAwMH19",
          "dependencies": [
            "aws_vpc.main"
          ]
        }
      ]
    },
    {
      "mode": "managed",
      "type": "aws_vpc",
      "name": "main",
      "provider": "provider[\"registry.terraform.io/hashicorp/aws\"]",
      "instances": [
        {
          "schema_version": 1,
          "attributes": {
            "arn": "arn:aws:ec2:ap-south-1:264595824735:vpc/vpc-05672dcf8ff92a945",
            "assign_generated_ipv6_cidr_block": false,
            "cidr_block": "10.0.0.0/16",
            "default_network_acl_id": "acl-091dbd6a9a44b1737",
            "default_route_table_id": "rtb-0a4dc9a2a3b85c244",
            "default_security_group_id": "sg-05aa2f41f559717d2",
            "dhcp_options_id": "dopt-05cde98858a226c1b",
            "enable_dns_hostnames": false,
            "enable_dns_support": true,
            "enable_network_address_usage_metrics": false,
            "id": "vpc-05672dcf8ff92a945",
            "instance_tenancy": "default",
            "ipv4_ipam_pool_id": null,
            "ipv4_netmask_length": null,
            "ipv6_association_id": "",
            "ipv6_cidr_block": "",
            "ipv6_cidr_block_network_border_group": "",
            "ipv6_ipam_pool_id": "",
            "ipv6_netmask_length": 0,
            "main_route_table_id": "rtb-0a4dc9a2a3b85c244",
            "owner_id": "264595824735",
            "region": "ap-south-1",
            "tags": {
              "Environment": "dev",
              "Managed_by": "Terraform",
              "Name": "learner-dev-vpc",
              "Project": "learner"
            },
            "tags_all": {
              "Environment": "dev",
              "Managed_by": "Terraform",
              "Name": "learner-dev-vpc",
              "Project": "learner"
            }
          },
          "sensitive_attributes": [],
          "identity_schema_version": 0,
          "identity": {
            "account_id": "264595824735",
            "id": "vpc-05672dcf8ff92a945",
            "region": "ap-south-1"
          },
          "private": "eyJzY2hlbWFfdmVyc2lvbiI6IjEifQ=="
        }
      ]
    }
  ],
  "check_results": null
}
